// !$*UTF8*$!
{
	archiveVersion = 1;
	classes = {
	};
	objectVersion = 55;
	objects = {

/* Begin PBXBuildFile section */
		1604B17828D7B3E500931C90 /* App+Injection.swift in Sources */ = {isa = PBXBuildFile; fileRef = 1604B17728D7B3E500931C90 /* App+Injection.swift */; };
		1604B17A28D80EE600931C90 /* RouterView.swift in Sources */ = {isa = PBXBuildFile; fileRef = 1604B17928D80EE600931C90 /* RouterView.swift */; };
		1604B18028D8120300931C90 /* OnboardingView.swift in Sources */ = {isa = PBXBuildFile; fileRef = 1604B17F28D8120300931C90 /* OnboardingView.swift */; };
		1604B18428D8E51B00931C90 /* AuthenticationView.swift in Sources */ = {isa = PBXBuildFile; fileRef = 1604B18328D8E51B00931C90 /* AuthenticationView.swift */; };
		1604B18628D8E68C00931C90 /* SignUpView.swift in Sources */ = {isa = PBXBuildFile; fileRef = 1604B18528D8E68C00931C90 /* SignUpView.swift */; };
		1604B18828D8E69700931C90 /* SignInView.swift in Sources */ = {isa = PBXBuildFile; fileRef = 1604B18728D8E69700931C90 /* SignInView.swift */; };
		1612194928E14F4E0063BC3A /* TaskRepository.swift in Sources */ = {isa = PBXBuildFile; fileRef = 1612194828E14F4E0063BC3A /* TaskRepository.swift */; };
		1612194B28E155020063BC3A /* SchoolTask.swift in Sources */ = {isa = PBXBuildFile; fileRef = 1612194A28E155020063BC3A /* SchoolTask.swift */; };
		1612194D28E157400063BC3A /* TasksView.swift in Sources */ = {isa = PBXBuildFile; fileRef = 1612194C28E157400063BC3A /* TasksView.swift */; };
		1612195328E159760063BC3A /* TaskListViewModel.swift in Sources */ = {isa = PBXBuildFile; fileRef = 1612195228E159760063BC3A /* TaskListViewModel.swift */; };
		1612195528E159870063BC3A /* TaskCellViewModel.swift in Sources */ = {isa = PBXBuildFile; fileRef = 1612195428E159870063BC3A /* TaskCellViewModel.swift */; };
		1612195728E15A7B0063BC3A /* APIService.swift in Sources */ = {isa = PBXBuildFile; fileRef = 1612195628E15A7B0063BC3A /* APIService.swift */; };
		1612195A28E15B8F0063BC3A /* Alamofire in Frameworks */ = {isa = PBXBuildFile; productRef = 1612195928E15B8F0063BC3A /* Alamofire */; };
		1612195C28E15D0D0063BC3A /* Debouncer.swift in Sources */ = {isa = PBXBuildFile; fileRef = 1612195B28E15D0D0063BC3A /* Debouncer.swift */; };
		1612195E28E15D250063BC3A /* Date+Format.swift in Sources */ = {isa = PBXBuildFile; fileRef = 1612195D28E15D250063BC3A /* Date+Format.swift */; };
		1618018C28D90926006B5291 /* Popovers in Frameworks */ = {isa = PBXBuildFile; productRef = 1618018B28D90926006B5291 /* Popovers */; };
		1618018E28D90ADF006B5291 /* AppView.swift in Sources */ = {isa = PBXBuildFile; fileRef = 1618018D28D90ADF006B5291 /* AppView.swift */; };
		1618019428D90B55006B5291 /* TabBarItem.swift in Sources */ = {isa = PBXBuildFile; fileRef = 1618019028D90B55006B5291 /* TabBarItem.swift */; };
		1618019528D90B55006B5291 /* TabBarItemViewModifier.swift in Sources */ = {isa = PBXBuildFile; fileRef = 1618019128D90B55006B5291 /* TabBarItemViewModifier.swift */; };
		1618019628D90B55006B5291 /* TabBarViewBuilder.swift in Sources */ = {isa = PBXBuildFile; fileRef = 1618019228D90B55006B5291 /* TabBarViewBuilder.swift */; };
		1618019728D90B55006B5291 /* TabBarView.swift in Sources */ = {isa = PBXBuildFile; fileRef = 1618019328D90B55006B5291 /* TabBarView.swift */; };
		1618019928D90CF4006B5291 /* Color.swift in Sources */ = {isa = PBXBuildFile; fileRef = 1618019828D90CF4006B5291 /* Color.swift */; };
		1618019C28D9192A006B5291 /* AlertViewPopover.swift in Sources */ = {isa = PBXBuildFile; fileRef = 1618019B28D9192A006B5291 /* AlertViewPopover.swift */; };
		1622390728E249A700AB404F /* SwiftRSA.swift in Sources */ = {isa = PBXBuildFile; fileRef = 1622390628E249A700AB404F /* SwiftRSA.swift */; };
		1622390928E24F3300AB404F /* Response.swift in Sources */ = {isa = PBXBuildFile; fileRef = 1622390828E24F3300AB404F /* Response.swift */; };
		163715FF28C03A0C00DF15D4 /* CustomEnvironment.swift in Sources */ = {isa = PBXBuildFile; fileRef = 163715FE28C03A0C00DF15D4 /* CustomEnvironment.swift */; };
		1637160728C0405C00DF15D4 /* FirebaseAuth in Frameworks */ = {isa = PBXBuildFile; productRef = 1637160628C0405C00DF15D4 /* FirebaseAuth */; };
		1637160928C0405C00DF15D4 /* FirebaseAuthCombine-Community in Frameworks */ = {isa = PBXBuildFile; productRef = 1637160828C0405C00DF15D4 /* FirebaseAuthCombine-Community */; };
		1637160B28C0405C00DF15D4 /* FirebaseFirestore in Frameworks */ = {isa = PBXBuildFile; productRef = 1637160A28C0405C00DF15D4 /* FirebaseFirestore */; };
		1637160D28C0405C00DF15D4 /* FirebaseFirestoreCombine-Community in Frameworks */ = {isa = PBXBuildFile; productRef = 1637160C28C0405C00DF15D4 /* FirebaseFirestoreCombine-Community */; };
		1637160F28C0405C00DF15D4 /* FirebaseFirestoreSwift in Frameworks */ = {isa = PBXBuildFile; productRef = 1637160E28C0405C00DF15D4 /* FirebaseFirestoreSwift */; };
		1637161128C0405C00DF15D4 /* FirebaseFunctions in Frameworks */ = {isa = PBXBuildFile; productRef = 1637161028C0405C00DF15D4 /* FirebaseFunctions */; };
		1637161328C0405C00DF15D4 /* FirebaseFunctionsCombine-Community in Frameworks */ = {isa = PBXBuildFile; productRef = 1637161228C0405C00DF15D4 /* FirebaseFunctionsCombine-Community */; };
		1637161428C0434000DF15D4 /* GoogleService-Info-Prod.plist in Resources */ = {isa = PBXBuildFile; fileRef = 1637160428C03E9B00DF15D4 /* GoogleService-Info-Prod.plist */; };
		1637161F28C0514B00DF15D4 /* Resolver in Frameworks */ = {isa = PBXBuildFile; productRef = 1637161E28C0514B00DF15D4 /* Resolver */; };
		1637164128C057B300DF15D4 /* Menu.swift in Sources */ = {isa = PBXBuildFile; fileRef = 1637164028C057B300DF15D4 /* Menu.swift */; };
		16421DC728F7B0EE00FC4CAD /* Firestore+CollectionRef.swift in Sources */ = {isa = PBXBuildFile; fileRef = 16421DC628F7B0EE00FC4CAD /* Firestore+CollectionRef.swift */; };
		164831B428F9F191001793B7 /* days.json in Resources */ = {isa = PBXBuildFile; fileRef = 164831B328F9F191001793B7 /* days.json */; };
		164A894C28F2660300419637 /* CustomTextEditor.swift in Sources */ = {isa = PBXBuildFile; fileRef = 164A894B28F2660300419637 /* CustomTextEditor.swift */; };
		164A894E28F346F800419637 /* ScheduleRepository.swift in Sources */ = {isa = PBXBuildFile; fileRef = 164A894D28F346F800419637 /* ScheduleRepository.swift */; };
		164A895028F34AC400419637 /* ScheduleViewModel.swift in Sources */ = {isa = PBXBuildFile; fileRef = 164A894F28F34AC400419637 /* ScheduleViewModel.swift */; };
		164A895228F34B3800419637 /* ScheduleView.swift in Sources */ = {isa = PBXBuildFile; fileRef = 164A895128F34B3800419637 /* ScheduleView.swift */; };
		164A895628F3834200419637 /* AnyTransition+Backslide.swift in Sources */ = {isa = PBXBuildFile; fileRef = 164A895528F3834200419637 /* AnyTransition+Backslide.swift */; };
		164A895928F39F4600419637 /* MoreView.swift in Sources */ = {isa = PBXBuildFile; fileRef = 164A895828F39F4600419637 /* MoreView.swift */; };
		164A895D28F3A0A600419637 /* SettingsView.swift in Sources */ = {isa = PBXBuildFile; fileRef = 164A895C28F3A0A600419637 /* SettingsView.swift */; };
		164A895F28F3A0C900419637 /* SettingsViewModel.swift in Sources */ = {isa = PBXBuildFile; fileRef = 164A895E28F3A0C900419637 /* SettingsViewModel.swift */; };
		164A896328F3A41500419637 /* TextWithTitle.swift in Sources */ = {isa = PBXBuildFile; fileRef = 164A896228F3A41500419637 /* TextWithTitle.swift */; };
		164A896528F3B57700419637 /* AboutView.swift in Sources */ = {isa = PBXBuildFile; fileRef = 164A896428F3B57700419637 /* AboutView.swift */; };
		164A896728F3CEB100419637 /* View+Placeholder.swift in Sources */ = {isa = PBXBuildFile; fileRef = 164A896628F3CEB100419637 /* View+Placeholder.swift */; };
		165CA07028F1ED2D007547FB /* Glass.swift in Sources */ = {isa = PBXBuildFile; fileRef = 165CA06F28F1ED2D007547FB /* Glass.swift */; };
		165CA07228F1ED37007547FB /* GlassCard.swift in Sources */ = {isa = PBXBuildFile; fileRef = 165CA07128F1ED37007547FB /* GlassCard.swift */; };
		165CA07428F1ED47007547FB /* FullGlassCard.swift in Sources */ = {isa = PBXBuildFile; fileRef = 165CA07328F1ED47007547FB /* FullGlassCard.swift */; };
		165CA07628F1ED55007547FB /* HeavyGlass.swift in Sources */ = {isa = PBXBuildFile; fileRef = 165CA07528F1ED55007547FB /* HeavyGlass.swift */; };
		165CA07828F1ED62007547FB /* TaintedGlass.swift in Sources */ = {isa = PBXBuildFile; fileRef = 165CA07728F1ED62007547FB /* TaintedGlass.swift */; };
		165CA07B28F1EE03007547FB /* HeaderLabel.swift in Sources */ = {isa = PBXBuildFile; fileRef = 165CA07A28F1EE03007547FB /* HeaderLabel.swift */; };
		165CA07D28F1EE31007547FB /* LinkLabel.swift in Sources */ = {isa = PBXBuildFile; fileRef = 165CA07C28F1EE31007547FB /* LinkLabel.swift */; };
		165CA07F28F1EE6A007547FB /* ParagraphLabel.swift in Sources */ = {isa = PBXBuildFile; fileRef = 165CA07E28F1EE6A007547FB /* ParagraphLabel.swift */; };
		165CA08128F1EE8D007547FB /* SubtitleLabel.swift in Sources */ = {isa = PBXBuildFile; fileRef = 165CA08028F1EE8D007547FB /* SubtitleLabel.swift */; };
		165CA08328F1EEA0007547FB /* TitleLabel.swift in Sources */ = {isa = PBXBuildFile; fileRef = 165CA08228F1EEA0007547FB /* TitleLabel.swift */; };
		165CA08528F1EEB2007547FB /* DestructiveButtonLabel.swift in Sources */ = {isa = PBXBuildFile; fileRef = 165CA08428F1EEB2007547FB /* DestructiveButtonLabel.swift */; };
		165CA08728F1EED2007547FB /* NavigationLinkLabel.swift in Sources */ = {isa = PBXBuildFile; fileRef = 165CA08628F1EED2007547FB /* NavigationLinkLabel.swift */; };
		165CA08928F1F2FA007547FB /* ColorfulBackgroundView.swift in Sources */ = {isa = PBXBuildFile; fileRef = 165CA08828F1F2FA007547FB /* ColorfulBackgroundView.swift */; };
		165CA08B28F1F350007547FB /* MoreInfoCard.swift in Sources */ = {isa = PBXBuildFile; fileRef = 165CA08A28F1F350007547FB /* MoreInfoCard.swift */; };
		165CA08F28F1F4C7007547FB /* DayScheduleTile.swift in Sources */ = {isa = PBXBuildFile; fileRef = 165CA08E28F1F4C7007547FB /* DayScheduleTile.swift */; };
		165CA09128F1F5B7007547FB /* PeriodTitleAndHeader.swift in Sources */ = {isa = PBXBuildFile; fileRef = 165CA09028F1F5B7007547FB /* PeriodTitleAndHeader.swift */; };
		165CA09C28F1FF54007547FB /* NavButtonView.swift in Sources */ = {isa = PBXBuildFile; fileRef = 165CA09B28F1FF54007547FB /* NavButtonView.swift */; };
		165CA09E28F205A6007547FB /* CustomTextField.swift in Sources */ = {isa = PBXBuildFile; fileRef = 165CA09D28F205A6007547FB /* CustomTextField.swift */; };
		166C1CEA28E91F3000F265FA /* MenusRepository.swift in Sources */ = {isa = PBXBuildFile; fileRef = 166C1CE928E91F3000F265FA /* MenusRepository.swift */; };
		166C1CEC28E9208200F265FA /* MenusView.swift in Sources */ = {isa = PBXBuildFile; fileRef = 166C1CEB28E9208200F265FA /* MenusView.swift */; };
		166C1CEE28E9209200F265FA /* MenusListViewModel.swift in Sources */ = {isa = PBXBuildFile; fileRef = 166C1CED28E9209200F265FA /* MenusListViewModel.swift */; };
		166C1CF428E9224200F265FA /* FoodView.swift in Sources */ = {isa = PBXBuildFile; fileRef = 166C1CF328E9224200F265FA /* FoodView.swift */; };
		166C1CF628E923BA00F265FA /* EventsRepository.swift in Sources */ = {isa = PBXBuildFile; fileRef = 166C1CF528E923BA00F265FA /* EventsRepository.swift */; };
		166C1CF828E924F800F265FA /* Event.swift in Sources */ = {isa = PBXBuildFile; fileRef = 166C1CF728E924F800F265FA /* Event.swift */; };
		166C1CFA28E925B100F265FA /* SportsRepository.swift in Sources */ = {isa = PBXBuildFile; fileRef = 166C1CF928E925B100F265FA /* SportsRepository.swift */; };
		166C1CFC28E9263700F265FA /* EventsListViewModel.swift in Sources */ = {isa = PBXBuildFile; fileRef = 166C1CFB28E9263700F265FA /* EventsListViewModel.swift */; };
		166C1CFE28E926C700F265FA /* EventsView.swift in Sources */ = {isa = PBXBuildFile; fileRef = 166C1CFD28E926C700F265FA /* EventsView.swift */; };
		166C1D0028E926DE00F265FA /* EventCellView.swift in Sources */ = {isa = PBXBuildFile; fileRef = 166C1CFF28E926DE00F265FA /* EventCellView.swift */; };
		166C1D0428E9286400F265FA /* SportsListViewModel.swift in Sources */ = {isa = PBXBuildFile; fileRef = 166C1D0328E9286400F265FA /* SportsListViewModel.swift */; };
		166C1D0628E9288300F265FA /* SportsView.swift in Sources */ = {isa = PBXBuildFile; fileRef = 166C1D0528E9288300F265FA /* SportsView.swift */; };
		166C1D0828E9289B00F265FA /* SportsEventCellView.swift in Sources */ = {isa = PBXBuildFile; fileRef = 166C1D0728E9289B00F265FA /* SportsEventCellView.swift */; };
		166C1D0C28E94A5700F265FA /* Date+Distance.swift in Sources */ = {isa = PBXBuildFile; fileRef = 166C1D0B28E94A5700F265FA /* Date+Distance.swift */; };
		166C1D0E28EA06AC00F265FA /* View+If.swift in Sources */ = {isa = PBXBuildFile; fileRef = 166C1D0D28EA06AC00F265FA /* View+If.swift */; };
		166C1D1328EA249200F265FA /* Collections in Frameworks */ = {isa = PBXBuildFile; productRef = 166C1D1228EA249200F265FA /* Collections */; };
		166C1D1528EA249200F265FA /* OrderedCollections in Frameworks */ = {isa = PBXBuildFile; productRef = 166C1D1428EA249200F265FA /* OrderedCollections */; };
		166C1D1728EA322D00F265FA /* AddTaskView.swift in Sources */ = {isa = PBXBuildFile; fileRef = 166C1D1628EA322D00F265FA /* AddTaskView.swift */; };
		166C1D1B28EA7B2300F265FA /* TaskDetailView.swift in Sources */ = {isa = PBXBuildFile; fileRef = 166C1D1A28EA7B2300F265FA /* TaskDetailView.swift */; };
		1674C2CF28C00FC400D92969 /* SchoolVerseApp.swift in Sources */ = {isa = PBXBuildFile; fileRef = 1674C2CE28C00FC400D92969 /* SchoolVerseApp.swift */; };
		1674C2D328C00FC500D92969 /* Assets.xcassets in Resources */ = {isa = PBXBuildFile; fileRef = 1674C2D228C00FC500D92969 /* Assets.xcassets */; };
		1674C2D628C00FC500D92969 /* Preview Assets.xcassets in Resources */ = {isa = PBXBuildFile; fileRef = 1674C2D528C00FC500D92969 /* Preview Assets.xcassets */; };
		1674C2E028C00FC500D92969 /* SchoolVerseTests.swift in Sources */ = {isa = PBXBuildFile; fileRef = 1674C2DF28C00FC500D92969 /* SchoolVerseTests.swift */; };
		1674C2EA28C00FC500D92969 /* SchoolVerseUITests.swift in Sources */ = {isa = PBXBuildFile; fileRef = 1674C2E928C00FC500D92969 /* SchoolVerseUITests.swift */; };
		1674C2EC28C00FC500D92969 /* SchoolVerseUITestsLaunchTests.swift in Sources */ = {isa = PBXBuildFile; fileRef = 1674C2EB28C00FC500D92969 /* SchoolVerseUITestsLaunchTests.swift */; };
		16791C5328E2284A00FD03EF /* String+Base64.swift in Sources */ = {isa = PBXBuildFile; fileRef = 16791C5228E2284A00FD03EF /* String+Base64.swift */; };
		1688F95428C167AA0077B8F6 /* AuthenticationManager.swift in Sources */ = {isa = PBXBuildFile; fileRef = 1688F95328C167AA0077B8F6 /* AuthenticationManager.swift */; };
		1688F95828C2A9140077B8F6 /* UserModel.swift in Sources */ = {isa = PBXBuildFile; fileRef = 1688F95728C2A9140077B8F6 /* UserModel.swift */; };
		1688F95A28C2AA1C0077B8F6 /* Schedule.swift in Sources */ = {isa = PBXBuildFile; fileRef = 1688F95928C2AA1C0077B8F6 /* Schedule.swift */; };
		1688F95C28C2AAAE0077B8F6 /* Day.swift in Sources */ = {isa = PBXBuildFile; fileRef = 1688F95B28C2AAAE0077B8F6 /* Day.swift */; };
		1688F95E28C2AB2A0077B8F6 /* Credentials.swift in Sources */ = {isa = PBXBuildFile; fileRef = 1688F95D28C2AB2A0077B8F6 /* Credentials.swift */; };
		1688F96028C2ACBB0077B8F6 /* Course.swift in Sources */ = {isa = PBXBuildFile; fileRef = 1688F95F28C2ACBB0077B8F6 /* Course.swift */; };
		1698FD4328F65FB00057A453 /* UpgradeView.swift in Sources */ = {isa = PBXBuildFile; fileRef = 1698FD4228F65FB00057A453 /* UpgradeView.swift */; };
		16A3AB4528F4C08E006799C9 /* GoogleService-Info-Dev.plist in Resources */ = {isa = PBXBuildFile; fileRef = 16A3AB4428F4C08E006799C9 /* GoogleService-Info-Dev.plist */; };
		16A3AB4728F4C255006799C9 /* MealView.swift in Sources */ = {isa = PBXBuildFile; fileRef = 16A3AB4628F4C255006799C9 /* MealView.swift */; };
		16A3AB4928F4CD08006799C9 /* ComingSoonView.swift in Sources */ = {isa = PBXBuildFile; fileRef = 16A3AB4828F4CD08006799C9 /* ComingSoonView.swift */; };
		16BE778B28F24D9C000248A9 /* LoadingView.swift in Sources */ = {isa = PBXBuildFile; fileRef = 16BE778A28F24D9C000248A9 /* LoadingView.swift */; };
		16BE778D28F258AD000248A9 /* FrostedGlass.swift in Sources */ = {isa = PBXBuildFile; fileRef = 16BE778C28F258AD000248A9 /* FrostedGlass.swift */; };
		16CE393128E25F3C00D1F5D4 /* SignUpViewModel.swift in Sources */ = {isa = PBXBuildFile; fileRef = 16CE393028E25F3C00D1F5D4 /* SignUpViewModel.swift */; };
		16CE393328E283B200D1F5D4 /* SignInViewModel.swift in Sources */ = {isa = PBXBuildFile; fileRef = 16CE393228E283B200D1F5D4 /* SignInViewModel.swift */; };
		16CE393828E283DA00D1F5D4 /* LinkingViewModel.swift in Sources */ = {isa = PBXBuildFile; fileRef = 16CE393728E283DA00D1F5D4 /* LinkingViewModel.swift */; };
		16CE393A28E283E300D1F5D4 /* LinkingView.swift in Sources */ = {isa = PBXBuildFile; fileRef = 16CE393928E283E300D1F5D4 /* LinkingView.swift */; };
		16CE393C28E2991A00D1F5D4 /* TaskTileView.swift in Sources */ = {isa = PBXBuildFile; fileRef = 16CE393B28E2991A00D1F5D4 /* TaskTileView.swift */; };
		16FF894328D91BE70003B01E /* FormValidationPopover.swift in Sources */ = {isa = PBXBuildFile; fileRef = 16FF894228D91BE70003B01E /* FormValidationPopover.swift */; };
		AF1982E32946597600385FA7 /* BorderedTaintedGlass.swift in Sources */ = {isa = PBXBuildFile; fileRef = AF1982E22946597600385FA7 /* BorderedTaintedGlass.swift */; };
		AF4B42A92937C47A00639B9B /* String.swift in Sources */ = {isa = PBXBuildFile; fileRef = AF4B42A82937C47A00639B9B /* String.swift */; };
		AF4B42AB2937EAAD00639B9B /* JoinedSportsView.swift in Sources */ = {isa = PBXBuildFile; fileRef = AF4B42AA2937EAAD00639B9B /* JoinedSportsView.swift */; };
		AF5FD25E293A873D00B12401 /* SubscribedSportsTile.swift in Sources */ = {isa = PBXBuildFile; fileRef = AF5FD25D293A873D00B12401 /* SubscribedSportsTile.swift */; };
		AF5FD260293A918400B12401 /* AllSportsView.swift in Sources */ = {isa = PBXBuildFile; fileRef = AF5FD25F293A918400B12401 /* AllSportsView.swift */; };
		AF5FD262293A922900B12401 /* MySportsView.swift in Sources */ = {isa = PBXBuildFile; fileRef = AF5FD261293A922900B12401 /* MySportsView.swift */; };
		AF617537292F42EE00633CE3 /* LargeButtonLabel.swift in Sources */ = {isa = PBXBuildFile; fileRef = AF617536292F42EE00633CE3 /* LargeButtonLabel.swift */; };
		AF6175392930049E00633CE3 /* TasksByClassView.swift in Sources */ = {isa = PBXBuildFile; fileRef = AF6175382930049E00633CE3 /* TasksByClassView.swift */; };
		AF61753B2930053400633CE3 /* TasksByUrgencyView.swift in Sources */ = {isa = PBXBuildFile; fileRef = AF61753A2930053400633CE3 /* TasksByUrgencyView.swift */; };
		AF61753D2930076700633CE3 /* TasksByDateView.swift in Sources */ = {isa = PBXBuildFile; fileRef = AF61753C2930076700633CE3 /* TasksByDateView.swift */; };
		AF61753F293062F000633CE3 /* GraphicalDatePicker.swift in Sources */ = {isa = PBXBuildFile; fileRef = AF61753E293062F000633CE3 /* GraphicalDatePicker.swift */; };
/* End PBXBuildFile section */

/* Begin PBXContainerItemProxy section */
		1674C2DC28C00FC500D92969 /* PBXContainerItemProxy */ = {
			isa = PBXContainerItemProxy;
			containerPortal = 1674C2C328C00FC400D92969 /* Project object */;
			proxyType = 1;
			remoteGlobalIDString = 1674C2CA28C00FC400D92969;
			remoteInfo = SchoolVerse;
		};
		1674C2E628C00FC500D92969 /* PBXContainerItemProxy */ = {
			isa = PBXContainerItemProxy;
			containerPortal = 1674C2C328C00FC400D92969 /* Project object */;
			proxyType = 1;
			remoteGlobalIDString = 1674C2CA28C00FC400D92969;
			remoteInfo = SchoolVerse;
		};
/* End PBXContainerItemProxy section */

/* Begin PBXFileReference section */
		1604B17728D7B3E500931C90 /* App+Injection.swift */ = {isa = PBXFileReference; lastKnownFileType = sourcecode.swift; path = "App+Injection.swift"; sourceTree = "<group>"; };
		1604B17928D80EE600931C90 /* RouterView.swift */ = {isa = PBXFileReference; lastKnownFileType = sourcecode.swift; path = RouterView.swift; sourceTree = "<group>"; };
		1604B17F28D8120300931C90 /* OnboardingView.swift */ = {isa = PBXFileReference; lastKnownFileType = sourcecode.swift; path = OnboardingView.swift; sourceTree = "<group>"; };
		1604B18328D8E51B00931C90 /* AuthenticationView.swift */ = {isa = PBXFileReference; lastKnownFileType = sourcecode.swift; path = AuthenticationView.swift; sourceTree = "<group>"; };
		1604B18528D8E68C00931C90 /* SignUpView.swift */ = {isa = PBXFileReference; lastKnownFileType = sourcecode.swift; path = SignUpView.swift; sourceTree = "<group>"; };
		1604B18728D8E69700931C90 /* SignInView.swift */ = {isa = PBXFileReference; lastKnownFileType = sourcecode.swift; path = SignInView.swift; sourceTree = "<group>"; };
		1612194828E14F4E0063BC3A /* TaskRepository.swift */ = {isa = PBXFileReference; lastKnownFileType = sourcecode.swift; path = TaskRepository.swift; sourceTree = "<group>"; };
		1612194A28E155020063BC3A /* SchoolTask.swift */ = {isa = PBXFileReference; lastKnownFileType = sourcecode.swift; path = SchoolTask.swift; sourceTree = "<group>"; };
		1612194C28E157400063BC3A /* TasksView.swift */ = {isa = PBXFileReference; lastKnownFileType = sourcecode.swift; path = TasksView.swift; sourceTree = "<group>"; };
		1612195228E159760063BC3A /* TaskListViewModel.swift */ = {isa = PBXFileReference; lastKnownFileType = sourcecode.swift; path = TaskListViewModel.swift; sourceTree = "<group>"; };
		1612195428E159870063BC3A /* TaskCellViewModel.swift */ = {isa = PBXFileReference; lastKnownFileType = sourcecode.swift; path = TaskCellViewModel.swift; sourceTree = "<group>"; };
		1612195628E15A7B0063BC3A /* APIService.swift */ = {isa = PBXFileReference; lastKnownFileType = sourcecode.swift; path = APIService.swift; sourceTree = "<group>"; };
		1612195B28E15D0D0063BC3A /* Debouncer.swift */ = {isa = PBXFileReference; lastKnownFileType = sourcecode.swift; path = Debouncer.swift; sourceTree = "<group>"; };
		1612195D28E15D250063BC3A /* Date+Format.swift */ = {isa = PBXFileReference; lastKnownFileType = sourcecode.swift; path = "Date+Format.swift"; sourceTree = "<group>"; };
		1618018D28D90ADF006B5291 /* AppView.swift */ = {isa = PBXFileReference; lastKnownFileType = sourcecode.swift; path = AppView.swift; sourceTree = "<group>"; };
		1618019028D90B55006B5291 /* TabBarItem.swift */ = {isa = PBXFileReference; fileEncoding = 4; lastKnownFileType = sourcecode.swift; path = TabBarItem.swift; sourceTree = "<group>"; };
		1618019128D90B55006B5291 /* TabBarItemViewModifier.swift */ = {isa = PBXFileReference; fileEncoding = 4; lastKnownFileType = sourcecode.swift; path = TabBarItemViewModifier.swift; sourceTree = "<group>"; };
		1618019228D90B55006B5291 /* TabBarViewBuilder.swift */ = {isa = PBXFileReference; fileEncoding = 4; lastKnownFileType = sourcecode.swift; path = TabBarViewBuilder.swift; sourceTree = "<group>"; };
		1618019328D90B55006B5291 /* TabBarView.swift */ = {isa = PBXFileReference; fileEncoding = 4; lastKnownFileType = sourcecode.swift; path = TabBarView.swift; sourceTree = "<group>"; };
		1618019828D90CF4006B5291 /* Color.swift */ = {isa = PBXFileReference; lastKnownFileType = sourcecode.swift; path = Color.swift; sourceTree = "<group>"; };
		1618019B28D9192A006B5291 /* AlertViewPopover.swift */ = {isa = PBXFileReference; lastKnownFileType = sourcecode.swift; path = AlertViewPopover.swift; sourceTree = "<group>"; };
		1622390628E249A700AB404F /* SwiftRSA.swift */ = {isa = PBXFileReference; lastKnownFileType = sourcecode.swift; path = SwiftRSA.swift; sourceTree = "<group>"; };
		1622390828E24F3300AB404F /* Response.swift */ = {isa = PBXFileReference; lastKnownFileType = sourcecode.swift; path = Response.swift; sourceTree = "<group>"; };
		163715FA28C0330700DF15D4 /* Info.plist */ = {isa = PBXFileReference; lastKnownFileType = text.plist.xml; path = Info.plist; sourceTree = "<group>"; };
		163715FC28C0355300DF15D4 /* Development.xcconfig */ = {isa = PBXFileReference; lastKnownFileType = text.xcconfig; path = Development.xcconfig; sourceTree = "<group>"; };
		163715FD28C0355D00DF15D4 /* Production.xcconfig */ = {isa = PBXFileReference; lastKnownFileType = text.xcconfig; path = Production.xcconfig; sourceTree = "<group>"; };
		163715FE28C03A0C00DF15D4 /* CustomEnvironment.swift */ = {isa = PBXFileReference; lastKnownFileType = sourcecode.swift; path = CustomEnvironment.swift; sourceTree = "<group>"; };
		1637160428C03E9B00DF15D4 /* GoogleService-Info-Prod.plist */ = {isa = PBXFileReference; lastKnownFileType = text.plist.xml; path = "GoogleService-Info-Prod.plist"; sourceTree = "<group>"; };
		1637164028C057B300DF15D4 /* Menu.swift */ = {isa = PBXFileReference; lastKnownFileType = sourcecode.swift; path = Menu.swift; sourceTree = "<group>"; };
		16421DC628F7B0EE00FC4CAD /* Firestore+CollectionRef.swift */ = {isa = PBXFileReference; lastKnownFileType = sourcecode.swift; path = "Firestore+CollectionRef.swift"; sourceTree = "<group>"; };
		164831B328F9F191001793B7 /* days.json */ = {isa = PBXFileReference; fileEncoding = 4; lastKnownFileType = text.json; path = days.json; sourceTree = "<group>"; };
		164A894B28F2660300419637 /* CustomTextEditor.swift */ = {isa = PBXFileReference; lastKnownFileType = sourcecode.swift; path = CustomTextEditor.swift; sourceTree = "<group>"; };
		164A894D28F346F800419637 /* ScheduleRepository.swift */ = {isa = PBXFileReference; lastKnownFileType = sourcecode.swift; path = ScheduleRepository.swift; sourceTree = "<group>"; };
		164A894F28F34AC400419637 /* ScheduleViewModel.swift */ = {isa = PBXFileReference; lastKnownFileType = sourcecode.swift; path = ScheduleViewModel.swift; sourceTree = "<group>"; };
		164A895128F34B3800419637 /* ScheduleView.swift */ = {isa = PBXFileReference; lastKnownFileType = sourcecode.swift; path = ScheduleView.swift; sourceTree = "<group>"; };
		164A895528F3834200419637 /* AnyTransition+Backslide.swift */ = {isa = PBXFileReference; lastKnownFileType = sourcecode.swift; path = "AnyTransition+Backslide.swift"; sourceTree = "<group>"; };
		164A895828F39F4600419637 /* MoreView.swift */ = {isa = PBXFileReference; lastKnownFileType = sourcecode.swift; path = MoreView.swift; sourceTree = "<group>"; };
		164A895C28F3A0A600419637 /* SettingsView.swift */ = {isa = PBXFileReference; lastKnownFileType = sourcecode.swift; path = SettingsView.swift; sourceTree = "<group>"; };
		164A895E28F3A0C900419637 /* SettingsViewModel.swift */ = {isa = PBXFileReference; lastKnownFileType = sourcecode.swift; path = SettingsViewModel.swift; sourceTree = "<group>"; };
		164A896228F3A41500419637 /* TextWithTitle.swift */ = {isa = PBXFileReference; lastKnownFileType = sourcecode.swift; path = TextWithTitle.swift; sourceTree = "<group>"; };
		164A896428F3B57700419637 /* AboutView.swift */ = {isa = PBXFileReference; lastKnownFileType = sourcecode.swift; path = AboutView.swift; sourceTree = "<group>"; };
		164A896628F3CEB100419637 /* View+Placeholder.swift */ = {isa = PBXFileReference; lastKnownFileType = sourcecode.swift; path = "View+Placeholder.swift"; sourceTree = "<group>"; };
		165CA06F28F1ED2D007547FB /* Glass.swift */ = {isa = PBXFileReference; lastKnownFileType = sourcecode.swift; path = Glass.swift; sourceTree = "<group>"; };
		165CA07128F1ED37007547FB /* GlassCard.swift */ = {isa = PBXFileReference; lastKnownFileType = sourcecode.swift; path = GlassCard.swift; sourceTree = "<group>"; };
		165CA07328F1ED47007547FB /* FullGlassCard.swift */ = {isa = PBXFileReference; lastKnownFileType = sourcecode.swift; path = FullGlassCard.swift; sourceTree = "<group>"; };
		165CA07528F1ED55007547FB /* HeavyGlass.swift */ = {isa = PBXFileReference; lastKnownFileType = sourcecode.swift; path = HeavyGlass.swift; sourceTree = "<group>"; };
		165CA07728F1ED62007547FB /* TaintedGlass.swift */ = {isa = PBXFileReference; lastKnownFileType = sourcecode.swift; path = TaintedGlass.swift; sourceTree = "<group>"; };
		165CA07A28F1EE03007547FB /* HeaderLabel.swift */ = {isa = PBXFileReference; lastKnownFileType = sourcecode.swift; path = HeaderLabel.swift; sourceTree = "<group>"; };
		165CA07C28F1EE31007547FB /* LinkLabel.swift */ = {isa = PBXFileReference; lastKnownFileType = sourcecode.swift; path = LinkLabel.swift; sourceTree = "<group>"; };
		165CA07E28F1EE6A007547FB /* ParagraphLabel.swift */ = {isa = PBXFileReference; lastKnownFileType = sourcecode.swift; path = ParagraphLabel.swift; sourceTree = "<group>"; };
		165CA08028F1EE8D007547FB /* SubtitleLabel.swift */ = {isa = PBXFileReference; lastKnownFileType = sourcecode.swift; path = SubtitleLabel.swift; sourceTree = "<group>"; };
		165CA08228F1EEA0007547FB /* TitleLabel.swift */ = {isa = PBXFileReference; lastKnownFileType = sourcecode.swift; path = TitleLabel.swift; sourceTree = "<group>"; };
		165CA08428F1EEB2007547FB /* DestructiveButtonLabel.swift */ = {isa = PBXFileReference; lastKnownFileType = sourcecode.swift; path = DestructiveButtonLabel.swift; sourceTree = "<group>"; };
		165CA08628F1EED2007547FB /* NavigationLinkLabel.swift */ = {isa = PBXFileReference; lastKnownFileType = sourcecode.swift; path = NavigationLinkLabel.swift; sourceTree = "<group>"; };
		165CA08828F1F2FA007547FB /* ColorfulBackgroundView.swift */ = {isa = PBXFileReference; lastKnownFileType = sourcecode.swift; path = ColorfulBackgroundView.swift; sourceTree = "<group>"; };
		165CA08A28F1F350007547FB /* MoreInfoCard.swift */ = {isa = PBXFileReference; lastKnownFileType = sourcecode.swift; path = MoreInfoCard.swift; sourceTree = "<group>"; };
		165CA08E28F1F4C7007547FB /* DayScheduleTile.swift */ = {isa = PBXFileReference; lastKnownFileType = sourcecode.swift; path = DayScheduleTile.swift; sourceTree = "<group>"; };
		165CA09028F1F5B7007547FB /* PeriodTitleAndHeader.swift */ = {isa = PBXFileReference; lastKnownFileType = sourcecode.swift; path = PeriodTitleAndHeader.swift; sourceTree = "<group>"; };
		165CA09B28F1FF54007547FB /* NavButtonView.swift */ = {isa = PBXFileReference; lastKnownFileType = sourcecode.swift; path = NavButtonView.swift; sourceTree = "<group>"; };
		165CA09D28F205A6007547FB /* CustomTextField.swift */ = {isa = PBXFileReference; lastKnownFileType = sourcecode.swift; path = CustomTextField.swift; sourceTree = "<group>"; };
		166C1CE928E91F3000F265FA /* MenusRepository.swift */ = {isa = PBXFileReference; lastKnownFileType = sourcecode.swift; path = MenusRepository.swift; sourceTree = "<group>"; };
		166C1CEB28E9208200F265FA /* MenusView.swift */ = {isa = PBXFileReference; lastKnownFileType = sourcecode.swift; path = MenusView.swift; sourceTree = "<group>"; };
		166C1CED28E9209200F265FA /* MenusListViewModel.swift */ = {isa = PBXFileReference; lastKnownFileType = sourcecode.swift; path = MenusListViewModel.swift; sourceTree = "<group>"; };
		166C1CF328E9224200F265FA /* FoodView.swift */ = {isa = PBXFileReference; lastKnownFileType = sourcecode.swift; path = FoodView.swift; sourceTree = "<group>"; };
		166C1CF528E923BA00F265FA /* EventsRepository.swift */ = {isa = PBXFileReference; lastKnownFileType = sourcecode.swift; path = EventsRepository.swift; sourceTree = "<group>"; };
		166C1CF728E924F800F265FA /* Event.swift */ = {isa = PBXFileReference; lastKnownFileType = sourcecode.swift; path = Event.swift; sourceTree = "<group>"; };
		166C1CF928E925B100F265FA /* SportsRepository.swift */ = {isa = PBXFileReference; lastKnownFileType = sourcecode.swift; path = SportsRepository.swift; sourceTree = "<group>"; };
		166C1CFB28E9263700F265FA /* EventsListViewModel.swift */ = {isa = PBXFileReference; lastKnownFileType = sourcecode.swift; path = EventsListViewModel.swift; sourceTree = "<group>"; };
		166C1CFD28E926C700F265FA /* EventsView.swift */ = {isa = PBXFileReference; lastKnownFileType = sourcecode.swift; path = EventsView.swift; sourceTree = "<group>"; };
		166C1CFF28E926DE00F265FA /* EventCellView.swift */ = {isa = PBXFileReference; lastKnownFileType = sourcecode.swift; path = EventCellView.swift; sourceTree = "<group>"; };
		166C1D0328E9286400F265FA /* SportsListViewModel.swift */ = {isa = PBXFileReference; lastKnownFileType = sourcecode.swift; path = SportsListViewModel.swift; sourceTree = "<group>"; };
		166C1D0528E9288300F265FA /* SportsView.swift */ = {isa = PBXFileReference; lastKnownFileType = sourcecode.swift; path = SportsView.swift; sourceTree = "<group>"; };
		166C1D0728E9289B00F265FA /* SportsEventCellView.swift */ = {isa = PBXFileReference; lastKnownFileType = sourcecode.swift; path = SportsEventCellView.swift; sourceTree = "<group>"; };
		166C1D0B28E94A5700F265FA /* Date+Distance.swift */ = {isa = PBXFileReference; lastKnownFileType = sourcecode.swift; path = "Date+Distance.swift"; sourceTree = "<group>"; };
		166C1D0D28EA06AC00F265FA /* View+If.swift */ = {isa = PBXFileReference; lastKnownFileType = sourcecode.swift; path = "View+If.swift"; sourceTree = "<group>"; };
		166C1D1628EA322D00F265FA /* AddTaskView.swift */ = {isa = PBXFileReference; lastKnownFileType = sourcecode.swift; path = AddTaskView.swift; sourceTree = "<group>"; };
		166C1D1A28EA7B2300F265FA /* TaskDetailView.swift */ = {isa = PBXFileReference; lastKnownFileType = sourcecode.swift; path = TaskDetailView.swift; sourceTree = "<group>"; };
		1674C2CB28C00FC400D92969 /* SchoolVerse.app */ = {isa = PBXFileReference; explicitFileType = wrapper.application; includeInIndex = 0; path = SchoolVerse.app; sourceTree = BUILT_PRODUCTS_DIR; };
		1674C2CE28C00FC400D92969 /* SchoolVerseApp.swift */ = {isa = PBXFileReference; lastKnownFileType = sourcecode.swift; path = SchoolVerseApp.swift; sourceTree = "<group>"; };
		1674C2D228C00FC500D92969 /* Assets.xcassets */ = {isa = PBXFileReference; lastKnownFileType = folder.assetcatalog; path = Assets.xcassets; sourceTree = "<group>"; };
		1674C2D528C00FC500D92969 /* Preview Assets.xcassets */ = {isa = PBXFileReference; lastKnownFileType = folder.assetcatalog; path = "Preview Assets.xcassets"; sourceTree = "<group>"; };
		1674C2DB28C00FC500D92969 /* SchoolVerseTests.xctest */ = {isa = PBXFileReference; explicitFileType = wrapper.cfbundle; includeInIndex = 0; path = SchoolVerseTests.xctest; sourceTree = BUILT_PRODUCTS_DIR; };
		1674C2DF28C00FC500D92969 /* SchoolVerseTests.swift */ = {isa = PBXFileReference; lastKnownFileType = sourcecode.swift; path = SchoolVerseTests.swift; sourceTree = "<group>"; };
		1674C2E528C00FC500D92969 /* SchoolVerseUITests.xctest */ = {isa = PBXFileReference; explicitFileType = wrapper.cfbundle; includeInIndex = 0; path = SchoolVerseUITests.xctest; sourceTree = BUILT_PRODUCTS_DIR; };
		1674C2E928C00FC500D92969 /* SchoolVerseUITests.swift */ = {isa = PBXFileReference; lastKnownFileType = sourcecode.swift; path = SchoolVerseUITests.swift; sourceTree = "<group>"; };
		1674C2EB28C00FC500D92969 /* SchoolVerseUITestsLaunchTests.swift */ = {isa = PBXFileReference; lastKnownFileType = sourcecode.swift; path = SchoolVerseUITestsLaunchTests.swift; sourceTree = "<group>"; };
		16791C5228E2284A00FD03EF /* String+Base64.swift */ = {isa = PBXFileReference; lastKnownFileType = sourcecode.swift; path = "String+Base64.swift"; sourceTree = "<group>"; };
		1688F95328C167AA0077B8F6 /* AuthenticationManager.swift */ = {isa = PBXFileReference; lastKnownFileType = sourcecode.swift; path = AuthenticationManager.swift; sourceTree = "<group>"; };
		1688F95728C2A9140077B8F6 /* UserModel.swift */ = {isa = PBXFileReference; lastKnownFileType = sourcecode.swift; path = UserModel.swift; sourceTree = "<group>"; };
		1688F95928C2AA1C0077B8F6 /* Schedule.swift */ = {isa = PBXFileReference; lastKnownFileType = sourcecode.swift; path = Schedule.swift; sourceTree = "<group>"; };
		1688F95B28C2AAAE0077B8F6 /* Day.swift */ = {isa = PBXFileReference; lastKnownFileType = sourcecode.swift; path = Day.swift; sourceTree = "<group>"; };
		1688F95D28C2AB2A0077B8F6 /* Credentials.swift */ = {isa = PBXFileReference; lastKnownFileType = sourcecode.swift; path = Credentials.swift; sourceTree = "<group>"; };
		1688F95F28C2ACBB0077B8F6 /* Course.swift */ = {isa = PBXFileReference; lastKnownFileType = sourcecode.swift; path = Course.swift; sourceTree = "<group>"; };
		1698FD4228F65FB00057A453 /* UpgradeView.swift */ = {isa = PBXFileReference; lastKnownFileType = sourcecode.swift; path = UpgradeView.swift; sourceTree = "<group>"; };
		16A3AB4428F4C08E006799C9 /* GoogleService-Info-Dev.plist */ = {isa = PBXFileReference; fileEncoding = 4; lastKnownFileType = text.plist.xml; path = "GoogleService-Info-Dev.plist"; sourceTree = "<group>"; };
		16A3AB4628F4C255006799C9 /* MealView.swift */ = {isa = PBXFileReference; lastKnownFileType = sourcecode.swift; path = MealView.swift; sourceTree = "<group>"; };
		16A3AB4828F4CD08006799C9 /* ComingSoonView.swift */ = {isa = PBXFileReference; lastKnownFileType = sourcecode.swift; path = ComingSoonView.swift; sourceTree = "<group>"; };
		16BE778A28F24D9C000248A9 /* LoadingView.swift */ = {isa = PBXFileReference; lastKnownFileType = sourcecode.swift; path = LoadingView.swift; sourceTree = "<group>"; };
		16BE778C28F258AD000248A9 /* FrostedGlass.swift */ = {isa = PBXFileReference; lastKnownFileType = sourcecode.swift; path = FrostedGlass.swift; sourceTree = "<group>"; };
		16CE393028E25F3C00D1F5D4 /* SignUpViewModel.swift */ = {isa = PBXFileReference; lastKnownFileType = sourcecode.swift; path = SignUpViewModel.swift; sourceTree = "<group>"; };
		16CE393228E283B200D1F5D4 /* SignInViewModel.swift */ = {isa = PBXFileReference; lastKnownFileType = sourcecode.swift; path = SignInViewModel.swift; sourceTree = "<group>"; };
		16CE393728E283DA00D1F5D4 /* LinkingViewModel.swift */ = {isa = PBXFileReference; lastKnownFileType = sourcecode.swift; path = LinkingViewModel.swift; sourceTree = "<group>"; };
		16CE393928E283E300D1F5D4 /* LinkingView.swift */ = {isa = PBXFileReference; lastKnownFileType = sourcecode.swift; path = LinkingView.swift; sourceTree = "<group>"; };
		16CE393B28E2991A00D1F5D4 /* TaskTileView.swift */ = {isa = PBXFileReference; lastKnownFileType = sourcecode.swift; path = TaskTileView.swift; sourceTree = "<group>"; };
		16FF894228D91BE70003B01E /* FormValidationPopover.swift */ = {isa = PBXFileReference; lastKnownFileType = sourcecode.swift; path = FormValidationPopover.swift; sourceTree = "<group>"; };
		AF1982E22946597600385FA7 /* BorderedTaintedGlass.swift */ = {isa = PBXFileReference; lastKnownFileType = sourcecode.swift; path = BorderedTaintedGlass.swift; sourceTree = "<group>"; };
		AF4B42A82937C47A00639B9B /* String.swift */ = {isa = PBXFileReference; lastKnownFileType = sourcecode.swift; path = String.swift; sourceTree = "<group>"; };
		AF4B42AA2937EAAD00639B9B /* JoinedSportsView.swift */ = {isa = PBXFileReference; lastKnownFileType = sourcecode.swift; path = JoinedSportsView.swift; sourceTree = "<group>"; };
		AF5FD25D293A873D00B12401 /* SubscribedSportsTile.swift */ = {isa = PBXFileReference; lastKnownFileType = sourcecode.swift; path = SubscribedSportsTile.swift; sourceTree = "<group>"; };
		AF5FD25F293A918400B12401 /* AllSportsView.swift */ = {isa = PBXFileReference; lastKnownFileType = sourcecode.swift; path = AllSportsView.swift; sourceTree = "<group>"; };
		AF5FD261293A922900B12401 /* MySportsView.swift */ = {isa = PBXFileReference; lastKnownFileType = sourcecode.swift; path = MySportsView.swift; sourceTree = "<group>"; };
		AF617536292F42EE00633CE3 /* LargeButtonLabel.swift */ = {isa = PBXFileReference; lastKnownFileType = sourcecode.swift; path = LargeButtonLabel.swift; sourceTree = "<group>"; };
		AF6175382930049E00633CE3 /* TasksByClassView.swift */ = {isa = PBXFileReference; lastKnownFileType = sourcecode.swift; path = TasksByClassView.swift; sourceTree = "<group>"; };
		AF61753A2930053400633CE3 /* TasksByUrgencyView.swift */ = {isa = PBXFileReference; lastKnownFileType = sourcecode.swift; path = TasksByUrgencyView.swift; sourceTree = "<group>"; };
		AF61753C2930076700633CE3 /* TasksByDateView.swift */ = {isa = PBXFileReference; lastKnownFileType = sourcecode.swift; path = TasksByDateView.swift; sourceTree = "<group>"; };
		AF61753E293062F000633CE3 /* GraphicalDatePicker.swift */ = {isa = PBXFileReference; lastKnownFileType = sourcecode.swift; path = GraphicalDatePicker.swift; sourceTree = "<group>"; };
/* End PBXFileReference section */

/* Begin PBXFrameworksBuildPhase section */
		1674C2C828C00FC400D92969 /* Frameworks */ = {
			isa = PBXFrameworksBuildPhase;
			buildActionMask = 2147483647;
			files = (
				1618018C28D90926006B5291 /* Popovers in Frameworks */,
				1637161328C0405C00DF15D4 /* FirebaseFunctionsCombine-Community in Frameworks */,
				166C1D1528EA249200F265FA /* OrderedCollections in Frameworks */,
				1637160F28C0405C00DF15D4 /* FirebaseFirestoreSwift in Frameworks */,
				1637161F28C0514B00DF15D4 /* Resolver in Frameworks */,
				166C1D1328EA249200F265FA /* Collections in Frameworks */,
				1637160728C0405C00DF15D4 /* FirebaseAuth in Frameworks */,
				1612195A28E15B8F0063BC3A /* Alamofire in Frameworks */,
				1637160D28C0405C00DF15D4 /* FirebaseFirestoreCombine-Community in Frameworks */,
				1637161128C0405C00DF15D4 /* FirebaseFunctions in Frameworks */,
				1637160928C0405C00DF15D4 /* FirebaseAuthCombine-Community in Frameworks */,
				1637160B28C0405C00DF15D4 /* FirebaseFirestore in Frameworks */,
			);
			runOnlyForDeploymentPostprocessing = 0;
		};
		1674C2D828C00FC500D92969 /* Frameworks */ = {
			isa = PBXFrameworksBuildPhase;
			buildActionMask = 2147483647;
			files = (
			);
			runOnlyForDeploymentPostprocessing = 0;
		};
		1674C2E228C00FC500D92969 /* Frameworks */ = {
			isa = PBXFrameworksBuildPhase;
			buildActionMask = 2147483647;
			files = (
			);
			runOnlyForDeploymentPostprocessing = 0;
		};
/* End PBXFrameworksBuildPhase section */

/* Begin PBXGroup section */
		1612196128E21BC20063BC3A /* APIModels */ = {
			isa = PBXGroup;
			children = (
				1622390828E24F3300AB404F /* Response.swift */,
			);
			path = APIModels;
			sourceTree = "<group>";
		};
		1618018F28D90B55006B5291 /* TabBar */ = {
			isa = PBXGroup;
			children = (
				1618019028D90B55006B5291 /* TabBarItem.swift */,
				1618019128D90B55006B5291 /* TabBarItemViewModifier.swift */,
				1618019228D90B55006B5291 /* TabBarViewBuilder.swift */,
				1618019328D90B55006B5291 /* TabBarView.swift */,
			);
			path = TabBar;
			sourceTree = "<group>";
		};
		1618019A28D9191A006B5291 /* Popovers */ = {
			isa = PBXGroup;
			children = (
				1618019B28D9192A006B5291 /* AlertViewPopover.swift */,
				16FF894228D91BE70003B01E /* FormValidationPopover.swift */,
			);
			path = Popovers;
			sourceTree = "<group>";
		};
		1622390528E2499F00AB404F /* RSAEncryption */ = {
			isa = PBXGroup;
			children = (
				1622390628E249A700AB404F /* SwiftRSA.swift */,
			);
			path = RSAEncryption;
			sourceTree = "<group>";
		};
		163715F928C032D600DF15D4 /* Configs */ = {
			isa = PBXGroup;
			children = (
				1637160128C03CC000DF15D4 /* Production */,
				1637160028C03CBA00DF15D4 /* Development */,
				163715FA28C0330700DF15D4 /* Info.plist */,
				163715FE28C03A0C00DF15D4 /* CustomEnvironment.swift */,
			);
			path = Configs;
			sourceTree = "<group>";
		};
		1637160028C03CBA00DF15D4 /* Development */ = {
			isa = PBXGroup;
			children = (
				16A3AB4428F4C08E006799C9 /* GoogleService-Info-Dev.plist */,
				163715FC28C0355300DF15D4 /* Development.xcconfig */,
			);
			path = Development;
			sourceTree = "<group>";
		};
		1637160128C03CC000DF15D4 /* Production */ = {
			isa = PBXGroup;
			children = (
				1637160428C03E9B00DF15D4 /* GoogleService-Info-Prod.plist */,
				163715FD28C0355D00DF15D4 /* Production.xcconfig */,
			);
			path = Production;
			sourceTree = "<group>";
		};
		1637162028C0546300DF15D4 /* Extensions */ = {
			isa = PBXGroup;
			children = (
				1622390528E2499F00AB404F /* RSAEncryption */,
				1604B17728D7B3E500931C90 /* App+Injection.swift */,
				1618019828D90CF4006B5291 /* Color.swift */,
				1612195B28E15D0D0063BC3A /* Debouncer.swift */,
				1612195D28E15D250063BC3A /* Date+Format.swift */,
				16791C5228E2284A00FD03EF /* String+Base64.swift */,
				166C1D0B28E94A5700F265FA /* Date+Distance.swift */,
				166C1D0D28EA06AC00F265FA /* View+If.swift */,
				164A895528F3834200419637 /* AnyTransition+Backslide.swift */,
				164A896628F3CEB100419637 /* View+Placeholder.swift */,
				16421DC628F7B0EE00FC4CAD /* Firestore+CollectionRef.swift */,
				AF4B42A82937C47A00639B9B /* String.swift */,
			);
			path = Extensions;
			sourceTree = "<group>";
		};
		1637162128C0546B00DF15D4 /* Services */ = {
			isa = PBXGroup;
			children = (
				1688F95328C167AA0077B8F6 /* AuthenticationManager.swift */,
				1612194828E14F4E0063BC3A /* TaskRepository.swift */,
				1612195628E15A7B0063BC3A /* APIService.swift */,
				166C1CE928E91F3000F265FA /* MenusRepository.swift */,
				166C1CF528E923BA00F265FA /* EventsRepository.swift */,
				166C1CF928E925B100F265FA /* SportsRepository.swift */,
				164A894D28F346F800419637 /* ScheduleRepository.swift */,
			);
			path = Services;
			sourceTree = "<group>";
		};
		1637162228C054AF00DF15D4 /* Models */ = {
			isa = PBXGroup;
			children = (
				1612196128E21BC20063BC3A /* APIModels */,
				1637164028C057B300DF15D4 /* Menu.swift */,
				1688F95728C2A9140077B8F6 /* UserModel.swift */,
				1688F95928C2AA1C0077B8F6 /* Schedule.swift */,
				1688F95B28C2AAAE0077B8F6 /* Day.swift */,
				1688F95D28C2AB2A0077B8F6 /* Credentials.swift */,
				1688F95F28C2ACBB0077B8F6 /* Course.swift */,
				1612194A28E155020063BC3A /* SchoolTask.swift */,
				166C1CF728E924F800F265FA /* Event.swift */,
			);
			path = Models;
			sourceTree = "<group>";
		};
		1637162328C054B200DF15D4 /* Tasks */ = {
			isa = PBXGroup;
			children = (
				1637162F28C056CF00DF15D4 /* ViewModels */,
				1637163028C056D400DF15D4 /* Views */,
			);
			path = Tasks;
			sourceTree = "<group>";
		};
		1637162428C054C700DF15D4 /* Menus */ = {
			isa = PBXGroup;
			children = (
				1637163528C0570A00DF15D4 /* ViewModels */,
				1637163428C0570800DF15D4 /* Views */,
			);
			path = Menus;
			sourceTree = "<group>";
		};
		1637162528C054D400DF15D4 /* Authentication */ = {
			isa = PBXGroup;
			children = (
				16CE392E28E25F2700D1F5D4 /* ViewModels */,
				16CE392F28E25F2A00D1F5D4 /* Views */,
			);
			path = Authentication;
			sourceTree = "<group>";
		};
		1637162828C054EB00DF15D4 /* Sports */ = {
			isa = PBXGroup;
			children = (
				1637163928C0571700DF15D4 /* ViewModels */,
				1637163828C0571400DF15D4 /* Views */,
			);
			path = Sports;
			sourceTree = "<group>";
		};
		1637162928C054F500DF15D4 /* More */ = {
			isa = PBXGroup;
			children = (
				164A895728F39EFB00419637 /* Settings */,
				1637163628C0570E00DF15D4 /* Views */,
			);
			path = More;
			sourceTree = "<group>";
		};
		1637162A28C0553500DF15D4 /* Events */ = {
			isa = PBXGroup;
			children = (
				1637163B28C0571C00DF15D4 /* ViewModels */,
				1637163A28C0571A00DF15D4 /* Views */,
			);
			path = Events;
			sourceTree = "<group>";
		};
		1637162B28C0558A00DF15D4 /* Schedule */ = {
			isa = PBXGroup;
			children = (
				1637163228C056F500DF15D4 /* ViewModels */,
				1637163328C0570300DF15D4 /* Views */,
			);
			path = Schedule;
			sourceTree = "<group>";
		};
		1637162F28C056CF00DF15D4 /* ViewModels */ = {
			isa = PBXGroup;
			children = (
				1612195228E159760063BC3A /* TaskListViewModel.swift */,
				1612195428E159870063BC3A /* TaskCellViewModel.swift */,
			);
			path = ViewModels;
			sourceTree = "<group>";
		};
		1637163028C056D400DF15D4 /* Views */ = {
			isa = PBXGroup;
			children = (
				1612194C28E157400063BC3A /* TasksView.swift */,
				16CE393B28E2991A00D1F5D4 /* TaskTileView.swift */,
				166C1D1628EA322D00F265FA /* AddTaskView.swift */,
				166C1D1A28EA7B2300F265FA /* TaskDetailView.swift */,
				AF6175382930049E00633CE3 /* TasksByClassView.swift */,
				AF61753A2930053400633CE3 /* TasksByUrgencyView.swift */,
				AF61753C2930076700633CE3 /* TasksByDateView.swift */,
			);
			path = Views;
			sourceTree = "<group>";
		};
		1637163228C056F500DF15D4 /* ViewModels */ = {
			isa = PBXGroup;
			children = (
				164A894F28F34AC400419637 /* ScheduleViewModel.swift */,
			);
			path = ViewModels;
			sourceTree = "<group>";
		};
		1637163328C0570300DF15D4 /* Views */ = {
			isa = PBXGroup;
			children = (
				164A895128F34B3800419637 /* ScheduleView.swift */,
			);
			path = Views;
			sourceTree = "<group>";
		};
		1637163428C0570800DF15D4 /* Views */ = {
			isa = PBXGroup;
			children = (
				166C1CEB28E9208200F265FA /* MenusView.swift */,
				166C1CF328E9224200F265FA /* FoodView.swift */,
				16A3AB4628F4C255006799C9 /* MealView.swift */,
			);
			path = Views;
			sourceTree = "<group>";
		};
		1637163528C0570A00DF15D4 /* ViewModels */ = {
			isa = PBXGroup;
			children = (
				166C1CED28E9209200F265FA /* MenusListViewModel.swift */,
			);
			path = ViewModels;
			sourceTree = "<group>";
		};
		1637163628C0570E00DF15D4 /* Views */ = {
			isa = PBXGroup;
			children = (
				164A895828F39F4600419637 /* MoreView.swift */,
				164A896428F3B57700419637 /* AboutView.swift */,
			);
			path = Views;
			sourceTree = "<group>";
		};
		1637163828C0571400DF15D4 /* Views */ = {
			isa = PBXGroup;
			children = (
				166C1D0528E9288300F265FA /* SportsView.swift */,
				166C1D0728E9289B00F265FA /* SportsEventCellView.swift */,
				AF5FD25F293A918400B12401 /* AllSportsView.swift */,
				AF5FD261293A922900B12401 /* MySportsView.swift */,
			);
			path = Views;
			sourceTree = "<group>";
		};
		1637163928C0571700DF15D4 /* ViewModels */ = {
			isa = PBXGroup;
			children = (
				166C1D0328E9286400F265FA /* SportsListViewModel.swift */,
			);
			path = ViewModels;
			sourceTree = "<group>";
		};
		1637163A28C0571A00DF15D4 /* Views */ = {
			isa = PBXGroup;
			children = (
				166C1CFD28E926C700F265FA /* EventsView.swift */,
				166C1CFF28E926DE00F265FA /* EventCellView.swift */,
			);
			path = Views;
			sourceTree = "<group>";
		};
		1637163B28C0571C00DF15D4 /* ViewModels */ = {
			isa = PBXGroup;
			children = (
				166C1CFB28E9263700F265FA /* EventsListViewModel.swift */,
			);
			path = ViewModels;
			sourceTree = "<group>";
		};
		1637164228C06AE200DF15D4 /* Components */ = {
			isa = PBXGroup;
			children = (
				165CA07928F1EDFA007547FB /* Labels */,
				165CA06E28F1ED24007547FB /* Glassmorphism */,
				1618019A28D9191A006B5291 /* Popovers */,
				1618018F28D90B55006B5291 /* TabBar */,
				165CA08828F1F2FA007547FB /* ColorfulBackgroundView.swift */,
				165CA08A28F1F350007547FB /* MoreInfoCard.swift */,
				165CA08E28F1F4C7007547FB /* DayScheduleTile.swift */,
				165CA09028F1F5B7007547FB /* PeriodTitleAndHeader.swift */,
				165CA09B28F1FF54007547FB /* NavButtonView.swift */,
				165CA09D28F205A6007547FB /* CustomTextField.swift */,
				164A894B28F2660300419637 /* CustomTextEditor.swift */,
				16BE778A28F24D9C000248A9 /* LoadingView.swift */,
				164A896228F3A41500419637 /* TextWithTitle.swift */,
				16A3AB4828F4CD08006799C9 /* ComingSoonView.swift */,
				AF61753E293062F000633CE3 /* GraphicalDatePicker.swift */,
				AF5FD25D293A873D00B12401 /* SubscribedSportsTile.swift */,
			);
			path = Components;
			sourceTree = "<group>";
		};
		164A895728F39EFB00419637 /* Settings */ = {
			isa = PBXGroup;
			children = (
				164A895B28F3A06300419637 /* ViewModels */,
				164A895A28F3A06000419637 /* Views */,
			);
			path = Settings;
			sourceTree = "<group>";
		};
		164A895A28F3A06000419637 /* Views */ = {
			isa = PBXGroup;
			children = (
				164A895C28F3A0A600419637 /* SettingsView.swift */,
				AF4B42AA2937EAAD00639B9B /* JoinedSportsView.swift */,
			);
			path = Views;
			sourceTree = "<group>";
		};
		164A895B28F3A06300419637 /* ViewModels */ = {
			isa = PBXGroup;
			children = (
				164A895E28F3A0C900419637 /* SettingsViewModel.swift */,
			);
			path = ViewModels;
			sourceTree = "<group>";
		};
		165CA06E28F1ED24007547FB /* Glassmorphism */ = {
			isa = PBXGroup;
			children = (
				165CA06F28F1ED2D007547FB /* Glass.swift */,
				165CA07128F1ED37007547FB /* GlassCard.swift */,
				165CA07328F1ED47007547FB /* FullGlassCard.swift */,
				165CA07528F1ED55007547FB /* HeavyGlass.swift */,
				165CA07728F1ED62007547FB /* TaintedGlass.swift */,
				16BE778C28F258AD000248A9 /* FrostedGlass.swift */,
				AF1982E22946597600385FA7 /* BorderedTaintedGlass.swift */,
			);
			path = Glassmorphism;
			sourceTree = "<group>";
		};
		165CA07928F1EDFA007547FB /* Labels */ = {
			isa = PBXGroup;
			children = (
				165CA07A28F1EE03007547FB /* HeaderLabel.swift */,
				165CA07C28F1EE31007547FB /* LinkLabel.swift */,
				165CA07E28F1EE6A007547FB /* ParagraphLabel.swift */,
				165CA08028F1EE8D007547FB /* SubtitleLabel.swift */,
				165CA08228F1EEA0007547FB /* TitleLabel.swift */,
				165CA08428F1EEB2007547FB /* DestructiveButtonLabel.swift */,
				165CA08628F1EED2007547FB /* NavigationLinkLabel.swift */,
				AF617536292F42EE00633CE3 /* LargeButtonLabel.swift */,
			);
			path = Labels;
			sourceTree = "<group>";
		};
		1674C2C228C00FC400D92969 = {
			isa = PBXGroup;
			children = (
				1674C2CD28C00FC400D92969 /* SchoolVerse */,
				1674C2DE28C00FC500D92969 /* SchoolVerseTests */,
				1674C2E828C00FC500D92969 /* SchoolVerseUITests */,
				1674C2CC28C00FC400D92969 /* Products */,
			);
			sourceTree = "<group>";
		};
		1674C2CC28C00FC400D92969 /* Products */ = {
			isa = PBXGroup;
			children = (
				1674C2CB28C00FC400D92969 /* SchoolVerse.app */,
				1674C2DB28C00FC500D92969 /* SchoolVerseTests.xctest */,
				1674C2E528C00FC500D92969 /* SchoolVerseUITests.xctest */,
			);
			name = Products;
			sourceTree = "<group>";
		};
		1674C2CD28C00FC400D92969 /* SchoolVerse */ = {
			isa = PBXGroup;
			children = (
				164831B328F9F191001793B7 /* days.json */,
				1637162228C054AF00DF15D4 /* Models */,
				1637162128C0546B00DF15D4 /* Services */,
				1637162528C054D400DF15D4 /* Authentication */,
				16CE393428E283C300D1F5D4 /* Linking */,
				1637162028C0546300DF15D4 /* Extensions */,
				1674C2CE28C00FC400D92969 /* SchoolVerseApp.swift */,
				1604B17928D80EE600931C90 /* RouterView.swift */,
				1698FD4228F65FB00057A453 /* UpgradeView.swift */,
				1618018D28D90ADF006B5291 /* AppView.swift */,
				1688F96128C301580077B8F6 /* Onboarding */,
				1637162328C054B200DF15D4 /* Tasks */,
				1637162B28C0558A00DF15D4 /* Schedule */,
				1637162428C054C700DF15D4 /* Menus */,
				1637162928C054F500DF15D4 /* More */,
				1637162828C054EB00DF15D4 /* Sports */,
				1637162A28C0553500DF15D4 /* Events */,
				1637164228C06AE200DF15D4 /* Components */,
				1674C2D228C00FC500D92969 /* Assets.xcassets */,
				163715F928C032D600DF15D4 /* Configs */,
				1674C2D428C00FC500D92969 /* Preview Content */,
			);
			path = SchoolVerse;
			sourceTree = "<group>";
		};
		1674C2D428C00FC500D92969 /* Preview Content */ = {
			isa = PBXGroup;
			children = (
				1674C2D528C00FC500D92969 /* Preview Assets.xcassets */,
			);
			path = "Preview Content";
			sourceTree = "<group>";
		};
		1674C2DE28C00FC500D92969 /* SchoolVerseTests */ = {
			isa = PBXGroup;
			children = (
				1674C2DF28C00FC500D92969 /* SchoolVerseTests.swift */,
			);
			path = SchoolVerseTests;
			sourceTree = "<group>";
		};
		1674C2E828C00FC500D92969 /* SchoolVerseUITests */ = {
			isa = PBXGroup;
			children = (
				1674C2E928C00FC500D92969 /* SchoolVerseUITests.swift */,
				1674C2EB28C00FC500D92969 /* SchoolVerseUITestsLaunchTests.swift */,
			);
			path = SchoolVerseUITests;
			sourceTree = "<group>";
		};
		1688F96128C301580077B8F6 /* Onboarding */ = {
			isa = PBXGroup;
			children = (
				1604B17F28D8120300931C90 /* OnboardingView.swift */,
			);
			path = Onboarding;
			sourceTree = "<group>";
		};
		16CE392E28E25F2700D1F5D4 /* ViewModels */ = {
			isa = PBXGroup;
			children = (
				16CE393028E25F3C00D1F5D4 /* SignUpViewModel.swift */,
				16CE393228E283B200D1F5D4 /* SignInViewModel.swift */,
			);
			path = ViewModels;
			sourceTree = "<group>";
		};
		16CE392F28E25F2A00D1F5D4 /* Views */ = {
			isa = PBXGroup;
			children = (
				1604B18328D8E51B00931C90 /* AuthenticationView.swift */,
				1604B18528D8E68C00931C90 /* SignUpView.swift */,
				1604B18728D8E69700931C90 /* SignInView.swift */,
			);
			path = Views;
			sourceTree = "<group>";
		};
		16CE393428E283C300D1F5D4 /* Linking */ = {
			isa = PBXGroup;
			children = (
				16CE393628E283D000D1F5D4 /* ViewModels */,
				16CE393528E283CC00D1F5D4 /* Views */,
			);
			name = Linking;
			path = Extensions/Linking;
			sourceTree = "<group>";
		};
		16CE393528E283CC00D1F5D4 /* Views */ = {
			isa = PBXGroup;
			children = (
				16CE393928E283E300D1F5D4 /* LinkingView.swift */,
			);
			path = Views;
			sourceTree = "<group>";
		};
		16CE393628E283D000D1F5D4 /* ViewModels */ = {
			isa = PBXGroup;
			children = (
				16CE393728E283DA00D1F5D4 /* LinkingViewModel.swift */,
			);
			path = ViewModels;
			sourceTree = "<group>";
		};
/* End PBXGroup section */

/* Begin PBXNativeTarget section */
		1674C2CA28C00FC400D92969 /* SchoolVerse */ = {
			isa = PBXNativeTarget;
			buildConfigurationList = 1674C2EF28C00FC500D92969 /* Build configuration list for PBXNativeTarget "SchoolVerse" */;
			buildPhases = (
				1674C2C728C00FC400D92969 /* Sources */,
				1674C2C828C00FC400D92969 /* Frameworks */,
				1674C2C928C00FC400D92969 /* Resources */,
			);
			buildRules = (
			);
			dependencies = (
			);
			name = SchoolVerse;
			packageProductDependencies = (
				1637160628C0405C00DF15D4 /* FirebaseAuth */,
				1637160828C0405C00DF15D4 /* FirebaseAuthCombine-Community */,
				1637160A28C0405C00DF15D4 /* FirebaseFirestore */,
				1637160C28C0405C00DF15D4 /* FirebaseFirestoreCombine-Community */,
				1637160E28C0405C00DF15D4 /* FirebaseFirestoreSwift */,
				1637161028C0405C00DF15D4 /* FirebaseFunctions */,
				1637161228C0405C00DF15D4 /* FirebaseFunctionsCombine-Community */,
				1637161E28C0514B00DF15D4 /* Resolver */,
				1618018B28D90926006B5291 /* Popovers */,
				1612195928E15B8F0063BC3A /* Alamofire */,
				166C1D1228EA249200F265FA /* Collections */,
				166C1D1428EA249200F265FA /* OrderedCollections */,
			);
			productName = SchoolVerse;
			productReference = 1674C2CB28C00FC400D92969 /* SchoolVerse.app */;
			productType = "com.apple.product-type.application";
		};
		1674C2DA28C00FC500D92969 /* SchoolVerseTests */ = {
			isa = PBXNativeTarget;
			buildConfigurationList = 1674C2F228C00FC500D92969 /* Build configuration list for PBXNativeTarget "SchoolVerseTests" */;
			buildPhases = (
				1674C2D728C00FC500D92969 /* Sources */,
				1674C2D828C00FC500D92969 /* Frameworks */,
				1674C2D928C00FC500D92969 /* Resources */,
			);
			buildRules = (
			);
			dependencies = (
				1674C2DD28C00FC500D92969 /* PBXTargetDependency */,
			);
			name = SchoolVerseTests;
			productName = SchoolVerseTests;
			productReference = 1674C2DB28C00FC500D92969 /* SchoolVerseTests.xctest */;
			productType = "com.apple.product-type.bundle.unit-test";
		};
		1674C2E428C00FC500D92969 /* SchoolVerseUITests */ = {
			isa = PBXNativeTarget;
			buildConfigurationList = 1674C2F528C00FC500D92969 /* Build configuration list for PBXNativeTarget "SchoolVerseUITests" */;
			buildPhases = (
				1674C2E128C00FC500D92969 /* Sources */,
				1674C2E228C00FC500D92969 /* Frameworks */,
				1674C2E328C00FC500D92969 /* Resources */,
			);
			buildRules = (
			);
			dependencies = (
				1674C2E728C00FC500D92969 /* PBXTargetDependency */,
			);
			name = SchoolVerseUITests;
			productName = SchoolVerseUITests;
			productReference = 1674C2E528C00FC500D92969 /* SchoolVerseUITests.xctest */;
			productType = "com.apple.product-type.bundle.ui-testing";
		};
/* End PBXNativeTarget section */

/* Begin PBXProject section */
		1674C2C328C00FC400D92969 /* Project object */ = {
			isa = PBXProject;
			attributes = {
				BuildIndependentTargetsInParallel = 1;
				LastSwiftUpdateCheck = 1330;
				LastUpgradeCheck = 1330;
				TargetAttributes = {
					1674C2CA28C00FC400D92969 = {
						CreatedOnToolsVersion = 13.3.1;
					};
					1674C2DA28C00FC500D92969 = {
						CreatedOnToolsVersion = 13.3.1;
						TestTargetID = 1674C2CA28C00FC400D92969;
					};
					1674C2E428C00FC500D92969 = {
						CreatedOnToolsVersion = 13.3.1;
						TestTargetID = 1674C2CA28C00FC400D92969;
					};
				};
			};
			buildConfigurationList = 1674C2C628C00FC400D92969 /* Build configuration list for PBXProject "SchoolVerse" */;
			compatibilityVersion = "Xcode 13.0";
			developmentRegion = en;
			hasScannedForEncodings = 0;
			knownRegions = (
				en,
				Base,
			);
			mainGroup = 1674C2C228C00FC400D92969;
			packageReferences = (
				1637160528C0405C00DF15D4 /* XCRemoteSwiftPackageReference "firebase-ios-sdk" */,
				1637161D28C0514B00DF15D4 /* XCRemoteSwiftPackageReference "Resolver" */,
				1618018A28D90926006B5291 /* XCRemoteSwiftPackageReference "Popovers" */,
				1612195828E15B8E0063BC3A /* XCRemoteSwiftPackageReference "Alamofire" */,
				166C1D1128EA249200F265FA /* XCRemoteSwiftPackageReference "swift-collections" */,
			);
			productRefGroup = 1674C2CC28C00FC400D92969 /* Products */;
			projectDirPath = "";
			projectRoot = "";
			targets = (
				1674C2CA28C00FC400D92969 /* SchoolVerse */,
				1674C2DA28C00FC500D92969 /* SchoolVerseTests */,
				1674C2E428C00FC500D92969 /* SchoolVerseUITests */,
			);
		};
/* End PBXProject section */

/* Begin PBXResourcesBuildPhase section */
		1674C2C928C00FC400D92969 /* Resources */ = {
			isa = PBXResourcesBuildPhase;
			buildActionMask = 2147483647;
			files = (
				1637161428C0434000DF15D4 /* GoogleService-Info-Prod.plist in Resources */,
				16A3AB4528F4C08E006799C9 /* GoogleService-Info-Dev.plist in Resources */,
				1674C2D628C00FC500D92969 /* Preview Assets.xcassets in Resources */,
				164831B428F9F191001793B7 /* days.json in Resources */,
				1674C2D328C00FC500D92969 /* Assets.xcassets in Resources */,
			);
			runOnlyForDeploymentPostprocessing = 0;
		};
		1674C2D928C00FC500D92969 /* Resources */ = {
			isa = PBXResourcesBuildPhase;
			buildActionMask = 2147483647;
			files = (
			);
			runOnlyForDeploymentPostprocessing = 0;
		};
		1674C2E328C00FC500D92969 /* Resources */ = {
			isa = PBXResourcesBuildPhase;
			buildActionMask = 2147483647;
			files = (
			);
			runOnlyForDeploymentPostprocessing = 0;
		};
/* End PBXResourcesBuildPhase section */

/* Begin PBXSourcesBuildPhase section */
		1674C2C728C00FC400D92969 /* Sources */ = {
			isa = PBXSourcesBuildPhase;
			buildActionMask = 2147483647;
			files = (
				1688F95A28C2AA1C0077B8F6 /* Schedule.swift in Sources */,
				1612194D28E157400063BC3A /* TasksView.swift in Sources */,
				1612195728E15A7B0063BC3A /* APIService.swift in Sources */,
				16A3AB4928F4CD08006799C9 /* ComingSoonView.swift in Sources */,
				164A896528F3B57700419637 /* AboutView.swift in Sources */,
				16CE393A28E283E300D1F5D4 /* LinkingView.swift in Sources */,
				165CA07F28F1EE6A007547FB /* ParagraphLabel.swift in Sources */,
				164A895D28F3A0A600419637 /* SettingsView.swift in Sources */,
				1622390928E24F3300AB404F /* Response.swift in Sources */,
				AF5FD260293A918400B12401 /* AllSportsView.swift in Sources */,
				165CA07B28F1EE03007547FB /* HeaderLabel.swift in Sources */,
				1688F96028C2ACBB0077B8F6 /* Course.swift in Sources */,
				166C1D0828E9289B00F265FA /* SportsEventCellView.swift in Sources */,
				1618019928D90CF4006B5291 /* Color.swift in Sources */,
				166C1CEE28E9209200F265FA /* MenusListViewModel.swift in Sources */,
				AF1982E32946597600385FA7 /* BorderedTaintedGlass.swift in Sources */,
				165CA07028F1ED2D007547FB /* Glass.swift in Sources */,
				1688F95C28C2AAAE0077B8F6 /* Day.swift in Sources */,
				1688F95E28C2AB2A0077B8F6 /* Credentials.swift in Sources */,
				166C1CF628E923BA00F265FA /* EventsRepository.swift in Sources */,
				164A895228F34B3800419637 /* ScheduleView.swift in Sources */,
				1618018E28D90ADF006B5291 /* AppView.swift in Sources */,
				16CE393328E283B200D1F5D4 /* SignInViewModel.swift in Sources */,
				1604B18428D8E51B00931C90 /* AuthenticationView.swift in Sources */,
				166C1CEA28E91F3000F265FA /* MenusRepository.swift in Sources */,
				1604B17A28D80EE600931C90 /* RouterView.swift in Sources */,
				166C1D0C28E94A5700F265FA /* Date+Distance.swift in Sources */,
				1612194B28E155020063BC3A /* SchoolTask.swift in Sources */,
				165CA07828F1ED62007547FB /* TaintedGlass.swift in Sources */,
				AF61753D2930076700633CE3 /* TasksByDateView.swift in Sources */,
				166C1CFC28E9263700F265FA /* EventsListViewModel.swift in Sources */,
				165CA09E28F205A6007547FB /* CustomTextField.swift in Sources */,
				163715FF28C03A0C00DF15D4 /* CustomEnvironment.swift in Sources */,
				165CA07D28F1EE31007547FB /* LinkLabel.swift in Sources */,
				164A896328F3A41500419637 /* TextWithTitle.swift in Sources */,
				165CA08128F1EE8D007547FB /* SubtitleLabel.swift in Sources */,
				1622390728E249A700AB404F /* SwiftRSA.swift in Sources */,
				165CA09128F1F5B7007547FB /* PeriodTitleAndHeader.swift in Sources */,
				1618019528D90B55006B5291 /* TabBarItemViewModifier.swift in Sources */,
				166C1CEC28E9208200F265FA /* MenusView.swift in Sources */,
				164A894E28F346F800419637 /* ScheduleRepository.swift in Sources */,
				1618019428D90B55006B5291 /* TabBarItem.swift in Sources */,
				165CA08F28F1F4C7007547FB /* DayScheduleTile.swift in Sources */,
				AF5FD262293A922900B12401 /* MySportsView.swift in Sources */,
				166C1D0028E926DE00F265FA /* EventCellView.swift in Sources */,
				164A896728F3CEB100419637 /* View+Placeholder.swift in Sources */,
				1674C2CF28C00FC400D92969 /* SchoolVerseApp.swift in Sources */,
				16791C5328E2284A00FD03EF /* String+Base64.swift in Sources */,
				166C1CF828E924F800F265FA /* Event.swift in Sources */,
				165CA09C28F1FF54007547FB /* NavButtonView.swift in Sources */,
				165CA08928F1F2FA007547FB /* ColorfulBackgroundView.swift in Sources */,
				1688F95428C167AA0077B8F6 /* AuthenticationManager.swift in Sources */,
				165CA07628F1ED55007547FB /* HeavyGlass.swift in Sources */,
				166C1CFA28E925B100F265FA /* SportsRepository.swift in Sources */,
				16BE778D28F258AD000248A9 /* FrostedGlass.swift in Sources */,
				165CA07428F1ED47007547FB /* FullGlassCard.swift in Sources */,
				166C1D0628E9288300F265FA /* SportsView.swift in Sources */,
				1604B18828D8E69700931C90 /* SignInView.swift in Sources */,
				1688F95828C2A9140077B8F6 /* UserModel.swift in Sources */,
				16CE393128E25F3C00D1F5D4 /* SignUpViewModel.swift in Sources */,
				1612195E28E15D250063BC3A /* Date+Format.swift in Sources */,
				AF6175392930049E00633CE3 /* TasksByClassView.swift in Sources */,
				AF4B42AB2937EAAD00639B9B /* JoinedSportsView.swift in Sources */,
				AF61753F293062F000633CE3 /* GraphicalDatePicker.swift in Sources */,
				16CE393828E283DA00D1F5D4 /* LinkingViewModel.swift in Sources */,
				1604B18628D8E68C00931C90 /* SignUpView.swift in Sources */,
				1637164128C057B300DF15D4 /* Menu.swift in Sources */,
				1604B18028D8120300931C90 /* OnboardingView.swift in Sources */,
				165CA08528F1EEB2007547FB /* DestructiveButtonLabel.swift in Sources */,
				AF4B42A92937C47A00639B9B /* String.swift in Sources */,
				AF5FD25E293A873D00B12401 /* SubscribedSportsTile.swift in Sources */,
				1612194928E14F4E0063BC3A /* TaskRepository.swift in Sources */,
				164A895928F39F4600419637 /* MoreView.swift in Sources */,
				166C1D1B28EA7B2300F265FA /* TaskDetailView.swift in Sources */,
				165CA08328F1EEA0007547FB /* TitleLabel.swift in Sources */,
				165CA07228F1ED37007547FB /* GlassCard.swift in Sources */,
				1698FD4328F65FB00057A453 /* UpgradeView.swift in Sources */,
				166C1D0428E9286400F265FA /* SportsListViewModel.swift in Sources */,
				16421DC728F7B0EE00FC4CAD /* Firestore+CollectionRef.swift in Sources */,
				165CA08B28F1F350007547FB /* MoreInfoCard.swift in Sources */,
				164A895628F3834200419637 /* AnyTransition+Backslide.swift in Sources */,
				AF617537292F42EE00633CE3 /* LargeButtonLabel.swift in Sources */,
				16BE778B28F24D9C000248A9 /* LoadingView.swift in Sources */,
				164A895028F34AC400419637 /* ScheduleViewModel.swift in Sources */,
				1612195528E159870063BC3A /* TaskCellViewModel.swift in Sources */,
				16A3AB4728F4C255006799C9 /* MealView.swift in Sources */,
				166C1CF428E9224200F265FA /* FoodView.swift in Sources */,
				166C1CFE28E926C700F265FA /* EventsView.swift in Sources */,
				166C1D1728EA322D00F265FA /* AddTaskView.swift in Sources */,
				1612195C28E15D0D0063BC3A /* Debouncer.swift in Sources */,
				16CE393C28E2991A00D1F5D4 /* TaskTileView.swift in Sources */,
				16FF894328D91BE70003B01E /* FormValidationPopover.swift in Sources */,
				1604B17828D7B3E500931C90 /* App+Injection.swift in Sources */,
				165CA08728F1EED2007547FB /* NavigationLinkLabel.swift in Sources */,
				164A894C28F2660300419637 /* CustomTextEditor.swift in Sources */,
				164A895F28F3A0C900419637 /* SettingsViewModel.swift in Sources */,
				1612195328E159760063BC3A /* TaskListViewModel.swift in Sources */,
				1618019728D90B55006B5291 /* TabBarView.swift in Sources */,
				1618019628D90B55006B5291 /* TabBarViewBuilder.swift in Sources */,
				1618019C28D9192A006B5291 /* AlertViewPopover.swift in Sources */,
				AF61753B2930053400633CE3 /* TasksByUrgencyView.swift in Sources */,
				166C1D0E28EA06AC00F265FA /* View+If.swift in Sources */,
			);
			runOnlyForDeploymentPostprocessing = 0;
		};
		1674C2D728C00FC500D92969 /* Sources */ = {
			isa = PBXSourcesBuildPhase;
			buildActionMask = 2147483647;
			files = (
				1674C2E028C00FC500D92969 /* SchoolVerseTests.swift in Sources */,
			);
			runOnlyForDeploymentPostprocessing = 0;
		};
		1674C2E128C00FC500D92969 /* Sources */ = {
			isa = PBXSourcesBuildPhase;
			buildActionMask = 2147483647;
			files = (
				1674C2EC28C00FC500D92969 /* SchoolVerseUITestsLaunchTests.swift in Sources */,
				1674C2EA28C00FC500D92969 /* SchoolVerseUITests.swift in Sources */,
			);
			runOnlyForDeploymentPostprocessing = 0;
		};
/* End PBXSourcesBuildPhase section */

/* Begin PBXTargetDependency section */
		1674C2DD28C00FC500D92969 /* PBXTargetDependency */ = {
			isa = PBXTargetDependency;
			target = 1674C2CA28C00FC400D92969 /* SchoolVerse */;
			targetProxy = 1674C2DC28C00FC500D92969 /* PBXContainerItemProxy */;
		};
		1674C2E728C00FC500D92969 /* PBXTargetDependency */ = {
			isa = PBXTargetDependency;
			target = 1674C2CA28C00FC400D92969 /* SchoolVerse */;
			targetProxy = 1674C2E628C00FC500D92969 /* PBXContainerItemProxy */;
		};
/* End PBXTargetDependency section */

/* Begin XCBuildConfiguration section */
		163715F128C0328300DF15D4 /* Debug (Development) */ = {
			isa = XCBuildConfiguration;
			baseConfigurationReference = 163715FC28C0355300DF15D4 /* Development.xcconfig */;
			buildSettings = {
				ALWAYS_SEARCH_USER_PATHS = NO;
				CLANG_ANALYZER_NONNULL = YES;
				CLANG_ANALYZER_NUMBER_OBJECT_CONVERSION = YES_AGGRESSIVE;
				CLANG_CXX_LANGUAGE_STANDARD = "gnu++17";
				CLANG_ENABLE_MODULES = YES;
				CLANG_ENABLE_OBJC_ARC = YES;
				CLANG_ENABLE_OBJC_WEAK = YES;
				CLANG_WARN_BLOCK_CAPTURE_AUTORELEASING = YES;
				CLANG_WARN_BOOL_CONVERSION = YES;
				CLANG_WARN_COMMA = YES;
				CLANG_WARN_CONSTANT_CONVERSION = YES;
				CLANG_WARN_DEPRECATED_OBJC_IMPLEMENTATIONS = YES;
				CLANG_WARN_DIRECT_OBJC_ISA_USAGE = YES_ERROR;
				CLANG_WARN_DOCUMENTATION_COMMENTS = YES;
				CLANG_WARN_EMPTY_BODY = YES;
				CLANG_WARN_ENUM_CONVERSION = YES;
				CLANG_WARN_INFINITE_RECURSION = YES;
				CLANG_WARN_INT_CONVERSION = YES;
				CLANG_WARN_NON_LITERAL_NULL_CONVERSION = YES;
				CLANG_WARN_OBJC_IMPLICIT_RETAIN_SELF = YES;
				CLANG_WARN_OBJC_LITERAL_CONVERSION = YES;
				CLANG_WARN_OBJC_ROOT_CLASS = YES_ERROR;
				CLANG_WARN_QUOTED_INCLUDE_IN_FRAMEWORK_HEADER = YES;
				CLANG_WARN_RANGE_LOOP_ANALYSIS = YES;
				CLANG_WARN_STRICT_PROTOTYPES = YES;
				CLANG_WARN_SUSPICIOUS_MOVE = YES;
				CLANG_WARN_UNGUARDED_AVAILABILITY = YES_AGGRESSIVE;
				CLANG_WARN_UNREACHABLE_CODE = YES;
				CLANG_WARN__DUPLICATE_METHOD_MATCH = YES;
				COPY_PHASE_STRIP = NO;
				DEBUG_INFORMATION_FORMAT = dwarf;
				DEVELOPMENT_TEAM = WV5B78VHQ8;
				ENABLE_STRICT_OBJC_MSGSEND = YES;
				ENABLE_TESTABILITY = YES;
				GCC_C_LANGUAGE_STANDARD = gnu11;
				GCC_DYNAMIC_NO_PIC = NO;
				GCC_NO_COMMON_BLOCKS = YES;
				GCC_OPTIMIZATION_LEVEL = 0;
				GCC_PREPROCESSOR_DEFINITIONS = (
					"DEBUG=1",
					"$(inherited)",
				);
				GCC_WARN_64_TO_32_BIT_CONVERSION = YES;
				GCC_WARN_ABOUT_RETURN_TYPE = YES_ERROR;
				GCC_WARN_UNDECLARED_SELECTOR = YES;
				GCC_WARN_UNINITIALIZED_AUTOS = YES_AGGRESSIVE;
				GCC_WARN_UNUSED_FUNCTION = YES;
				GCC_WARN_UNUSED_VARIABLE = YES;
				IPHONEOS_DEPLOYMENT_TARGET = 16.0;
				MTL_ENABLE_DEBUG_INFO = INCLUDE_SOURCE;
				MTL_FAST_MATH = YES;
				ONLY_ACTIVE_ARCH = YES;
				SDKROOT = iphoneos;
				SWIFT_ACTIVE_COMPILATION_CONDITIONS = DEBUG;
				SWIFT_OPTIMIZATION_LEVEL = "-Onone";
			};
			name = "Debug (Development)";
		};
		163715F228C0328300DF15D4 /* Debug (Development) */ = {
			isa = XCBuildConfiguration;
			baseConfigurationReference = 163715FC28C0355300DF15D4 /* Development.xcconfig */;
			buildSettings = {
				ASSETCATALOG_COMPILER_APPICON_NAME = AppIcon;
				ASSETCATALOG_COMPILER_GLOBAL_ACCENT_COLOR_NAME = AccentColor;
				CODE_SIGN_STYLE = Automatic;
				CURRENT_PROJECT_VERSION = 1;
				DEVELOPMENT_ASSET_PATHS = "\"SchoolVerse/Preview Content\"";
				DEVELOPMENT_TEAM = WV5B78VHQ8;
				ENABLE_PREVIEWS = YES;
				GENERATE_INFOPLIST_FILE = NO;
				INFOPLIST_FILE = SchoolVerse/Configs/Info.plist;
				INFOPLIST_KEY_CFBundleDisplayName = SchoolVerse;
				INFOPLIST_KEY_LSApplicationCategoryType = "public.app-category.education";
				INFOPLIST_KEY_UIApplicationSceneManifest_Generation = YES;
				INFOPLIST_KEY_UIApplicationSupportsIndirectInputEvents = YES;
				INFOPLIST_KEY_UILaunchScreen_Generation = YES;
				INFOPLIST_KEY_UIRequiredDeviceCapabilities = "";
				INFOPLIST_KEY_UISupportedInterfaceOrientations_iPad = "UIInterfaceOrientationPortrait UIInterfaceOrientationPortraitUpsideDown UIInterfaceOrientationLandscapeLeft UIInterfaceOrientationLandscapeRight";
				INFOPLIST_KEY_UISupportedInterfaceOrientations_iPhone = "UIInterfaceOrientationPortrait UIInterfaceOrientationLandscapeLeft UIInterfaceOrientationLandscapeRight";
				IPHONEOS_DEPLOYMENT_TARGET = 16.0;
				LD_RUNPATH_SEARCH_PATHS = (
					"$(inherited)",
					"@executable_path/Frameworks",
				);
				MARKETING_VERSION = 1.0.3;
				PRODUCT_BUNDLE_IDENTIFIER = tech.versegroup.SchoolVerse.dev;
				PRODUCT_NAME = "$(TARGET_NAME)";
				SUPPORTED_PLATFORMS = "iphoneos iphonesimulator";
				SUPPORTS_MACCATALYST = NO;
				SUPPORTS_MAC_DESIGNED_FOR_IPHONE_IPAD = NO;
				SWIFT_EMIT_LOC_STRINGS = YES;
				SWIFT_VERSION = 5.0;
				TARGETED_DEVICE_FAMILY = "1,2";
			};
			name = "Debug (Development)";
		};
		163715F328C0328300DF15D4 /* Debug (Development) */ = {
			isa = XCBuildConfiguration;
			baseConfigurationReference = 163715FC28C0355300DF15D4 /* Development.xcconfig */;
			buildSettings = {
				ALWAYS_EMBED_SWIFT_STANDARD_LIBRARIES = YES;
				BUNDLE_LOADER = "$(TEST_HOST)";
				CODE_SIGN_STYLE = Automatic;
				CURRENT_PROJECT_VERSION = 1;
				DEVELOPMENT_TEAM = WV5B78VHQ8;
				GENERATE_INFOPLIST_FILE = YES;
				IPHONEOS_DEPLOYMENT_TARGET = 15.4;
				MARKETING_VERSION = 1.0;
				PRODUCT_BUNDLE_IDENTIFIER = tech.versegroup.SchoolVerseTests;
				PRODUCT_NAME = "$(TARGET_NAME)";
				SWIFT_EMIT_LOC_STRINGS = NO;
				SWIFT_VERSION = 5.0;
				TARGETED_DEVICE_FAMILY = "1,2";
				TEST_HOST = "$(BUILT_PRODUCTS_DIR)/SchoolVerse.app/SchoolVerse";
			};
			name = "Debug (Development)";
		};
		163715F428C0328300DF15D4 /* Debug (Development) */ = {
			isa = XCBuildConfiguration;
			baseConfigurationReference = 163715FC28C0355300DF15D4 /* Development.xcconfig */;
			buildSettings = {
				ALWAYS_EMBED_SWIFT_STANDARD_LIBRARIES = YES;
				CODE_SIGN_STYLE = Automatic;
				CURRENT_PROJECT_VERSION = 1;
				DEVELOPMENT_TEAM = WV5B78VHQ8;
				GENERATE_INFOPLIST_FILE = YES;
				MARKETING_VERSION = 1.0;
				PRODUCT_BUNDLE_IDENTIFIER = tech.versegroup.SchoolVerseUITests;
				PRODUCT_NAME = "$(TARGET_NAME)";
				SWIFT_EMIT_LOC_STRINGS = NO;
				SWIFT_VERSION = 5.0;
				TARGETED_DEVICE_FAMILY = "1,2";
				TEST_TARGET_NAME = SchoolVerse;
			};
			name = "Debug (Development)";
		};
		163715F528C0328C00DF15D4 /* Release (Development) */ = {
			isa = XCBuildConfiguration;
			baseConfigurationReference = 163715FC28C0355300DF15D4 /* Development.xcconfig */;
			buildSettings = {
				ALWAYS_SEARCH_USER_PATHS = NO;
				CLANG_ANALYZER_NONNULL = YES;
				CLANG_ANALYZER_NUMBER_OBJECT_CONVERSION = YES_AGGRESSIVE;
				CLANG_CXX_LANGUAGE_STANDARD = "gnu++17";
				CLANG_ENABLE_MODULES = YES;
				CLANG_ENABLE_OBJC_ARC = YES;
				CLANG_ENABLE_OBJC_WEAK = YES;
				CLANG_WARN_BLOCK_CAPTURE_AUTORELEASING = YES;
				CLANG_WARN_BOOL_CONVERSION = YES;
				CLANG_WARN_COMMA = YES;
				CLANG_WARN_CONSTANT_CONVERSION = YES;
				CLANG_WARN_DEPRECATED_OBJC_IMPLEMENTATIONS = YES;
				CLANG_WARN_DIRECT_OBJC_ISA_USAGE = YES_ERROR;
				CLANG_WARN_DOCUMENTATION_COMMENTS = YES;
				CLANG_WARN_EMPTY_BODY = YES;
				CLANG_WARN_ENUM_CONVERSION = YES;
				CLANG_WARN_INFINITE_RECURSION = YES;
				CLANG_WARN_INT_CONVERSION = YES;
				CLANG_WARN_NON_LITERAL_NULL_CONVERSION = YES;
				CLANG_WARN_OBJC_IMPLICIT_RETAIN_SELF = YES;
				CLANG_WARN_OBJC_LITERAL_CONVERSION = YES;
				CLANG_WARN_OBJC_ROOT_CLASS = YES_ERROR;
				CLANG_WARN_QUOTED_INCLUDE_IN_FRAMEWORK_HEADER = YES;
				CLANG_WARN_RANGE_LOOP_ANALYSIS = YES;
				CLANG_WARN_STRICT_PROTOTYPES = YES;
				CLANG_WARN_SUSPICIOUS_MOVE = YES;
				CLANG_WARN_UNGUARDED_AVAILABILITY = YES_AGGRESSIVE;
				CLANG_WARN_UNREACHABLE_CODE = YES;
				CLANG_WARN__DUPLICATE_METHOD_MATCH = YES;
				COPY_PHASE_STRIP = NO;
				DEBUG_INFORMATION_FORMAT = "dwarf-with-dsym";
				DEVELOPMENT_TEAM = WV5B78VHQ8;
				ENABLE_NS_ASSERTIONS = NO;
				ENABLE_STRICT_OBJC_MSGSEND = YES;
				GCC_C_LANGUAGE_STANDARD = gnu11;
				GCC_NO_COMMON_BLOCKS = YES;
				GCC_WARN_64_TO_32_BIT_CONVERSION = YES;
				GCC_WARN_ABOUT_RETURN_TYPE = YES_ERROR;
				GCC_WARN_UNDECLARED_SELECTOR = YES;
				GCC_WARN_UNINITIALIZED_AUTOS = YES_AGGRESSIVE;
				GCC_WARN_UNUSED_FUNCTION = YES;
				GCC_WARN_UNUSED_VARIABLE = YES;
				IPHONEOS_DEPLOYMENT_TARGET = 16.0;
				MTL_ENABLE_DEBUG_INFO = NO;
				MTL_FAST_MATH = YES;
				SDKROOT = iphoneos;
				SWIFT_COMPILATION_MODE = wholemodule;
				SWIFT_OPTIMIZATION_LEVEL = "-O";
				VALIDATE_PRODUCT = YES;
			};
			name = "Release (Development)";
		};
		163715F628C0328C00DF15D4 /* Release (Development) */ = {
			isa = XCBuildConfiguration;
			baseConfigurationReference = 163715FC28C0355300DF15D4 /* Development.xcconfig */;
			buildSettings = {
				ASSETCATALOG_COMPILER_APPICON_NAME = AppIcon;
				ASSETCATALOG_COMPILER_GLOBAL_ACCENT_COLOR_NAME = AccentColor;
				CODE_SIGN_STYLE = Automatic;
				CURRENT_PROJECT_VERSION = 1;
				DEVELOPMENT_ASSET_PATHS = "\"SchoolVerse/Preview Content\"";
				DEVELOPMENT_TEAM = WV5B78VHQ8;
				ENABLE_PREVIEWS = YES;
				GENERATE_INFOPLIST_FILE = NO;
				INFOPLIST_FILE = SchoolVerse/Configs/Info.plist;
				INFOPLIST_KEY_CFBundleDisplayName = SchoolVerse;
				INFOPLIST_KEY_LSApplicationCategoryType = "public.app-category.education";
				INFOPLIST_KEY_UIApplicationSceneManifest_Generation = YES;
				INFOPLIST_KEY_UIApplicationSupportsIndirectInputEvents = YES;
				INFOPLIST_KEY_UILaunchScreen_Generation = YES;
				INFOPLIST_KEY_UIRequiredDeviceCapabilities = "";
				INFOPLIST_KEY_UISupportedInterfaceOrientations_iPad = "UIInterfaceOrientationPortrait UIInterfaceOrientationPortraitUpsideDown UIInterfaceOrientationLandscapeLeft UIInterfaceOrientationLandscapeRight";
				INFOPLIST_KEY_UISupportedInterfaceOrientations_iPhone = "UIInterfaceOrientationPortrait UIInterfaceOrientationLandscapeLeft UIInterfaceOrientationLandscapeRight";
				IPHONEOS_DEPLOYMENT_TARGET = 16.0;
				LD_RUNPATH_SEARCH_PATHS = (
					"$(inherited)",
					"@executable_path/Frameworks",
				);
				MARKETING_VERSION = 1.0.3;
				PRODUCT_BUNDLE_IDENTIFIER = tech.versegroup.SchoolVerse.dev;
				PRODUCT_NAME = "$(TARGET_NAME)";
				SUPPORTED_PLATFORMS = "iphoneos iphonesimulator";
				SUPPORTS_MACCATALYST = NO;
				SUPPORTS_MAC_DESIGNED_FOR_IPHONE_IPAD = NO;
				SWIFT_EMIT_LOC_STRINGS = YES;
				SWIFT_VERSION = 5.0;
				TARGETED_DEVICE_FAMILY = "1,2";
			};
			name = "Release (Development)";
		};
		163715F728C0328C00DF15D4 /* Release (Development) */ = {
			isa = XCBuildConfiguration;
			baseConfigurationReference = 163715FC28C0355300DF15D4 /* Development.xcconfig */;
			buildSettings = {
				ALWAYS_EMBED_SWIFT_STANDARD_LIBRARIES = YES;
				BUNDLE_LOADER = "$(TEST_HOST)";
				CODE_SIGN_STYLE = Automatic;
				CURRENT_PROJECT_VERSION = 1;
				DEVELOPMENT_TEAM = WV5B78VHQ8;
				GENERATE_INFOPLIST_FILE = YES;
				IPHONEOS_DEPLOYMENT_TARGET = 15.4;
				MARKETING_VERSION = 1.0;
				PRODUCT_BUNDLE_IDENTIFIER = tech.versegroup.SchoolVerseTests;
				PRODUCT_NAME = "$(TARGET_NAME)";
				SWIFT_EMIT_LOC_STRINGS = NO;
				SWIFT_VERSION = 5.0;
				TARGETED_DEVICE_FAMILY = "1,2";
				TEST_HOST = "$(BUILT_PRODUCTS_DIR)/SchoolVerse.app/SchoolVerse";
			};
			name = "Release (Development)";
		};
		163715F828C0328C00DF15D4 /* Release (Development) */ = {
			isa = XCBuildConfiguration;
			baseConfigurationReference = 163715FC28C0355300DF15D4 /* Development.xcconfig */;
			buildSettings = {
				ALWAYS_EMBED_SWIFT_STANDARD_LIBRARIES = YES;
				CODE_SIGN_STYLE = Automatic;
				CURRENT_PROJECT_VERSION = 1;
				DEVELOPMENT_TEAM = WV5B78VHQ8;
				GENERATE_INFOPLIST_FILE = YES;
				MARKETING_VERSION = 1.0;
				PRODUCT_BUNDLE_IDENTIFIER = tech.versegroup.SchoolVerseUITests;
				PRODUCT_NAME = "$(TARGET_NAME)";
				SWIFT_EMIT_LOC_STRINGS = NO;
				SWIFT_VERSION = 5.0;
				TARGETED_DEVICE_FAMILY = "1,2";
				TEST_TARGET_NAME = SchoolVerse;
			};
			name = "Release (Development)";
		};
		1674C2ED28C00FC500D92969 /* Debug (Production) */ = {
			isa = XCBuildConfiguration;
			baseConfigurationReference = 163715FD28C0355D00DF15D4 /* Production.xcconfig */;
			buildSettings = {
				ALWAYS_SEARCH_USER_PATHS = NO;
				CLANG_ANALYZER_NONNULL = YES;
				CLANG_ANALYZER_NUMBER_OBJECT_CONVERSION = YES_AGGRESSIVE;
				CLANG_CXX_LANGUAGE_STANDARD = "gnu++17";
				CLANG_ENABLE_MODULES = YES;
				CLANG_ENABLE_OBJC_ARC = YES;
				CLANG_ENABLE_OBJC_WEAK = YES;
				CLANG_WARN_BLOCK_CAPTURE_AUTORELEASING = YES;
				CLANG_WARN_BOOL_CONVERSION = YES;
				CLANG_WARN_COMMA = YES;
				CLANG_WARN_CONSTANT_CONVERSION = YES;
				CLANG_WARN_DEPRECATED_OBJC_IMPLEMENTATIONS = YES;
				CLANG_WARN_DIRECT_OBJC_ISA_USAGE = YES_ERROR;
				CLANG_WARN_DOCUMENTATION_COMMENTS = YES;
				CLANG_WARN_EMPTY_BODY = YES;
				CLANG_WARN_ENUM_CONVERSION = YES;
				CLANG_WARN_INFINITE_RECURSION = YES;
				CLANG_WARN_INT_CONVERSION = YES;
				CLANG_WARN_NON_LITERAL_NULL_CONVERSION = YES;
				CLANG_WARN_OBJC_IMPLICIT_RETAIN_SELF = YES;
				CLANG_WARN_OBJC_LITERAL_CONVERSION = YES;
				CLANG_WARN_OBJC_ROOT_CLASS = YES_ERROR;
				CLANG_WARN_QUOTED_INCLUDE_IN_FRAMEWORK_HEADER = YES;
				CLANG_WARN_RANGE_LOOP_ANALYSIS = YES;
				CLANG_WARN_STRICT_PROTOTYPES = YES;
				CLANG_WARN_SUSPICIOUS_MOVE = YES;
				CLANG_WARN_UNGUARDED_AVAILABILITY = YES_AGGRESSIVE;
				CLANG_WARN_UNREACHABLE_CODE = YES;
				CLANG_WARN__DUPLICATE_METHOD_MATCH = YES;
				COPY_PHASE_STRIP = NO;
				DEBUG_INFORMATION_FORMAT = dwarf;
				DEVELOPMENT_TEAM = WV5B78VHQ8;
				ENABLE_STRICT_OBJC_MSGSEND = YES;
				ENABLE_TESTABILITY = YES;
				GCC_C_LANGUAGE_STANDARD = gnu11;
				GCC_DYNAMIC_NO_PIC = NO;
				GCC_NO_COMMON_BLOCKS = YES;
				GCC_OPTIMIZATION_LEVEL = 0;
				GCC_PREPROCESSOR_DEFINITIONS = (
					"DEBUG=1",
					"$(inherited)",
				);
				GCC_WARN_64_TO_32_BIT_CONVERSION = YES;
				GCC_WARN_ABOUT_RETURN_TYPE = YES_ERROR;
				GCC_WARN_UNDECLARED_SELECTOR = YES;
				GCC_WARN_UNINITIALIZED_AUTOS = YES_AGGRESSIVE;
				GCC_WARN_UNUSED_FUNCTION = YES;
				GCC_WARN_UNUSED_VARIABLE = YES;
				IPHONEOS_DEPLOYMENT_TARGET = 16.0;
				MTL_ENABLE_DEBUG_INFO = INCLUDE_SOURCE;
				MTL_FAST_MATH = YES;
				ONLY_ACTIVE_ARCH = YES;
				SDKROOT = iphoneos;
				SWIFT_ACTIVE_COMPILATION_CONDITIONS = DEBUG;
				SWIFT_OPTIMIZATION_LEVEL = "-Onone";
			};
			name = "Debug (Production)";
		};
		1674C2EE28C00FC500D92969 /* Release (Production) */ = {
			isa = XCBuildConfiguration;
			baseConfigurationReference = 163715FD28C0355D00DF15D4 /* Production.xcconfig */;
			buildSettings = {
				ALWAYS_SEARCH_USER_PATHS = NO;
				CLANG_ANALYZER_NONNULL = YES;
				CLANG_ANALYZER_NUMBER_OBJECT_CONVERSION = YES_AGGRESSIVE;
				CLANG_CXX_LANGUAGE_STANDARD = "gnu++17";
				CLANG_ENABLE_MODULES = YES;
				CLANG_ENABLE_OBJC_ARC = YES;
				CLANG_ENABLE_OBJC_WEAK = YES;
				CLANG_WARN_BLOCK_CAPTURE_AUTORELEASING = YES;
				CLANG_WARN_BOOL_CONVERSION = YES;
				CLANG_WARN_COMMA = YES;
				CLANG_WARN_CONSTANT_CONVERSION = YES;
				CLANG_WARN_DEPRECATED_OBJC_IMPLEMENTATIONS = YES;
				CLANG_WARN_DIRECT_OBJC_ISA_USAGE = YES_ERROR;
				CLANG_WARN_DOCUMENTATION_COMMENTS = YES;
				CLANG_WARN_EMPTY_BODY = YES;
				CLANG_WARN_ENUM_CONVERSION = YES;
				CLANG_WARN_INFINITE_RECURSION = YES;
				CLANG_WARN_INT_CONVERSION = YES;
				CLANG_WARN_NON_LITERAL_NULL_CONVERSION = YES;
				CLANG_WARN_OBJC_IMPLICIT_RETAIN_SELF = YES;
				CLANG_WARN_OBJC_LITERAL_CONVERSION = YES;
				CLANG_WARN_OBJC_ROOT_CLASS = YES_ERROR;
				CLANG_WARN_QUOTED_INCLUDE_IN_FRAMEWORK_HEADER = YES;
				CLANG_WARN_RANGE_LOOP_ANALYSIS = YES;
				CLANG_WARN_STRICT_PROTOTYPES = YES;
				CLANG_WARN_SUSPICIOUS_MOVE = YES;
				CLANG_WARN_UNGUARDED_AVAILABILITY = YES_AGGRESSIVE;
				CLANG_WARN_UNREACHABLE_CODE = YES;
				CLANG_WARN__DUPLICATE_METHOD_MATCH = YES;
				COPY_PHASE_STRIP = NO;
				DEBUG_INFORMATION_FORMAT = "dwarf-with-dsym";
				DEVELOPMENT_TEAM = WV5B78VHQ8;
				ENABLE_NS_ASSERTIONS = NO;
				ENABLE_STRICT_OBJC_MSGSEND = YES;
				GCC_C_LANGUAGE_STANDARD = gnu11;
				GCC_NO_COMMON_BLOCKS = YES;
				GCC_WARN_64_TO_32_BIT_CONVERSION = YES;
				GCC_WARN_ABOUT_RETURN_TYPE = YES_ERROR;
				GCC_WARN_UNDECLARED_SELECTOR = YES;
				GCC_WARN_UNINITIALIZED_AUTOS = YES_AGGRESSIVE;
				GCC_WARN_UNUSED_FUNCTION = YES;
				GCC_WARN_UNUSED_VARIABLE = YES;
				IPHONEOS_DEPLOYMENT_TARGET = 16.0;
				MTL_ENABLE_DEBUG_INFO = NO;
				MTL_FAST_MATH = YES;
				SDKROOT = iphoneos;
				SWIFT_COMPILATION_MODE = wholemodule;
				SWIFT_OPTIMIZATION_LEVEL = "-O";
				VALIDATE_PRODUCT = YES;
			};
			name = "Release (Production)";
		};
		1674C2F028C00FC500D92969 /* Debug (Production) */ = {
			isa = XCBuildConfiguration;
			baseConfigurationReference = 163715FD28C0355D00DF15D4 /* Production.xcconfig */;
			buildSettings = {
				ASSETCATALOG_COMPILER_APPICON_NAME = AppIcon;
				ASSETCATALOG_COMPILER_GLOBAL_ACCENT_COLOR_NAME = AccentColor;
				CODE_SIGN_IDENTITY = "Apple Development";
				CODE_SIGN_STYLE = Automatic;
				CURRENT_PROJECT_VERSION = 1;
				DEVELOPMENT_ASSET_PATHS = "\"SchoolVerse/Preview Content\"";
				DEVELOPMENT_TEAM = WV5B78VHQ8;
				ENABLE_PREVIEWS = YES;
				GENERATE_INFOPLIST_FILE = NO;
				INFOPLIST_FILE = SchoolVerse/Configs/Info.plist;
				INFOPLIST_KEY_CFBundleDisplayName = SchoolVerse;
				INFOPLIST_KEY_LSApplicationCategoryType = "public.app-category.education";
				INFOPLIST_KEY_UIApplicationSceneManifest_Generation = YES;
				INFOPLIST_KEY_UIApplicationSupportsIndirectInputEvents = YES;
				INFOPLIST_KEY_UILaunchScreen_Generation = YES;
				INFOPLIST_KEY_UIRequiredDeviceCapabilities = "";
				INFOPLIST_KEY_UISupportedInterfaceOrientations_iPad = "UIInterfaceOrientationPortrait UIInterfaceOrientationPortraitUpsideDown UIInterfaceOrientationLandscapeLeft UIInterfaceOrientationLandscapeRight";
				INFOPLIST_KEY_UISupportedInterfaceOrientations_iPhone = "UIInterfaceOrientationPortrait UIInterfaceOrientationLandscapeLeft UIInterfaceOrientationLandscapeRight";
				IPHONEOS_DEPLOYMENT_TARGET = 16.0;
				LD_RUNPATH_SEARCH_PATHS = (
					"$(inherited)",
					"@executable_path/Frameworks",
				);
				MARKETING_VERSION = 1.0.3;
				PRODUCT_BUNDLE_IDENTIFIER = tech.versegroup.SchoolVerse;
				PRODUCT_NAME = "$(TARGET_NAME)";
				PROVISIONING_PROFILE_SPECIFIER = "";
				SUPPORTED_PLATFORMS = "iphoneos iphonesimulator";
				SUPPORTS_MACCATALYST = NO;
				SUPPORTS_MAC_DESIGNED_FOR_IPHONE_IPAD = NO;
				SWIFT_EMIT_LOC_STRINGS = YES;
				SWIFT_VERSION = 5.0;
				TARGETED_DEVICE_FAMILY = "1,2";
			};
			name = "Debug (Production)";
		};
		1674C2F128C00FC500D92969 /* Release (Production) */ = {
			isa = XCBuildConfiguration;
			baseConfigurationReference = 163715FD28C0355D00DF15D4 /* Production.xcconfig */;
			buildSettings = {
				ASSETCATALOG_COMPILER_APPICON_NAME = AppIcon;
				ASSETCATALOG_COMPILER_GLOBAL_ACCENT_COLOR_NAME = AccentColor;
				CODE_SIGN_IDENTITY = "Apple Development";
				CODE_SIGN_STYLE = Automatic;
				CURRENT_PROJECT_VERSION = 1;
				DEVELOPMENT_ASSET_PATHS = "\"SchoolVerse/Preview Content\"";
				DEVELOPMENT_TEAM = WV5B78VHQ8;
				ENABLE_PREVIEWS = YES;
				GENERATE_INFOPLIST_FILE = NO;
				INFOPLIST_FILE = SchoolVerse/Configs/Info.plist;
				INFOPLIST_KEY_CFBundleDisplayName = SchoolVerse;
				INFOPLIST_KEY_LSApplicationCategoryType = "public.app-category.education";
				INFOPLIST_KEY_UIApplicationSceneManifest_Generation = YES;
				INFOPLIST_KEY_UIApplicationSupportsIndirectInputEvents = YES;
				INFOPLIST_KEY_UILaunchScreen_Generation = YES;
				INFOPLIST_KEY_UIRequiredDeviceCapabilities = "";
				INFOPLIST_KEY_UISupportedInterfaceOrientations_iPad = "UIInterfaceOrientationPortrait UIInterfaceOrientationPortraitUpsideDown UIInterfaceOrientationLandscapeLeft UIInterfaceOrientationLandscapeRight";
				INFOPLIST_KEY_UISupportedInterfaceOrientations_iPhone = "UIInterfaceOrientationPortrait UIInterfaceOrientationLandscapeLeft UIInterfaceOrientationLandscapeRight";
				IPHONEOS_DEPLOYMENT_TARGET = 16.0;
				LD_RUNPATH_SEARCH_PATHS = (
					"$(inherited)",
					"@executable_path/Frameworks",
				);
				MARKETING_VERSION = 1.0.3;
				PRODUCT_BUNDLE_IDENTIFIER = tech.versegroup.SchoolVerse;
				PRODUCT_NAME = "$(TARGET_NAME)";
				PROVISIONING_PROFILE_SPECIFIER = "";
				SUPPORTED_PLATFORMS = "iphoneos iphonesimulator";
				SUPPORTS_MACCATALYST = NO;
				SUPPORTS_MAC_DESIGNED_FOR_IPHONE_IPAD = NO;
				SWIFT_EMIT_LOC_STRINGS = YES;
				SWIFT_VERSION = 5.0;
				TARGETED_DEVICE_FAMILY = "1,2";
			};
			name = "Release (Production)";
		};
		1674C2F328C00FC500D92969 /* Debug (Production) */ = {
			isa = XCBuildConfiguration;
			baseConfigurationReference = 163715FD28C0355D00DF15D4 /* Production.xcconfig */;
			buildSettings = {
				ALWAYS_EMBED_SWIFT_STANDARD_LIBRARIES = YES;
				BUNDLE_LOADER = "$(TEST_HOST)";
				CODE_SIGN_STYLE = Automatic;
				CURRENT_PROJECT_VERSION = 1;
				DEVELOPMENT_TEAM = WV5B78VHQ8;
				GENERATE_INFOPLIST_FILE = YES;
				IPHONEOS_DEPLOYMENT_TARGET = 15.4;
				MARKETING_VERSION = 1.0;
				PRODUCT_BUNDLE_IDENTIFIER = tech.versegroup.SchoolVerseTests;
				PRODUCT_NAME = "$(TARGET_NAME)";
				SWIFT_EMIT_LOC_STRINGS = NO;
				SWIFT_VERSION = 5.0;
				TARGETED_DEVICE_FAMILY = "1,2";
				TEST_HOST = "$(BUILT_PRODUCTS_DIR)/SchoolVerse.app/SchoolVerse";
			};
			name = "Debug (Production)";
		};
		1674C2F428C00FC500D92969 /* Release (Production) */ = {
			isa = XCBuildConfiguration;
			baseConfigurationReference = 163715FD28C0355D00DF15D4 /* Production.xcconfig */;
			buildSettings = {
				ALWAYS_EMBED_SWIFT_STANDARD_LIBRARIES = YES;
				BUNDLE_LOADER = "$(TEST_HOST)";
				CODE_SIGN_STYLE = Automatic;
				CURRENT_PROJECT_VERSION = 1;
				DEVELOPMENT_TEAM = WV5B78VHQ8;
				GENERATE_INFOPLIST_FILE = YES;
				IPHONEOS_DEPLOYMENT_TARGET = 15.4;
				MARKETING_VERSION = 1.0;
				PRODUCT_BUNDLE_IDENTIFIER = tech.versegroup.SchoolVerseTests;
				PRODUCT_NAME = "$(TARGET_NAME)";
				SWIFT_EMIT_LOC_STRINGS = NO;
				SWIFT_VERSION = 5.0;
				TARGETED_DEVICE_FAMILY = "1,2";
				TEST_HOST = "$(BUILT_PRODUCTS_DIR)/SchoolVerse.app/SchoolVerse";
			};
			name = "Release (Production)";
		};
		1674C2F628C00FC500D92969 /* Debug (Production) */ = {
			isa = XCBuildConfiguration;
			baseConfigurationReference = 163715FD28C0355D00DF15D4 /* Production.xcconfig */;
			buildSettings = {
				ALWAYS_EMBED_SWIFT_STANDARD_LIBRARIES = YES;
				CODE_SIGN_STYLE = Automatic;
				CURRENT_PROJECT_VERSION = 1;
				DEVELOPMENT_TEAM = WV5B78VHQ8;
				GENERATE_INFOPLIST_FILE = YES;
				MARKETING_VERSION = 1.0;
				PRODUCT_BUNDLE_IDENTIFIER = tech.versegroup.SchoolVerseUITests;
				PRODUCT_NAME = "$(TARGET_NAME)";
				SWIFT_EMIT_LOC_STRINGS = NO;
				SWIFT_VERSION = 5.0;
				TARGETED_DEVICE_FAMILY = "1,2";
				TEST_TARGET_NAME = SchoolVerse;
			};
			name = "Debug (Production)";
		};
		1674C2F728C00FC500D92969 /* Release (Production) */ = {
			isa = XCBuildConfiguration;
			baseConfigurationReference = 163715FD28C0355D00DF15D4 /* Production.xcconfig */;
			buildSettings = {
				ALWAYS_EMBED_SWIFT_STANDARD_LIBRARIES = YES;
				CODE_SIGN_STYLE = Automatic;
				CURRENT_PROJECT_VERSION = 1;
				DEVELOPMENT_TEAM = WV5B78VHQ8;
				GENERATE_INFOPLIST_FILE = YES;
				MARKETING_VERSION = 1.0;
				PRODUCT_BUNDLE_IDENTIFIER = tech.versegroup.SchoolVerseUITests;
				PRODUCT_NAME = "$(TARGET_NAME)";
				SWIFT_EMIT_LOC_STRINGS = NO;
				SWIFT_VERSION = 5.0;
				TARGETED_DEVICE_FAMILY = "1,2";
				TEST_TARGET_NAME = SchoolVerse;
			};
			name = "Release (Production)";
		};
/* End XCBuildConfiguration section */

/* Begin XCConfigurationList section */
		1674C2C628C00FC400D92969 /* Build configuration list for PBXProject "SchoolVerse" */ = {
			isa = XCConfigurationList;
			buildConfigurations = (
				1674C2ED28C00FC500D92969 /* Debug (Production) */,
				163715F128C0328300DF15D4 /* Debug (Development) */,
				1674C2EE28C00FC500D92969 /* Release (Production) */,
				163715F528C0328C00DF15D4 /* Release (Development) */,
			);
			defaultConfigurationIsVisible = 0;
			defaultConfigurationName = "Release (Production)";
		};
		1674C2EF28C00FC500D92969 /* Build configuration list for PBXNativeTarget "SchoolVerse" */ = {
			isa = XCConfigurationList;
			buildConfigurations = (
				1674C2F028C00FC500D92969 /* Debug (Production) */,
				163715F228C0328300DF15D4 /* Debug (Development) */,
				1674C2F128C00FC500D92969 /* Release (Production) */,
				163715F628C0328C00DF15D4 /* Release (Development) */,
			);
			defaultConfigurationIsVisible = 0;
			defaultConfigurationName = "Release (Production)";
		};
		1674C2F228C00FC500D92969 /* Build configuration list for PBXNativeTarget "SchoolVerseTests" */ = {
			isa = XCConfigurationList;
			buildConfigurations = (
				1674C2F328C00FC500D92969 /* Debug (Production) */,
				163715F328C0328300DF15D4 /* Debug (Development) */,
				1674C2F428C00FC500D92969 /* Release (Production) */,
				163715F728C0328C00DF15D4 /* Release (Development) */,
			);
			defaultConfigurationIsVisible = 0;
			defaultConfigurationName = "Release (Production)";
		};
		1674C2F528C00FC500D92969 /* Build configuration list for PBXNativeTarget "SchoolVerseUITests" */ = {
			isa = XCConfigurationList;
			buildConfigurations = (
				1674C2F628C00FC500D92969 /* Debug (Production) */,
				163715F428C0328300DF15D4 /* Debug (Development) */,
				1674C2F728C00FC500D92969 /* Release (Production) */,
				163715F828C0328C00DF15D4 /* Release (Development) */,
			);
			defaultConfigurationIsVisible = 0;
			defaultConfigurationName = "Release (Production)";
		};
/* End XCConfigurationList section */

/* Begin XCRemoteSwiftPackageReference section */
		1612195828E15B8E0063BC3A /* XCRemoteSwiftPackageReference "Alamofire" */ = {
			isa = XCRemoteSwiftPackageReference;
			repositoryURL = "https://github.com/Alamofire/Alamofire";
			requirement = {
				kind = upToNextMinorVersion;
				minimumVersion = 5.6.0;
			};
		};
		1618018A28D90926006B5291 /* XCRemoteSwiftPackageReference "Popovers" */ = {
			isa = XCRemoteSwiftPackageReference;
			repositoryURL = "https://github.com/aheze/Popovers";
			requirement = {
				kind = upToNextMinorVersion;
				minimumVersion = 1.3.2;
			};
		};
		1637160528C0405C00DF15D4 /* XCRemoteSwiftPackageReference "firebase-ios-sdk" */ = {
			isa = XCRemoteSwiftPackageReference;
			repositoryURL = "https://github.com/firebase/firebase-ios-sdk";
			requirement = {
				kind = upToNextMinorVersion;
				minimumVersion = 9.5.0;
			};
		};
		1637161D28C0514B00DF15D4 /* XCRemoteSwiftPackageReference "Resolver" */ = {
			isa = XCRemoteSwiftPackageReference;
			repositoryURL = "https://github.com/hmlongco/Resolver";
			requirement = {
				kind = upToNextMinorVersion;
				minimumVersion = 1.5.0;
			};
		};
		166C1D1128EA249200F265FA /* XCRemoteSwiftPackageReference "swift-collections" */ = {
			isa = XCRemoteSwiftPackageReference;
			repositoryURL = "https://github.com/apple/swift-collections.git";
			requirement = {
				kind = upToNextMinorVersion;
				minimumVersion = 1.0.0;
			};
		};
/* End XCRemoteSwiftPackageReference section */

/* Begin XCSwiftPackageProductDependency section */
		1612195928E15B8F0063BC3A /* Alamofire */ = {
			isa = XCSwiftPackageProductDependency;
			package = 1612195828E15B8E0063BC3A /* XCRemoteSwiftPackageReference "Alamofire" */;
			productName = Alamofire;
		};
		1618018B28D90926006B5291 /* Popovers */ = {
			isa = XCSwiftPackageProductDependency;
			package = 1618018A28D90926006B5291 /* XCRemoteSwiftPackageReference "Popovers" */;
			productName = Popovers;
		};
		1637160628C0405C00DF15D4 /* FirebaseAuth */ = {
			isa = XCSwiftPackageProductDependency;
			package = 1637160528C0405C00DF15D4 /* XCRemoteSwiftPackageReference "firebase-ios-sdk" */;
			productName = FirebaseAuth;
		};
		1637160828C0405C00DF15D4 /* FirebaseAuthCombine-Community */ = {
			isa = XCSwiftPackageProductDependency;
			package = 1637160528C0405C00DF15D4 /* XCRemoteSwiftPackageReference "firebase-ios-sdk" */;
			productName = "FirebaseAuthCombine-Community";
		};
		1637160A28C0405C00DF15D4 /* FirebaseFirestore */ = {
			isa = XCSwiftPackageProductDependency;
			package = 1637160528C0405C00DF15D4 /* XCRemoteSwiftPackageReference "firebase-ios-sdk" */;
			productName = FirebaseFirestore;
		};
		1637160C28C0405C00DF15D4 /* FirebaseFirestoreCombine-Community */ = {
			isa = XCSwiftPackageProductDependency;
			package = 1637160528C0405C00DF15D4 /* XCRemoteSwiftPackageReference "firebase-ios-sdk" */;
			productName = "FirebaseFirestoreCombine-Community";
		};
		1637160E28C0405C00DF15D4 /* FirebaseFirestoreSwift */ = {
			isa = XCSwiftPackageProductDependency;
			package = 1637160528C0405C00DF15D4 /* XCRemoteSwiftPackageReference "firebase-ios-sdk" */;
			productName = FirebaseFirestoreSwift;
		};
		1637161028C0405C00DF15D4 /* FirebaseFunctions */ = {
			isa = XCSwiftPackageProductDependency;
			package = 1637160528C0405C00DF15D4 /* XCRemoteSwiftPackageReference "firebase-ios-sdk" */;
			productName = FirebaseFunctions;
		};
		1637161228C0405C00DF15D4 /* FirebaseFunctionsCombine-Community */ = {
			isa = XCSwiftPackageProductDependency;
			package = 1637160528C0405C00DF15D4 /* XCRemoteSwiftPackageReference "firebase-ios-sdk" */;
			productName = "FirebaseFunctionsCombine-Community";
		};
		1637161E28C0514B00DF15D4 /* Resolver */ = {
			isa = XCSwiftPackageProductDependency;
			package = 1637161D28C0514B00DF15D4 /* XCRemoteSwiftPackageReference "Resolver" */;
			productName = Resolver;
		};
		166C1D1228EA249200F265FA /* Collections */ = {
			isa = XCSwiftPackageProductDependency;
			package = 166C1D1128EA249200F265FA /* XCRemoteSwiftPackageReference "swift-collections" */;
			productName = Collections;
		};
		166C1D1428EA249200F265FA /* OrderedCollections */ = {
			isa = XCSwiftPackageProductDependency;
			package = 166C1D1128EA249200F265FA /* XCRemoteSwiftPackageReference "swift-collections" */;
			productName = OrderedCollections;
		};
/* End XCSwiftPackageProductDependency section */
	};
	rootObject = 1674C2C328C00FC400D92969 /* Project object */;
}
