// !$*UTF8*$!
{
	archiveVersion = 1;
	classes = {
	};
	objectVersion = 55;
	objects = {

/* Begin PBXBuildFile section */
		1604B17828D7B3E500931C90 /* App+Injection.swift in Sources */ = {isa = PBXBuildFile; fileRef = 1604B17728D7B3E500931C90 /* App+Injection.swift */; };
		1604B17A28D80EE600931C90 /* RouterView.swift in Sources */ = {isa = PBXBuildFile; fileRef = 1604B17928D80EE600931C90 /* RouterView.swift */; };
		1604B18028D8120300931C90 /* OnboardingView.swift in Sources */ = {isa = PBXBuildFile; fileRef = 1604B17F28D8120300931C90 /* OnboardingView.swift */; };
		1604B18428D8E51B00931C90 /* AuthenticationView.swift in Sources */ = {isa = PBXBuildFile; fileRef = 1604B18328D8E51B00931C90 /* AuthenticationView.swift */; };
		1604B18628D8E68C00931C90 /* SignUpView.swift in Sources */ = {isa = PBXBuildFile; fileRef = 1604B18528D8E68C00931C90 /* SignUpView.swift */; };
		1604B18828D8E69700931C90 /* SignInView.swift in Sources */ = {isa = PBXBuildFile; fileRef = 1604B18728D8E69700931C90 /* SignInView.swift */; };
		1618018C28D90926006B5291 /* Popovers in Frameworks */ = {isa = PBXBuildFile; productRef = 1618018B28D90926006B5291 /* Popovers */; };
		1618018E28D90ADF006B5291 /* AppView.swift in Sources */ = {isa = PBXBuildFile; fileRef = 1618018D28D90ADF006B5291 /* AppView.swift */; };
		1618019428D90B55006B5291 /* TabBarItem.swift in Sources */ = {isa = PBXBuildFile; fileRef = 1618019028D90B55006B5291 /* TabBarItem.swift */; };
		1618019528D90B55006B5291 /* TabBarItemViewModifier.swift in Sources */ = {isa = PBXBuildFile; fileRef = 1618019128D90B55006B5291 /* TabBarItemViewModifier.swift */; };
		1618019628D90B55006B5291 /* TabBarViewBuilder.swift in Sources */ = {isa = PBXBuildFile; fileRef = 1618019228D90B55006B5291 /* TabBarViewBuilder.swift */; };
		1618019728D90B55006B5291 /* TabBarView.swift in Sources */ = {isa = PBXBuildFile; fileRef = 1618019328D90B55006B5291 /* TabBarView.swift */; };
		1618019928D90CF4006B5291 /* Color.swift in Sources */ = {isa = PBXBuildFile; fileRef = 1618019828D90CF4006B5291 /* Color.swift */; };
		163715FF28C03A0C00DF15D4 /* CustomEnvironment.swift in Sources */ = {isa = PBXBuildFile; fileRef = 163715FE28C03A0C00DF15D4 /* CustomEnvironment.swift */; };
		1637160728C0405C00DF15D4 /* FirebaseAuth in Frameworks */ = {isa = PBXBuildFile; productRef = 1637160628C0405C00DF15D4 /* FirebaseAuth */; };
		1637160928C0405C00DF15D4 /* FirebaseAuthCombine-Community in Frameworks */ = {isa = PBXBuildFile; productRef = 1637160828C0405C00DF15D4 /* FirebaseAuthCombine-Community */; };
		1637160B28C0405C00DF15D4 /* FirebaseFirestore in Frameworks */ = {isa = PBXBuildFile; productRef = 1637160A28C0405C00DF15D4 /* FirebaseFirestore */; };
		1637160D28C0405C00DF15D4 /* FirebaseFirestoreCombine-Community in Frameworks */ = {isa = PBXBuildFile; productRef = 1637160C28C0405C00DF15D4 /* FirebaseFirestoreCombine-Community */; };
		1637160F28C0405C00DF15D4 /* FirebaseFirestoreSwift in Frameworks */ = {isa = PBXBuildFile; productRef = 1637160E28C0405C00DF15D4 /* FirebaseFirestoreSwift */; };
		1637161128C0405C00DF15D4 /* FirebaseFunctions in Frameworks */ = {isa = PBXBuildFile; productRef = 1637161028C0405C00DF15D4 /* FirebaseFunctions */; };
		1637161328C0405C00DF15D4 /* FirebaseFunctionsCombine-Community in Frameworks */ = {isa = PBXBuildFile; productRef = 1637161228C0405C00DF15D4 /* FirebaseFunctionsCombine-Community */; };
		1637161428C0434000DF15D4 /* GoogleService-Info-Prod.plist in Resources */ = {isa = PBXBuildFile; fileRef = 1637160428C03E9B00DF15D4 /* GoogleService-Info-Prod.plist */; };
		1637161C28C047C400DF15D4 /* GoogleService-Info-Dev.plist in Resources */ = {isa = PBXBuildFile; fileRef = 1637161B28C047C400DF15D4 /* GoogleService-Info-Dev.plist */; };
		1637161F28C0514B00DF15D4 /* Resolver in Frameworks */ = {isa = PBXBuildFile; productRef = 1637161E28C0514B00DF15D4 /* Resolver */; };
		1637164128C057B300DF15D4 /* Menu.swift in Sources */ = {isa = PBXBuildFile; fileRef = 1637164028C057B300DF15D4 /* Menu.swift */; };
		1674C2CF28C00FC400D92969 /* SchoolVerseApp.swift in Sources */ = {isa = PBXBuildFile; fileRef = 1674C2CE28C00FC400D92969 /* SchoolVerseApp.swift */; };
		1674C2D328C00FC500D92969 /* Assets.xcassets in Resources */ = {isa = PBXBuildFile; fileRef = 1674C2D228C00FC500D92969 /* Assets.xcassets */; };
		1674C2D628C00FC500D92969 /* Preview Assets.xcassets in Resources */ = {isa = PBXBuildFile; fileRef = 1674C2D528C00FC500D92969 /* Preview Assets.xcassets */; };
		1674C2E028C00FC500D92969 /* SchoolVerseTests.swift in Sources */ = {isa = PBXBuildFile; fileRef = 1674C2DF28C00FC500D92969 /* SchoolVerseTests.swift */; };
		1674C2EA28C00FC500D92969 /* SchoolVerseUITests.swift in Sources */ = {isa = PBXBuildFile; fileRef = 1674C2E928C00FC500D92969 /* SchoolVerseUITests.swift */; };
		1674C2EC28C00FC500D92969 /* SchoolVerseUITestsLaunchTests.swift in Sources */ = {isa = PBXBuildFile; fileRef = 1674C2EB28C00FC500D92969 /* SchoolVerseUITestsLaunchTests.swift */; };
		1688F95428C167AA0077B8F6 /* AuthenticationManager.swift in Sources */ = {isa = PBXBuildFile; fileRef = 1688F95328C167AA0077B8F6 /* AuthenticationManager.swift */; };
		1688F95828C2A9140077B8F6 /* UserModel.swift in Sources */ = {isa = PBXBuildFile; fileRef = 1688F95728C2A9140077B8F6 /* UserModel.swift */; };
		1688F95A28C2AA1C0077B8F6 /* Schedule.swift in Sources */ = {isa = PBXBuildFile; fileRef = 1688F95928C2AA1C0077B8F6 /* Schedule.swift */; };
		1688F95C28C2AAAE0077B8F6 /* Day.swift in Sources */ = {isa = PBXBuildFile; fileRef = 1688F95B28C2AAAE0077B8F6 /* Day.swift */; };
		1688F95E28C2AB2A0077B8F6 /* Credentials.swift in Sources */ = {isa = PBXBuildFile; fileRef = 1688F95D28C2AB2A0077B8F6 /* Credentials.swift */; };
		1688F96028C2ACBB0077B8F6 /* Course.swift in Sources */ = {isa = PBXBuildFile; fileRef = 1688F95F28C2ACBB0077B8F6 /* Course.swift */; };
/* End PBXBuildFile section */

/* Begin PBXContainerItemProxy section */
		1674C2DC28C00FC500D92969 /* PBXContainerItemProxy */ = {
			isa = PBXContainerItemProxy;
			containerPortal = 1674C2C328C00FC400D92969 /* Project object */;
			proxyType = 1;
			remoteGlobalIDString = 1674C2CA28C00FC400D92969;
			remoteInfo = SchoolVerse;
		};
		1674C2E628C00FC500D92969 /* PBXContainerItemProxy */ = {
			isa = PBXContainerItemProxy;
			containerPortal = 1674C2C328C00FC400D92969 /* Project object */;
			proxyType = 1;
			remoteGlobalIDString = 1674C2CA28C00FC400D92969;
			remoteInfo = SchoolVerse;
		};
/* End PBXContainerItemProxy section */

/* Begin PBXFileReference section */
		1604B17728D7B3E500931C90 /* App+Injection.swift */ = {isa = PBXFileReference; lastKnownFileType = sourcecode.swift; path = "App+Injection.swift"; sourceTree = "<group>"; };
		1604B17928D80EE600931C90 /* RouterView.swift */ = {isa = PBXFileReference; lastKnownFileType = sourcecode.swift; path = RouterView.swift; sourceTree = "<group>"; };
		1604B17F28D8120300931C90 /* OnboardingView.swift */ = {isa = PBXFileReference; lastKnownFileType = sourcecode.swift; path = OnboardingView.swift; sourceTree = "<group>"; };
		1604B18328D8E51B00931C90 /* AuthenticationView.swift */ = {isa = PBXFileReference; lastKnownFileType = sourcecode.swift; path = AuthenticationView.swift; sourceTree = "<group>"; };
		1604B18528D8E68C00931C90 /* SignUpView.swift */ = {isa = PBXFileReference; lastKnownFileType = sourcecode.swift; path = SignUpView.swift; sourceTree = "<group>"; };
		1604B18728D8E69700931C90 /* SignInView.swift */ = {isa = PBXFileReference; lastKnownFileType = sourcecode.swift; path = SignInView.swift; sourceTree = "<group>"; };
		1618018D28D90ADF006B5291 /* AppView.swift */ = {isa = PBXFileReference; lastKnownFileType = sourcecode.swift; path = AppView.swift; sourceTree = "<group>"; };
		1618019028D90B55006B5291 /* TabBarItem.swift */ = {isa = PBXFileReference; fileEncoding = 4; lastKnownFileType = sourcecode.swift; path = TabBarItem.swift; sourceTree = "<group>"; };
		1618019128D90B55006B5291 /* TabBarItemViewModifier.swift */ = {isa = PBXFileReference; fileEncoding = 4; lastKnownFileType = sourcecode.swift; path = TabBarItemViewModifier.swift; sourceTree = "<group>"; };
		1618019228D90B55006B5291 /* TabBarViewBuilder.swift */ = {isa = PBXFileReference; fileEncoding = 4; lastKnownFileType = sourcecode.swift; path = TabBarViewBuilder.swift; sourceTree = "<group>"; };
		1618019328D90B55006B5291 /* TabBarView.swift */ = {isa = PBXFileReference; fileEncoding = 4; lastKnownFileType = sourcecode.swift; path = TabBarView.swift; sourceTree = "<group>"; };
		1618019828D90CF4006B5291 /* Color.swift */ = {isa = PBXFileReference; lastKnownFileType = sourcecode.swift; path = Color.swift; sourceTree = "<group>"; };
		163715FA28C0330700DF15D4 /* Info.plist */ = {isa = PBXFileReference; lastKnownFileType = text.plist.xml; path = Info.plist; sourceTree = "<group>"; };
		163715FC28C0355300DF15D4 /* Development.xcconfig */ = {isa = PBXFileReference; lastKnownFileType = text.xcconfig; path = Development.xcconfig; sourceTree = "<group>"; };
		163715FD28C0355D00DF15D4 /* Production.xcconfig */ = {isa = PBXFileReference; lastKnownFileType = text.xcconfig; path = Production.xcconfig; sourceTree = "<group>"; };
		163715FE28C03A0C00DF15D4 /* CustomEnvironment.swift */ = {isa = PBXFileReference; lastKnownFileType = sourcecode.swift; path = CustomEnvironment.swift; sourceTree = "<group>"; };
		1637160428C03E9B00DF15D4 /* GoogleService-Info-Prod.plist */ = {isa = PBXFileReference; lastKnownFileType = text.plist.xml; path = "GoogleService-Info-Prod.plist"; sourceTree = "<group>"; };
		1637161B28C047C400DF15D4 /* GoogleService-Info-Dev.plist */ = {isa = PBXFileReference; fileEncoding = 4; lastKnownFileType = text.plist.xml; path = "GoogleService-Info-Dev.plist"; sourceTree = "<group>"; };
		1637164028C057B300DF15D4 /* Menu.swift */ = {isa = PBXFileReference; lastKnownFileType = sourcecode.swift; path = Menu.swift; sourceTree = "<group>"; };
		1674C2CB28C00FC400D92969 /* SchoolVerse.app */ = {isa = PBXFileReference; explicitFileType = wrapper.application; includeInIndex = 0; path = SchoolVerse.app; sourceTree = BUILT_PRODUCTS_DIR; };
		1674C2CE28C00FC400D92969 /* SchoolVerseApp.swift */ = {isa = PBXFileReference; lastKnownFileType = sourcecode.swift; path = SchoolVerseApp.swift; sourceTree = "<group>"; };
		1674C2D228C00FC500D92969 /* Assets.xcassets */ = {isa = PBXFileReference; lastKnownFileType = folder.assetcatalog; path = Assets.xcassets; sourceTree = "<group>"; };
		1674C2D528C00FC500D92969 /* Preview Assets.xcassets */ = {isa = PBXFileReference; lastKnownFileType = folder.assetcatalog; path = "Preview Assets.xcassets"; sourceTree = "<group>"; };
		1674C2DB28C00FC500D92969 /* SchoolVerseTests.xctest */ = {isa = PBXFileReference; explicitFileType = wrapper.cfbundle; includeInIndex = 0; path = SchoolVerseTests.xctest; sourceTree = BUILT_PRODUCTS_DIR; };
		1674C2DF28C00FC500D92969 /* SchoolVerseTests.swift */ = {isa = PBXFileReference; lastKnownFileType = sourcecode.swift; path = SchoolVerseTests.swift; sourceTree = "<group>"; };
		1674C2E528C00FC500D92969 /* SchoolVerseUITests.xctest */ = {isa = PBXFileReference; explicitFileType = wrapper.cfbundle; includeInIndex = 0; path = SchoolVerseUITests.xctest; sourceTree = BUILT_PRODUCTS_DIR; };
		1674C2E928C00FC500D92969 /* SchoolVerseUITests.swift */ = {isa = PBXFileReference; lastKnownFileType = sourcecode.swift; path = SchoolVerseUITests.swift; sourceTree = "<group>"; };
		1674C2EB28C00FC500D92969 /* SchoolVerseUITestsLaunchTests.swift */ = {isa = PBXFileReference; lastKnownFileType = sourcecode.swift; path = SchoolVerseUITestsLaunchTests.swift; sourceTree = "<group>"; };
		1688F95328C167AA0077B8F6 /* AuthenticationManager.swift */ = {isa = PBXFileReference; lastKnownFileType = sourcecode.swift; path = AuthenticationManager.swift; sourceTree = "<group>"; };
		1688F95728C2A9140077B8F6 /* UserModel.swift */ = {isa = PBXFileReference; lastKnownFileType = sourcecode.swift; path = UserModel.swift; sourceTree = "<group>"; };
		1688F95928C2AA1C0077B8F6 /* Schedule.swift */ = {isa = PBXFileReference; lastKnownFileType = sourcecode.swift; path = Schedule.swift; sourceTree = "<group>"; };
		1688F95B28C2AAAE0077B8F6 /* Day.swift */ = {isa = PBXFileReference; lastKnownFileType = sourcecode.swift; path = Day.swift; sourceTree = "<group>"; };
		1688F95D28C2AB2A0077B8F6 /* Credentials.swift */ = {isa = PBXFileReference; lastKnownFileType = sourcecode.swift; path = Credentials.swift; sourceTree = "<group>"; };
		1688F95F28C2ACBB0077B8F6 /* Course.swift */ = {isa = PBXFileReference; lastKnownFileType = sourcecode.swift; path = Course.swift; sourceTree = "<group>"; };
/* End PBXFileReference section */

/* Begin PBXFrameworksBuildPhase section */
		1674C2C828C00FC400D92969 /* Frameworks */ = {
			isa = PBXFrameworksBuildPhase;
			buildActionMask = 2147483647;
			files = (
				1618018C28D90926006B5291 /* Popovers in Frameworks */,
				1637161328C0405C00DF15D4 /* FirebaseFunctionsCombine-Community in Frameworks */,
				1637160F28C0405C00DF15D4 /* FirebaseFirestoreSwift in Frameworks */,
				1637161F28C0514B00DF15D4 /* Resolver in Frameworks */,
				1637160728C0405C00DF15D4 /* FirebaseAuth in Frameworks */,
				1637160D28C0405C00DF15D4 /* FirebaseFirestoreCombine-Community in Frameworks */,
				1637161128C0405C00DF15D4 /* FirebaseFunctions in Frameworks */,
				1637160928C0405C00DF15D4 /* FirebaseAuthCombine-Community in Frameworks */,
				1637160B28C0405C00DF15D4 /* FirebaseFirestore in Frameworks */,
			);
			runOnlyForDeploymentPostprocessing = 0;
		};
		1674C2D828C00FC500D92969 /* Frameworks */ = {
			isa = PBXFrameworksBuildPhase;
			buildActionMask = 2147483647;
			files = (
			);
			runOnlyForDeploymentPostprocessing = 0;
		};
		1674C2E228C00FC500D92969 /* Frameworks */ = {
			isa = PBXFrameworksBuildPhase;
			buildActionMask = 2147483647;
			files = (
			);
			runOnlyForDeploymentPostprocessing = 0;
		};
/* End PBXFrameworksBuildPhase section */

/* Begin PBXGroup section */
		1618018F28D90B55006B5291 /* TabBar */ = {
			isa = PBXGroup;
			children = (
				1618019028D90B55006B5291 /* TabBarItem.swift */,
				1618019128D90B55006B5291 /* TabBarItemViewModifier.swift */,
				1618019228D90B55006B5291 /* TabBarViewBuilder.swift */,
				1618019328D90B55006B5291 /* TabBarView.swift */,
			);
			path = TabBar;
			sourceTree = "<group>";
		};
		163715F928C032D600DF15D4 /* Configs */ = {
			isa = PBXGroup;
			children = (
				1637160128C03CC000DF15D4 /* Production */,
				1637160028C03CBA00DF15D4 /* Development */,
				163715FA28C0330700DF15D4 /* Info.plist */,
				163715FE28C03A0C00DF15D4 /* CustomEnvironment.swift */,
			);
			path = Configs;
			sourceTree = "<group>";
		};
		1637160028C03CBA00DF15D4 /* Development */ = {
			isa = PBXGroup;
			children = (
				1637161B28C047C400DF15D4 /* GoogleService-Info-Dev.plist */,
				163715FC28C0355300DF15D4 /* Development.xcconfig */,
			);
			path = Development;
			sourceTree = "<group>";
		};
		1637160128C03CC000DF15D4 /* Production */ = {
			isa = PBXGroup;
			children = (
				1637160428C03E9B00DF15D4 /* GoogleService-Info-Prod.plist */,
				163715FD28C0355D00DF15D4 /* Production.xcconfig */,
			);
			path = Production;
			sourceTree = "<group>";
		};
		1637162028C0546300DF15D4 /* Extensions */ = {
			isa = PBXGroup;
			children = (
				1604B17728D7B3E500931C90 /* App+Injection.swift */,
				1618019828D90CF4006B5291 /* Color.swift */,
			);
			path = Extensions;
			sourceTree = "<group>";
		};
		1637162128C0546B00DF15D4 /* Services */ = {
			isa = PBXGroup;
			children = (
				1688F95328C167AA0077B8F6 /* AuthenticationManager.swift */,
			);
			path = Services;
			sourceTree = "<group>";
		};
		1637162228C054AF00DF15D4 /* Models */ = {
			isa = PBXGroup;
			children = (
				1637164028C057B300DF15D4 /* Menu.swift */,
				1688F95728C2A9140077B8F6 /* UserModel.swift */,
				1688F95928C2AA1C0077B8F6 /* Schedule.swift */,
				1688F95B28C2AAAE0077B8F6 /* Day.swift */,
				1688F95D28C2AB2A0077B8F6 /* Credentials.swift */,
				1688F95F28C2ACBB0077B8F6 /* Course.swift */,
			);
			path = Models;
			sourceTree = "<group>";
		};
		1637162328C054B200DF15D4 /* Tasks */ = {
			isa = PBXGroup;
			children = (
				1637162F28C056CF00DF15D4 /* ViewModels */,
				1637163028C056D400DF15D4 /* Views */,
			);
			path = Tasks;
			sourceTree = "<group>";
		};
		1637162428C054C700DF15D4 /* Menus */ = {
			isa = PBXGroup;
			children = (
				1637163528C0570A00DF15D4 /* ViewModels */,
				1637163428C0570800DF15D4 /* Views */,
			);
			path = Menus;
			sourceTree = "<group>";
		};
		1637162528C054D400DF15D4 /* Authentication */ = {
			isa = PBXGroup;
			children = (
				1604B18328D8E51B00931C90 /* AuthenticationView.swift */,
				1604B18528D8E68C00931C90 /* SignUpView.swift */,
				1604B18728D8E69700931C90 /* SignInView.swift */,
			);
			path = Authentication;
			sourceTree = "<group>";
		};
		1637162628C054E400DF15D4 /* Dashboard */ = {
			isa = PBXGroup;
			children = (
			);
			path = Dashboard;
			sourceTree = "<group>";
		};
		1637162728C054E800DF15D4 /* Linking */ = {
			isa = PBXGroup;
			children = (
				1637163E28C0577800DF15D4 /* ViewModels */,
				1637163F28C0577C00DF15D4 /* Views */,
			);
			path = Linking;
			sourceTree = "<group>";
		};
		1637162828C054EB00DF15D4 /* Sports */ = {
			isa = PBXGroup;
			children = (
				1637163928C0571700DF15D4 /* ViewModels */,
				1637163828C0571400DF15D4 /* Views */,
			);
			path = Sports;
			sourceTree = "<group>";
		};
		1637162928C054F500DF15D4 /* More */ = {
			isa = PBXGroup;
			children = (
				1637163728C0571000DF15D4 /* ViewModels */,
				1637163628C0570E00DF15D4 /* Views */,
			);
			path = More;
			sourceTree = "<group>";
		};
		1637162A28C0553500DF15D4 /* Events */ = {
			isa = PBXGroup;
			children = (
				1637163B28C0571C00DF15D4 /* ViewModels */,
				1637163A28C0571A00DF15D4 /* Views */,
			);
			path = Events;
			sourceTree = "<group>";
		};
		1637162B28C0558A00DF15D4 /* Schedule */ = {
			isa = PBXGroup;
			children = (
				1637163228C056F500DF15D4 /* ViewModels */,
				1637163328C0570300DF15D4 /* Views */,
			);
			path = Schedule;
			sourceTree = "<group>";
		};
		1637162C28C055A700DF15D4 /* Account */ = {
			isa = PBXGroup;
			children = (
				1637163D28C0572200DF15D4 /* ViewModels */,
				1637163C28C0571F00DF15D4 /* Views */,
			);
			path = Account;
			sourceTree = "<group>";
		};
		1637162F28C056CF00DF15D4 /* ViewModels */ = {
			isa = PBXGroup;
			children = (
			);
			path = ViewModels;
			sourceTree = "<group>";
		};
		1637163028C056D400DF15D4 /* Views */ = {
			isa = PBXGroup;
			children = (
			);
			path = Views;
			sourceTree = "<group>";
		};
		1637163228C056F500DF15D4 /* ViewModels */ = {
			isa = PBXGroup;
			children = (
			);
			path = ViewModels;
			sourceTree = "<group>";
		};
		1637163328C0570300DF15D4 /* Views */ = {
			isa = PBXGroup;
			children = (
			);
			path = Views;
			sourceTree = "<group>";
		};
		1637163428C0570800DF15D4 /* Views */ = {
			isa = PBXGroup;
			children = (
			);
			path = Views;
			sourceTree = "<group>";
		};
		1637163528C0570A00DF15D4 /* ViewModels */ = {
			isa = PBXGroup;
			children = (
			);
			path = ViewModels;
			sourceTree = "<group>";
		};
		1637163628C0570E00DF15D4 /* Views */ = {
			isa = PBXGroup;
			children = (
			);
			path = Views;
			sourceTree = "<group>";
		};
		1637163728C0571000DF15D4 /* ViewModels */ = {
			isa = PBXGroup;
			children = (
			);
			path = ViewModels;
			sourceTree = "<group>";
		};
		1637163828C0571400DF15D4 /* Views */ = {
			isa = PBXGroup;
			children = (
			);
			path = Views;
			sourceTree = "<group>";
		};
		1637163928C0571700DF15D4 /* ViewModels */ = {
			isa = PBXGroup;
			children = (
			);
			path = ViewModels;
			sourceTree = "<group>";
		};
		1637163A28C0571A00DF15D4 /* Views */ = {
			isa = PBXGroup;
			children = (
			);
			path = Views;
			sourceTree = "<group>";
		};
		1637163B28C0571C00DF15D4 /* ViewModels */ = {
			isa = PBXGroup;
			children = (
			);
			path = ViewModels;
			sourceTree = "<group>";
		};
		1637163C28C0571F00DF15D4 /* Views */ = {
			isa = PBXGroup;
			children = (
			);
			path = Views;
			sourceTree = "<group>";
		};
		1637163D28C0572200DF15D4 /* ViewModels */ = {
			isa = PBXGroup;
			children = (
			);
			path = ViewModels;
			sourceTree = "<group>";
		};
		1637163E28C0577800DF15D4 /* ViewModels */ = {
			isa = PBXGroup;
			children = (
			);
			path = ViewModels;
			sourceTree = "<group>";
		};
		1637163F28C0577C00DF15D4 /* Views */ = {
			isa = PBXGroup;
			children = (
			);
			path = Views;
			sourceTree = "<group>";
		};
		1637164228C06AE200DF15D4 /* Components */ = {
			isa = PBXGroup;
			children = (
				1618018F28D90B55006B5291 /* TabBar */,
			);
			path = Components;
			sourceTree = "<group>";
		};
		1674C2C228C00FC400D92969 = {
			isa = PBXGroup;
			children = (
				1674C2CD28C00FC400D92969 /* SchoolVerse */,
				1674C2DE28C00FC500D92969 /* SchoolVerseTests */,
				1674C2E828C00FC500D92969 /* SchoolVerseUITests */,
				1674C2CC28C00FC400D92969 /* Products */,
			);
			sourceTree = "<group>";
		};
		1674C2CC28C00FC400D92969 /* Products */ = {
			isa = PBXGroup;
			children = (
				1674C2CB28C00FC400D92969 /* SchoolVerse.app */,
				1674C2DB28C00FC500D92969 /* SchoolVerseTests.xctest */,
				1674C2E528C00FC500D92969 /* SchoolVerseUITests.xctest */,
			);
			name = Products;
			sourceTree = "<group>";
		};
		1674C2CD28C00FC400D92969 /* SchoolVerse */ = {
			isa = PBXGroup;
			children = (
				1637162228C054AF00DF15D4 /* Models */,
				1637162128C0546B00DF15D4 /* Services */,
				1637162528C054D400DF15D4 /* Authentication */,
				1637162028C0546300DF15D4 /* Extensions */,
				1674C2CE28C00FC400D92969 /* SchoolVerseApp.swift */,
				1604B17928D80EE600931C90 /* RouterView.swift */,
				1618018D28D90ADF006B5291 /* AppView.swift */,
				1688F96128C301580077B8F6 /* Onboarding */,
				1637162628C054E400DF15D4 /* Dashboard */,
				1637162328C054B200DF15D4 /* Tasks */,
				1637162B28C0558A00DF15D4 /* Schedule */,
				1637162428C054C700DF15D4 /* Menus */,
				1637162928C054F500DF15D4 /* More */,
				1637162828C054EB00DF15D4 /* Sports */,
				1637162A28C0553500DF15D4 /* Events */,
				1637162C28C055A700DF15D4 /* Account */,
				1637162728C054E800DF15D4 /* Linking */,
				1637164228C06AE200DF15D4 /* Components */,
				1674C2D228C00FC500D92969 /* Assets.xcassets */,
				163715F928C032D600DF15D4 /* Configs */,
				1674C2D428C00FC500D92969 /* Preview Content */,
			);
			path = SchoolVerse;
			sourceTree = "<group>";
		};
		1674C2D428C00FC500D92969 /* Preview Content */ = {
			isa = PBXGroup;
			children = (
				1674C2D528C00FC500D92969 /* Preview Assets.xcassets */,
			);
			path = "Preview Content";
			sourceTree = "<group>";
		};
		1674C2DE28C00FC500D92969 /* SchoolVerseTests */ = {
			isa = PBXGroup;
			children = (
				1674C2DF28C00FC500D92969 /* SchoolVerseTests.swift */,
			);
			path = SchoolVerseTests;
			sourceTree = "<group>";
		};
		1674C2E828C00FC500D92969 /* SchoolVerseUITests */ = {
			isa = PBXGroup;
			children = (
				1674C2E928C00FC500D92969 /* SchoolVerseUITests.swift */,
				1674C2EB28C00FC500D92969 /* SchoolVerseUITestsLaunchTests.swift */,
			);
			path = SchoolVerseUITests;
			sourceTree = "<group>";
		};
		1688F96128C301580077B8F6 /* Onboarding */ = {
			isa = PBXGroup;
			children = (
				1604B17F28D8120300931C90 /* OnboardingView.swift */,
			);
			path = Onboarding;
			sourceTree = "<group>";
		};
/* End PBXGroup section */

/* Begin PBXNativeTarget section */
		1674C2CA28C00FC400D92969 /* SchoolVerse */ = {
			isa = PBXNativeTarget;
			buildConfigurationList = 1674C2EF28C00FC500D92969 /* Build configuration list for PBXNativeTarget "SchoolVerse" */;
			buildPhases = (
				1674C2C728C00FC400D92969 /* Sources */,
				1674C2C828C00FC400D92969 /* Frameworks */,
				1674C2C928C00FC400D92969 /* Resources */,
			);
			buildRules = (
			);
			dependencies = (
			);
			name = SchoolVerse;
			packageProductDependencies = (
				1637160628C0405C00DF15D4 /* FirebaseAuth */,
				1637160828C0405C00DF15D4 /* FirebaseAuthCombine-Community */,
				1637160A28C0405C00DF15D4 /* FirebaseFirestore */,
				1637160C28C0405C00DF15D4 /* FirebaseFirestoreCombine-Community */,
				1637160E28C0405C00DF15D4 /* FirebaseFirestoreSwift */,
				1637161028C0405C00DF15D4 /* FirebaseFunctions */,
				1637161228C0405C00DF15D4 /* FirebaseFunctionsCombine-Community */,
				1637161E28C0514B00DF15D4 /* Resolver */,
				1618018B28D90926006B5291 /* Popovers */,
			);
			productName = SchoolVerse;
			productReference = 1674C2CB28C00FC400D92969 /* SchoolVerse.app */;
			productType = "com.apple.product-type.application";
		};
		1674C2DA28C00FC500D92969 /* SchoolVerseTests */ = {
			isa = PBXNativeTarget;
			buildConfigurationList = 1674C2F228C00FC500D92969 /* Build configuration list for PBXNativeTarget "SchoolVerseTests" */;
			buildPhases = (
				1674C2D728C00FC500D92969 /* Sources */,
				1674C2D828C00FC500D92969 /* Frameworks */,
				1674C2D928C00FC500D92969 /* Resources */,
			);
			buildRules = (
			);
			dependencies = (
				1674C2DD28C00FC500D92969 /* PBXTargetDependency */,
			);
			name = SchoolVerseTests;
			productName = SchoolVerseTests;
			productReference = 1674C2DB28C00FC500D92969 /* SchoolVerseTests.xctest */;
			productType = "com.apple.product-type.bundle.unit-test";
		};
		1674C2E428C00FC500D92969 /* SchoolVerseUITests */ = {
			isa = PBXNativeTarget;
			buildConfigurationList = 1674C2F528C00FC500D92969 /* Build configuration list for PBXNativeTarget "SchoolVerseUITests" */;
			buildPhases = (
				1674C2E128C00FC500D92969 /* Sources */,
				1674C2E228C00FC500D92969 /* Frameworks */,
				1674C2E328C00FC500D92969 /* Resources */,
			);
			buildRules = (
			);
			dependencies = (
				1674C2E728C00FC500D92969 /* PBXTargetDependency */,
			);
			name = SchoolVerseUITests;
			productName = SchoolVerseUITests;
			productReference = 1674C2E528C00FC500D92969 /* SchoolVerseUITests.xctest */;
			productType = "com.apple.product-type.bundle.ui-testing";
		};
/* End PBXNativeTarget section */

/* Begin PBXProject section */
		1674C2C328C00FC400D92969 /* Project object */ = {
			isa = PBXProject;
			attributes = {
				BuildIndependentTargetsInParallel = 1;
				LastSwiftUpdateCheck = 1330;
				LastUpgradeCheck = 1330;
				TargetAttributes = {
					1674C2CA28C00FC400D92969 = {
						CreatedOnToolsVersion = 13.3.1;
					};
					1674C2DA28C00FC500D92969 = {
						CreatedOnToolsVersion = 13.3.1;
						TestTargetID = 1674C2CA28C00FC400D92969;
					};
					1674C2E428C00FC500D92969 = {
						CreatedOnToolsVersion = 13.3.1;
						TestTargetID = 1674C2CA28C00FC400D92969;
					};
				};
			};
			buildConfigurationList = 1674C2C628C00FC400D92969 /* Build configuration list for PBXProject "SchoolVerse" */;
			compatibilityVersion = "Xcode 13.0";
			developmentRegion = en;
			hasScannedForEncodings = 0;
			knownRegions = (
				en,
				Base,
			);
			mainGroup = 1674C2C228C00FC400D92969;
			packageReferences = (
				1637160528C0405C00DF15D4 /* XCRemoteSwiftPackageReference "firebase-ios-sdk" */,
				1637161D28C0514B00DF15D4 /* XCRemoteSwiftPackageReference "Resolver" */,
				1618018A28D90926006B5291 /* XCRemoteSwiftPackageReference "Popovers" */,
			);
			productRefGroup = 1674C2CC28C00FC400D92969 /* Products */;
			projectDirPath = "";
			projectRoot = "";
			targets = (
				1674C2CA28C00FC400D92969 /* SchoolVerse */,
				1674C2DA28C00FC500D92969 /* SchoolVerseTests */,
				1674C2E428C00FC500D92969 /* SchoolVerseUITests */,
			);
		};
/* End PBXProject section */

/* Begin PBXResourcesBuildPhase section */
		1674C2C928C00FC400D92969 /* Resources */ = {
			isa = PBXResourcesBuildPhase;
			buildActionMask = 2147483647;
			files = (
				1637161428C0434000DF15D4 /* GoogleService-Info-Prod.plist in Resources */,
				1637161C28C047C400DF15D4 /* GoogleService-Info-Dev.plist in Resources */,
				1674C2D628C00FC500D92969 /* Preview Assets.xcassets in Resources */,
				1674C2D328C00FC500D92969 /* Assets.xcassets in Resources */,
			);
			runOnlyForDeploymentPostprocessing = 0;
		};
		1674C2D928C00FC500D92969 /* Resources */ = {
			isa = PBXResourcesBuildPhase;
			buildActionMask = 2147483647;
			files = (
			);
			runOnlyForDeploymentPostprocessing = 0;
		};
		1674C2E328C00FC500D92969 /* Resources */ = {
			isa = PBXResourcesBuildPhase;
			buildActionMask = 2147483647;
			files = (
			);
			runOnlyForDeploymentPostprocessing = 0;
		};
/* End PBXResourcesBuildPhase section */

/* Begin PBXSourcesBuildPhase section */
		1674C2C728C00FC400D92969 /* Sources */ = {
			isa = PBXSourcesBuildPhase;
			buildActionMask = 2147483647;
			files = (
				1688F95A28C2AA1C0077B8F6 /* Schedule.swift in Sources */,
				1688F96028C2ACBB0077B8F6 /* Course.swift in Sources */,
				1618019928D90CF4006B5291 /* Color.swift in Sources */,
				1688F95C28C2AAAE0077B8F6 /* Day.swift in Sources */,
				1688F95E28C2AB2A0077B8F6 /* Credentials.swift in Sources */,
				1618018E28D90ADF006B5291 /* AppView.swift in Sources */,
				1604B18428D8E51B00931C90 /* AuthenticationView.swift in Sources */,
				1604B17A28D80EE600931C90 /* RouterView.swift in Sources */,
				163715FF28C03A0C00DF15D4 /* CustomEnvironment.swift in Sources */,
				1618019528D90B55006B5291 /* TabBarItemViewModifier.swift in Sources */,
				1618019428D90B55006B5291 /* TabBarItem.swift in Sources */,
				1674C2CF28C00FC400D92969 /* SchoolVerseApp.swift in Sources */,
				1688F95428C167AA0077B8F6 /* AuthenticationManager.swift in Sources */,
				1604B18828D8E69700931C90 /* SignInView.swift in Sources */,
				1688F95828C2A9140077B8F6 /* UserModel.swift in Sources */,
				1604B18628D8E68C00931C90 /* SignUpView.swift in Sources */,
				1637164128C057B300DF15D4 /* Menu.swift in Sources */,
				1604B18028D8120300931C90 /* OnboardingView.swift in Sources */,
				1604B17828D7B3E500931C90 /* App+Injection.swift in Sources */,
				1618019728D90B55006B5291 /* TabBarView.swift in Sources */,
				1618019628D90B55006B5291 /* TabBarViewBuilder.swift in Sources */,
			);
			runOnlyForDeploymentPostprocessing = 0;
		};
		1674C2D728C00FC500D92969 /* Sources */ = {
			isa = PBXSourcesBuildPhase;
			buildActionMask = 2147483647;
			files = (
				1674C2E028C00FC500D92969 /* SchoolVerseTests.swift in Sources */,
			);
			runOnlyForDeploymentPostprocessing = 0;
		};
		1674C2E128C00FC500D92969 /* Sources */ = {
			isa = PBXSourcesBuildPhase;
			buildActionMask = 2147483647;
			files = (
				1674C2EC28C00FC500D92969 /* SchoolVerseUITestsLaunchTests.swift in Sources */,
				1674C2EA28C00FC500D92969 /* SchoolVerseUITests.swift in Sources */,
			);
			runOnlyForDeploymentPostprocessing = 0;
		};
/* End PBXSourcesBuildPhase section */

/* Begin PBXTargetDependency section */
		1674C2DD28C00FC500D92969 /* PBXTargetDependency */ = {
			isa = PBXTargetDependency;
			target = 1674C2CA28C00FC400D92969 /* SchoolVerse */;
			targetProxy = 1674C2DC28C00FC500D92969 /* PBXContainerItemProxy */;
		};
		1674C2E728C00FC500D92969 /* PBXTargetDependency */ = {
			isa = PBXTargetDependency;
			target = 1674C2CA28C00FC400D92969 /* SchoolVerse */;
			targetProxy = 1674C2E628C00FC500D92969 /* PBXContainerItemProxy */;
		};
/* End PBXTargetDependency section */

/* Begin XCBuildConfiguration section */
		163715F128C0328300DF15D4 /* Debug (Development) */ = {
			isa = XCBuildConfiguration;
			baseConfigurationReference = 163715FC28C0355300DF15D4 /* Development.xcconfig */;
			buildSettings = {
				ALWAYS_SEARCH_USER_PATHS = NO;
				CLANG_ANALYZER_NONNULL = YES;
				CLANG_ANALYZER_NUMBER_OBJECT_CONVERSION = YES_AGGRESSIVE;
				CLANG_CXX_LANGUAGE_STANDARD = "gnu++17";
				CLANG_ENABLE_MODULES = YES;
				CLANG_ENABLE_OBJC_ARC = YES;
				CLANG_ENABLE_OBJC_WEAK = YES;
				CLANG_WARN_BLOCK_CAPTURE_AUTORELEASING = YES;
				CLANG_WARN_BOOL_CONVERSION = YES;
				CLANG_WARN_COMMA = YES;
				CLANG_WARN_CONSTANT_CONVERSION = YES;
				CLANG_WARN_DEPRECATED_OBJC_IMPLEMENTATIONS = YES;
				CLANG_WARN_DIRECT_OBJC_ISA_USAGE = YES_ERROR;
				CLANG_WARN_DOCUMENTATION_COMMENTS = YES;
				CLANG_WARN_EMPTY_BODY = YES;
				CLANG_WARN_ENUM_CONVERSION = YES;
				CLANG_WARN_INFINITE_RECURSION = YES;
				CLANG_WARN_INT_CONVERSION = YES;
				CLANG_WARN_NON_LITERAL_NULL_CONVERSION = YES;
				CLANG_WARN_OBJC_IMPLICIT_RETAIN_SELF = YES;
				CLANG_WARN_OBJC_LITERAL_CONVERSION = YES;
				CLANG_WARN_OBJC_ROOT_CLASS = YES_ERROR;
				CLANG_WARN_QUOTED_INCLUDE_IN_FRAMEWORK_HEADER = YES;
				CLANG_WARN_RANGE_LOOP_ANALYSIS = YES;
				CLANG_WARN_STRICT_PROTOTYPES = YES;
				CLANG_WARN_SUSPICIOUS_MOVE = YES;
				CLANG_WARN_UNGUARDED_AVAILABILITY = YES_AGGRESSIVE;
				CLANG_WARN_UNREACHABLE_CODE = YES;
				CLANG_WARN__DUPLICATE_METHOD_MATCH = YES;
				COPY_PHASE_STRIP = NO;
				DEBUG_INFORMATION_FORMAT = dwarf;
				ENABLE_STRICT_OBJC_MSGSEND = YES;
				ENABLE_TESTABILITY = YES;
				GCC_C_LANGUAGE_STANDARD = gnu11;
				GCC_DYNAMIC_NO_PIC = NO;
				GCC_NO_COMMON_BLOCKS = YES;
				GCC_OPTIMIZATION_LEVEL = 0;
				GCC_PREPROCESSOR_DEFINITIONS = (
					"DEBUG=1",
					"$(inherited)",
				);
				GCC_WARN_64_TO_32_BIT_CONVERSION = YES;
				GCC_WARN_ABOUT_RETURN_TYPE = YES_ERROR;
				GCC_WARN_UNDECLARED_SELECTOR = YES;
				GCC_WARN_UNINITIALIZED_AUTOS = YES_AGGRESSIVE;
				GCC_WARN_UNUSED_FUNCTION = YES;
				GCC_WARN_UNUSED_VARIABLE = YES;
				IPHONEOS_DEPLOYMENT_TARGET = 16.0;
				MTL_ENABLE_DEBUG_INFO = INCLUDE_SOURCE;
				MTL_FAST_MATH = YES;
				ONLY_ACTIVE_ARCH = YES;
				SDKROOT = iphoneos;
				SWIFT_ACTIVE_COMPILATION_CONDITIONS = DEBUG;
				SWIFT_OPTIMIZATION_LEVEL = "-Onone";
			};
			name = "Debug (Development)";
		};
		163715F228C0328300DF15D4 /* Debug (Development) */ = {
			isa = XCBuildConfiguration;
			baseConfigurationReference = 163715FC28C0355300DF15D4 /* Development.xcconfig */;
			buildSettings = {
				ASSETCATALOG_COMPILER_APPICON_NAME = AppIcon;
				ASSETCATALOG_COMPILER_GLOBAL_ACCENT_COLOR_NAME = AccentColor;
				CODE_SIGN_STYLE = Automatic;
				CURRENT_PROJECT_VERSION = 1;
				DEVELOPMENT_ASSET_PATHS = "\"SchoolVerse/Preview Content\"";
				DEVELOPMENT_TEAM = WV5B78VHQ8;
				ENABLE_PREVIEWS = YES;
				GENERATE_INFOPLIST_FILE = NO;
				INFOPLIST_FILE = SchoolVerse/Configs/Info.plist;
				INFOPLIST_KEY_UIApplicationSceneManifest_Generation = YES;
				INFOPLIST_KEY_UIApplicationSupportsIndirectInputEvents = YES;
				INFOPLIST_KEY_UILaunchScreen_Generation = YES;
				INFOPLIST_KEY_UISupportedInterfaceOrientations_iPad = "UIInterfaceOrientationPortrait UIInterfaceOrientationPortraitUpsideDown UIInterfaceOrientationLandscapeLeft UIInterfaceOrientationLandscapeRight";
				INFOPLIST_KEY_UISupportedInterfaceOrientations_iPhone = "UIInterfaceOrientationPortrait UIInterfaceOrientationLandscapeLeft UIInterfaceOrientationLandscapeRight";
				IPHONEOS_DEPLOYMENT_TARGET = 16.0;
				LD_RUNPATH_SEARCH_PATHS = (
					"$(inherited)",
					"@executable_path/Frameworks",
				);
				MARKETING_VERSION = 1.0;
				PRODUCT_BUNDLE_IDENTIFIER = tech.versegroup.SchoolVerse.dev;
				PRODUCT_NAME = "$(TARGET_NAME)";
				SWIFT_EMIT_LOC_STRINGS = YES;
				SWIFT_VERSION = 5.0;
				TARGETED_DEVICE_FAMILY = "1,2";
			};
			name = "Debug (Development)";
		};
		163715F328C0328300DF15D4 /* Debug (Development) */ = {
			isa = XCBuildConfiguration;
			baseConfigurationReference = 163715FC28C0355300DF15D4 /* Development.xcconfig */;
			buildSettings = {
				ALWAYS_EMBED_SWIFT_STANDARD_LIBRARIES = YES;
				BUNDLE_LOADER = "$(TEST_HOST)";
				CODE_SIGN_STYLE = Automatic;
				CURRENT_PROJECT_VERSION = 1;
				DEVELOPMENT_TEAM = WV5B78VHQ8;
				GENERATE_INFOPLIST_FILE = YES;
				IPHONEOS_DEPLOYMENT_TARGET = 15.4;
				MARKETING_VERSION = 1.0;
				PRODUCT_BUNDLE_IDENTIFIER = tech.versegroup.SchoolVerseTests;
				PRODUCT_NAME = "$(TARGET_NAME)";
				SWIFT_EMIT_LOC_STRINGS = NO;
				SWIFT_VERSION = 5.0;
				TARGETED_DEVICE_FAMILY = "1,2";
				TEST_HOST = "$(BUILT_PRODUCTS_DIR)/SchoolVerse.app/SchoolVerse";
			};
			name = "Debug (Development)";
		};
		163715F428C0328300DF15D4 /* Debug (Development) */ = {
			isa = XCBuildConfiguration;
			baseConfigurationReference = 163715FC28C0355300DF15D4 /* Development.xcconfig */;
			buildSettings = {
				ALWAYS_EMBED_SWIFT_STANDARD_LIBRARIES = YES;
				CODE_SIGN_STYLE = Automatic;
				CURRENT_PROJECT_VERSION = 1;
				DEVELOPMENT_TEAM = WV5B78VHQ8;
				GENERATE_INFOPLIST_FILE = YES;
				MARKETING_VERSION = 1.0;
				PRODUCT_BUNDLE_IDENTIFIER = tech.versegroup.SchoolVerseUITests;
				PRODUCT_NAME = "$(TARGET_NAME)";
				SWIFT_EMIT_LOC_STRINGS = NO;
				SWIFT_VERSION = 5.0;
				TARGETED_DEVICE_FAMILY = "1,2";
				TEST_TARGET_NAME = SchoolVerse;
			};
			name = "Debug (Development)";
		};
		163715F528C0328C00DF15D4 /* Release (Development) */ = {
			isa = XCBuildConfiguration;
			baseConfigurationReference = 163715FC28C0355300DF15D4 /* Development.xcconfig */;
			buildSettings = {
				ALWAYS_SEARCH_USER_PATHS = NO;
				CLANG_ANALYZER_NONNULL = YES;
				CLANG_ANALYZER_NUMBER_OBJECT_CONVERSION = YES_AGGRESSIVE;
				CLANG_CXX_LANGUAGE_STANDARD = "gnu++17";
				CLANG_ENABLE_MODULES = YES;
				CLANG_ENABLE_OBJC_ARC = YES;
				CLANG_ENABLE_OBJC_WEAK = YES;
				CLANG_WARN_BLOCK_CAPTURE_AUTORELEASING = YES;
				CLANG_WARN_BOOL_CONVERSION = YES;
				CLANG_WARN_COMMA = YES;
				CLANG_WARN_CONSTANT_CONVERSION = YES;
				CLANG_WARN_DEPRECATED_OBJC_IMPLEMENTATIONS = YES;
				CLANG_WARN_DIRECT_OBJC_ISA_USAGE = YES_ERROR;
				CLANG_WARN_DOCUMENTATION_COMMENTS = YES;
				CLANG_WARN_EMPTY_BODY = YES;
				CLANG_WARN_ENUM_CONVERSION = YES;
				CLANG_WARN_INFINITE_RECURSION = YES;
				CLANG_WARN_INT_CONVERSION = YES;
				CLANG_WARN_NON_LITERAL_NULL_CONVERSION = YES;
				CLANG_WARN_OBJC_IMPLICIT_RETAIN_SELF = YES;
				CLANG_WARN_OBJC_LITERAL_CONVERSION = YES;
				CLANG_WARN_OBJC_ROOT_CLASS = YES_ERROR;
				CLANG_WARN_QUOTED_INCLUDE_IN_FRAMEWORK_HEADER = YES;
				CLANG_WARN_RANGE_LOOP_ANALYSIS = YES;
				CLANG_WARN_STRICT_PROTOTYPES = YES;
				CLANG_WARN_SUSPICIOUS_MOVE = YES;
				CLANG_WARN_UNGUARDED_AVAILABILITY = YES_AGGRESSIVE;
				CLANG_WARN_UNREACHABLE_CODE = YES;
				CLANG_WARN__DUPLICATE_METHOD_MATCH = YES;
				COPY_PHASE_STRIP = NO;
				DEBUG_INFORMATION_FORMAT = "dwarf-with-dsym";
				ENABLE_NS_ASSERTIONS = NO;
				ENABLE_STRICT_OBJC_MSGSEND = YES;
				GCC_C_LANGUAGE_STANDARD = gnu11;
				GCC_NO_COMMON_BLOCKS = YES;
				GCC_WARN_64_TO_32_BIT_CONVERSION = YES;
				GCC_WARN_ABOUT_RETURN_TYPE = YES_ERROR;
				GCC_WARN_UNDECLARED_SELECTOR = YES;
				GCC_WARN_UNINITIALIZED_AUTOS = YES_AGGRESSIVE;
				GCC_WARN_UNUSED_FUNCTION = YES;
				GCC_WARN_UNUSED_VARIABLE = YES;
				IPHONEOS_DEPLOYMENT_TARGET = 16.0;
				MTL_ENABLE_DEBUG_INFO = NO;
				MTL_FAST_MATH = YES;
				SDKROOT = iphoneos;
				SWIFT_COMPILATION_MODE = wholemodule;
				SWIFT_OPTIMIZATION_LEVEL = "-O";
				VALIDATE_PRODUCT = YES;
			};
			name = "Release (Development)";
		};
		163715F628C0328C00DF15D4 /* Release (Development) */ = {
			isa = XCBuildConfiguration;
			baseConfigurationReference = 163715FC28C0355300DF15D4 /* Development.xcconfig */;
			buildSettings = {
				ASSETCATALOG_COMPILER_APPICON_NAME = AppIcon;
				ASSETCATALOG_COMPILER_GLOBAL_ACCENT_COLOR_NAME = AccentColor;
				CODE_SIGN_STYLE = Automatic;
				CURRENT_PROJECT_VERSION = 1;
				DEVELOPMENT_ASSET_PATHS = "\"SchoolVerse/Preview Content\"";
				DEVELOPMENT_TEAM = WV5B78VHQ8;
				ENABLE_PREVIEWS = YES;
				GENERATE_INFOPLIST_FILE = NO;
				INFOPLIST_FILE = SchoolVerse/Configs/Info.plist;
				INFOPLIST_KEY_UIApplicationSceneManifest_Generation = YES;
				INFOPLIST_KEY_UIApplicationSupportsIndirectInputEvents = YES;
				INFOPLIST_KEY_UILaunchScreen_Generation = YES;
				INFOPLIST_KEY_UISupportedInterfaceOrientations_iPad = "UIInterfaceOrientationPortrait UIInterfaceOrientationPortraitUpsideDown UIInterfaceOrientationLandscapeLeft UIInterfaceOrientationLandscapeRight";
				INFOPLIST_KEY_UISupportedInterfaceOrientations_iPhone = "UIInterfaceOrientationPortrait UIInterfaceOrientationLandscapeLeft UIInterfaceOrientationLandscapeRight";
				IPHONEOS_DEPLOYMENT_TARGET = 16.0;
				LD_RUNPATH_SEARCH_PATHS = (
					"$(inherited)",
					"@executable_path/Frameworks",
				);
				MARKETING_VERSION = 1.0;
				PRODUCT_BUNDLE_IDENTIFIER = tech.versegroup.SchoolVerse.dev;
				PRODUCT_NAME = "$(TARGET_NAME)";
				SWIFT_EMIT_LOC_STRINGS = YES;
				SWIFT_VERSION = 5.0;
				TARGETED_DEVICE_FAMILY = "1,2";
			};
			name = "Release (Development)";
		};
		163715F728C0328C00DF15D4 /* Release (Development) */ = {
			isa = XCBuildConfiguration;
			baseConfigurationReference = 163715FC28C0355300DF15D4 /* Development.xcconfig */;
			buildSettings = {
				ALWAYS_EMBED_SWIFT_STANDARD_LIBRARIES = YES;
				BUNDLE_LOADER = "$(TEST_HOST)";
				CODE_SIGN_STYLE = Automatic;
				CURRENT_PROJECT_VERSION = 1;
				DEVELOPMENT_TEAM = WV5B78VHQ8;
				GENERATE_INFOPLIST_FILE = YES;
				IPHONEOS_DEPLOYMENT_TARGET = 15.4;
				MARKETING_VERSION = 1.0;
				PRODUCT_BUNDLE_IDENTIFIER = tech.versegroup.SchoolVerseTests;
				PRODUCT_NAME = "$(TARGET_NAME)";
				SWIFT_EMIT_LOC_STRINGS = NO;
				SWIFT_VERSION = 5.0;
				TARGETED_DEVICE_FAMILY = "1,2";
				TEST_HOST = "$(BUILT_PRODUCTS_DIR)/SchoolVerse.app/SchoolVerse";
			};
			name = "Release (Development)";
		};
		163715F828C0328C00DF15D4 /* Release (Development) */ = {
			isa = XCBuildConfiguration;
			baseConfigurationReference = 163715FC28C0355300DF15D4 /* Development.xcconfig */;
			buildSettings = {
				ALWAYS_EMBED_SWIFT_STANDARD_LIBRARIES = YES;
				CODE_SIGN_STYLE = Automatic;
				CURRENT_PROJECT_VERSION = 1;
				DEVELOPMENT_TEAM = WV5B78VHQ8;
				GENERATE_INFOPLIST_FILE = YES;
				MARKETING_VERSION = 1.0;
				PRODUCT_BUNDLE_IDENTIFIER = tech.versegroup.SchoolVerseUITests;
				PRODUCT_NAME = "$(TARGET_NAME)";
				SWIFT_EMIT_LOC_STRINGS = NO;
				SWIFT_VERSION = 5.0;
				TARGETED_DEVICE_FAMILY = "1,2";
				TEST_TARGET_NAME = SchoolVerse;
			};
			name = "Release (Development)";
		};
		1674C2ED28C00FC500D92969 /* Debug (Production) */ = {
			isa = XCBuildConfiguration;
			baseConfigurationReference = 163715FD28C0355D00DF15D4 /* Production.xcconfig */;
			buildSettings = {
				ALWAYS_SEARCH_USER_PATHS = NO;
				CLANG_ANALYZER_NONNULL = YES;
				CLANG_ANALYZER_NUMBER_OBJECT_CONVERSION = YES_AGGRESSIVE;
				CLANG_CXX_LANGUAGE_STANDARD = "gnu++17";
				CLANG_ENABLE_MODULES = YES;
				CLANG_ENABLE_OBJC_ARC = YES;
				CLANG_ENABLE_OBJC_WEAK = YES;
				CLANG_WARN_BLOCK_CAPTURE_AUTORELEASING = YES;
				CLANG_WARN_BOOL_CONVERSION = YES;
				CLANG_WARN_COMMA = YES;
				CLANG_WARN_CONSTANT_CONVERSION = YES;
				CLANG_WARN_DEPRECATED_OBJC_IMPLEMENTATIONS = YES;
				CLANG_WARN_DIRECT_OBJC_ISA_USAGE = YES_ERROR;
				CLANG_WARN_DOCUMENTATION_COMMENTS = YES;
				CLANG_WARN_EMPTY_BODY = YES;
				CLANG_WARN_ENUM_CONVERSION = YES;
				CLANG_WARN_INFINITE_RECURSION = YES;
				CLANG_WARN_INT_CONVERSION = YES;
				CLANG_WARN_NON_LITERAL_NULL_CONVERSION = YES;
				CLANG_WARN_OBJC_IMPLICIT_RETAIN_SELF = YES;
				CLANG_WARN_OBJC_LITERAL_CONVERSION = YES;
				CLANG_WARN_OBJC_ROOT_CLASS = YES_ERROR;
				CLANG_WARN_QUOTED_INCLUDE_IN_FRAMEWORK_HEADER = YES;
				CLANG_WARN_RANGE_LOOP_ANALYSIS = YES;
				CLANG_WARN_STRICT_PROTOTYPES = YES;
				CLANG_WARN_SUSPICIOUS_MOVE = YES;
				CLANG_WARN_UNGUARDED_AVAILABILITY = YES_AGGRESSIVE;
				CLANG_WARN_UNREACHABLE_CODE = YES;
				CLANG_WARN__DUPLICATE_METHOD_MATCH = YES;
				COPY_PHASE_STRIP = NO;
				DEBUG_INFORMATION_FORMAT = dwarf;
				ENABLE_STRICT_OBJC_MSGSEND = YES;
				ENABLE_TESTABILITY = YES;
				GCC_C_LANGUAGE_STANDARD = gnu11;
				GCC_DYNAMIC_NO_PIC = NO;
				GCC_NO_COMMON_BLOCKS = YES;
				GCC_OPTIMIZATION_LEVEL = 0;
				GCC_PREPROCESSOR_DEFINITIONS = (
					"DEBUG=1",
					"$(inherited)",
				);
				GCC_WARN_64_TO_32_BIT_CONVERSION = YES;
				GCC_WARN_ABOUT_RETURN_TYPE = YES_ERROR;
				GCC_WARN_UNDECLARED_SELECTOR = YES;
				GCC_WARN_UNINITIALIZED_AUTOS = YES_AGGRESSIVE;
				GCC_WARN_UNUSED_FUNCTION = YES;
				GCC_WARN_UNUSED_VARIABLE = YES;
				IPHONEOS_DEPLOYMENT_TARGET = 16.0;
				MTL_ENABLE_DEBUG_INFO = INCLUDE_SOURCE;
				MTL_FAST_MATH = YES;
				ONLY_ACTIVE_ARCH = YES;
				SDKROOT = iphoneos;
				SWIFT_ACTIVE_COMPILATION_CONDITIONS = DEBUG;
				SWIFT_OPTIMIZATION_LEVEL = "-Onone";
			};
			name = "Debug (Production)";
		};
		1674C2EE28C00FC500D92969 /* Release (Production) */ = {
			isa = XCBuildConfiguration;
			baseConfigurationReference = 163715FD28C0355D00DF15D4 /* Production.xcconfig */;
			buildSettings = {
				ALWAYS_SEARCH_USER_PATHS = NO;
				CLANG_ANALYZER_NONNULL = YES;
				CLANG_ANALYZER_NUMBER_OBJECT_CONVERSION = YES_AGGRESSIVE;
				CLANG_CXX_LANGUAGE_STANDARD = "gnu++17";
				CLANG_ENABLE_MODULES = YES;
				CLANG_ENABLE_OBJC_ARC = YES;
				CLANG_ENABLE_OBJC_WEAK = YES;
				CLANG_WARN_BLOCK_CAPTURE_AUTORELEASING = YES;
				CLANG_WARN_BOOL_CONVERSION = YES;
				CLANG_WARN_COMMA = YES;
				CLANG_WARN_CONSTANT_CONVERSION = YES;
				CLANG_WARN_DEPRECATED_OBJC_IMPLEMENTATIONS = YES;
				CLANG_WARN_DIRECT_OBJC_ISA_USAGE = YES_ERROR;
				CLANG_WARN_DOCUMENTATION_COMMENTS = YES;
				CLANG_WARN_EMPTY_BODY = YES;
				CLANG_WARN_ENUM_CONVERSION = YES;
				CLANG_WARN_INFINITE_RECURSION = YES;
				CLANG_WARN_INT_CONVERSION = YES;
				CLANG_WARN_NON_LITERAL_NULL_CONVERSION = YES;
				CLANG_WARN_OBJC_IMPLICIT_RETAIN_SELF = YES;
				CLANG_WARN_OBJC_LITERAL_CONVERSION = YES;
				CLANG_WARN_OBJC_ROOT_CLASS = YES_ERROR;
				CLANG_WARN_QUOTED_INCLUDE_IN_FRAMEWORK_HEADER = YES;
				CLANG_WARN_RANGE_LOOP_ANALYSIS = YES;
				CLANG_WARN_STRICT_PROTOTYPES = YES;
				CLANG_WARN_SUSPICIOUS_MOVE = YES;
				CLANG_WARN_UNGUARDED_AVAILABILITY = YES_AGGRESSIVE;
				CLANG_WARN_UNREACHABLE_CODE = YES;
				CLANG_WARN__DUPLICATE_METHOD_MATCH = YES;
				COPY_PHASE_STRIP = NO;
				DEBUG_INFORMATION_FORMAT = "dwarf-with-dsym";
				ENABLE_NS_ASSERTIONS = NO;
				ENABLE_STRICT_OBJC_MSGSEND = YES;
				GCC_C_LANGUAGE_STANDARD = gnu11;
				GCC_NO_COMMON_BLOCKS = YES;
				GCC_WARN_64_TO_32_BIT_CONVERSION = YES;
				GCC_WARN_ABOUT_RETURN_TYPE = YES_ERROR;
				GCC_WARN_UNDECLARED_SELECTOR = YES;
				GCC_WARN_UNINITIALIZED_AUTOS = YES_AGGRESSIVE;
				GCC_WARN_UNUSED_FUNCTION = YES;
				GCC_WARN_UNUSED_VARIABLE = YES;
				IPHONEOS_DEPLOYMENT_TARGET = 16.0;
				MTL_ENABLE_DEBUG_INFO = NO;
				MTL_FAST_MATH = YES;
				SDKROOT = iphoneos;
				SWIFT_COMPILATION_MODE = wholemodule;
				SWIFT_OPTIMIZATION_LEVEL = "-O";
				VALIDATE_PRODUCT = YES;
			};
			name = "Release (Production)";
		};
		1674C2F028C00FC500D92969 /* Debug (Production) */ = {
			isa = XCBuildConfiguration;
			baseConfigurationReference = 163715FD28C0355D00DF15D4 /* Production.xcconfig */;
			buildSettings = {
				ASSETCATALOG_COMPILER_APPICON_NAME = AppIcon;
				ASSETCATALOG_COMPILER_GLOBAL_ACCENT_COLOR_NAME = AccentColor;
				CODE_SIGN_STYLE = Automatic;
				CURRENT_PROJECT_VERSION = 1;
				DEVELOPMENT_ASSET_PATHS = "\"SchoolVerse/Preview Content\"";
				DEVELOPMENT_TEAM = WV5B78VHQ8;
				ENABLE_PREVIEWS = YES;
				GENERATE_INFOPLIST_FILE = NO;
				INFOPLIST_FILE = SchoolVerse/Configs/Info.plist;
				INFOPLIST_KEY_UIApplicationSceneManifest_Generation = YES;
				INFOPLIST_KEY_UIApplicationSupportsIndirectInputEvents = YES;
				INFOPLIST_KEY_UILaunchScreen_Generation = YES;
				INFOPLIST_KEY_UISupportedInterfaceOrientations_iPad = "UIInterfaceOrientationPortrait UIInterfaceOrientationPortraitUpsideDown UIInterfaceOrientationLandscapeLeft UIInterfaceOrientationLandscapeRight";
				INFOPLIST_KEY_UISupportedInterfaceOrientations_iPhone = "UIInterfaceOrientationPortrait UIInterfaceOrientationLandscapeLeft UIInterfaceOrientationLandscapeRight";
				IPHONEOS_DEPLOYMENT_TARGET = 16.0;
				LD_RUNPATH_SEARCH_PATHS = (
					"$(inherited)",
					"@executable_path/Frameworks",
				);
				MARKETING_VERSION = 1.0;
				PRODUCT_BUNDLE_IDENTIFIER = tech.versegroup.SchoolVerse;
				PRODUCT_NAME = "$(TARGET_NAME)";
				SWIFT_EMIT_LOC_STRINGS = YES;
				SWIFT_VERSION = 5.0;
				TARGETED_DEVICE_FAMILY = "1,2";
			};
			name = "Debug (Production)";
		};
		1674C2F128C00FC500D92969 /* Release (Production) */ = {
			isa = XCBuildConfiguration;
			baseConfigurationReference = 163715FD28C0355D00DF15D4 /* Production.xcconfig */;
			buildSettings = {
				ASSETCATALOG_COMPILER_APPICON_NAME = AppIcon;
				ASSETCATALOG_COMPILER_GLOBAL_ACCENT_COLOR_NAME = AccentColor;
				CODE_SIGN_STYLE = Automatic;
				CURRENT_PROJECT_VERSION = 1;
				DEVELOPMENT_ASSET_PATHS = "\"SchoolVerse/Preview Content\"";
				DEVELOPMENT_TEAM = WV5B78VHQ8;
				ENABLE_PREVIEWS = YES;
				GENERATE_INFOPLIST_FILE = NO;
				INFOPLIST_FILE = SchoolVerse/Configs/Info.plist;
				INFOPLIST_KEY_UIApplicationSceneManifest_Generation = YES;
				INFOPLIST_KEY_UIApplicationSupportsIndirectInputEvents = YES;
				INFOPLIST_KEY_UILaunchScreen_Generation = YES;
				INFOPLIST_KEY_UISupportedInterfaceOrientations_iPad = "UIInterfaceOrientationPortrait UIInterfaceOrientationPortraitUpsideDown UIInterfaceOrientationLandscapeLeft UIInterfaceOrientationLandscapeRight";
				INFOPLIST_KEY_UISupportedInterfaceOrientations_iPhone = "UIInterfaceOrientationPortrait UIInterfaceOrientationLandscapeLeft UIInterfaceOrientationLandscapeRight";
				IPHONEOS_DEPLOYMENT_TARGET = 16.0;
				LD_RUNPATH_SEARCH_PATHS = (
					"$(inherited)",
					"@executable_path/Frameworks",
				);
				MARKETING_VERSION = 1.0;
				PRODUCT_BUNDLE_IDENTIFIER = tech.versegroup.SchoolVerse;
				PRODUCT_NAME = "$(TARGET_NAME)";
				SWIFT_EMIT_LOC_STRINGS = YES;
				SWIFT_VERSION = 5.0;
				TARGETED_DEVICE_FAMILY = "1,2";
			};
			name = "Release (Production)";
		};
		1674C2F328C00FC500D92969 /* Debug (Production) */ = {
			isa = XCBuildConfiguration;
			baseConfigurationReference = 163715FD28C0355D00DF15D4 /* Production.xcconfig */;
			buildSettings = {
				ALWAYS_EMBED_SWIFT_STANDARD_LIBRARIES = YES;
				BUNDLE_LOADER = "$(TEST_HOST)";
				CODE_SIGN_STYLE = Automatic;
				CURRENT_PROJECT_VERSION = 1;
				DEVELOPMENT_TEAM = WV5B78VHQ8;
				GENERATE_INFOPLIST_FILE = YES;
				IPHONEOS_DEPLOYMENT_TARGET = 15.4;
				MARKETING_VERSION = 1.0;
				PRODUCT_BUNDLE_IDENTIFIER = tech.versegroup.SchoolVerseTests;
				PRODUCT_NAME = "$(TARGET_NAME)";
				SWIFT_EMIT_LOC_STRINGS = NO;
				SWIFT_VERSION = 5.0;
				TARGETED_DEVICE_FAMILY = "1,2";
				TEST_HOST = "$(BUILT_PRODUCTS_DIR)/SchoolVerse.app/SchoolVerse";
			};
			name = "Debug (Production)";
		};
		1674C2F428C00FC500D92969 /* Release (Production) */ = {
			isa = XCBuildConfiguration;
			baseConfigurationReference = 163715FD28C0355D00DF15D4 /* Production.xcconfig */;
			buildSettings = {
				ALWAYS_EMBED_SWIFT_STANDARD_LIBRARIES = YES;
				BUNDLE_LOADER = "$(TEST_HOST)";
				CODE_SIGN_STYLE = Automatic;
				CURRENT_PROJECT_VERSION = 1;
				DEVELOPMENT_TEAM = WV5B78VHQ8;
				GENERATE_INFOPLIST_FILE = YES;
				IPHONEOS_DEPLOYMENT_TARGET = 15.4;
				MARKETING_VERSION = 1.0;
				PRODUCT_BUNDLE_IDENTIFIER = tech.versegroup.SchoolVerseTests;
				PRODUCT_NAME = "$(TARGET_NAME)";
				SWIFT_EMIT_LOC_STRINGS = NO;
				SWIFT_VERSION = 5.0;
				TARGETED_DEVICE_FAMILY = "1,2";
				TEST_HOST = "$(BUILT_PRODUCTS_DIR)/SchoolVerse.app/SchoolVerse";
			};
			name = "Release (Production)";
		};
		1674C2F628C00FC500D92969 /* Debug (Production) */ = {
			isa = XCBuildConfiguration;
			baseConfigurationReference = 163715FD28C0355D00DF15D4 /* Production.xcconfig */;
			buildSettings = {
				ALWAYS_EMBED_SWIFT_STANDARD_LIBRARIES = YES;
				CODE_SIGN_STYLE = Automatic;
				CURRENT_PROJECT_VERSION = 1;
				DEVELOPMENT_TEAM = WV5B78VHQ8;
				GENERATE_INFOPLIST_FILE = YES;
				MARKETING_VERSION = 1.0;
				PRODUCT_BUNDLE_IDENTIFIER = tech.versegroup.SchoolVerseUITests;
				PRODUCT_NAME = "$(TARGET_NAME)";
				SWIFT_EMIT_LOC_STRINGS = NO;
				SWIFT_VERSION = 5.0;
				TARGETED_DEVICE_FAMILY = "1,2";
				TEST_TARGET_NAME = SchoolVerse;
			};
			name = "Debug (Production)";
		};
		1674C2F728C00FC500D92969 /* Release (Production) */ = {
			isa = XCBuildConfiguration;
			baseConfigurationReference = 163715FD28C0355D00DF15D4 /* Production.xcconfig */;
			buildSettings = {
				ALWAYS_EMBED_SWIFT_STANDARD_LIBRARIES = YES;
				CODE_SIGN_STYLE = Automatic;
				CURRENT_PROJECT_VERSION = 1;
				DEVELOPMENT_TEAM = WV5B78VHQ8;
				GENERATE_INFOPLIST_FILE = YES;
				MARKETING_VERSION = 1.0;
				PRODUCT_BUNDLE_IDENTIFIER = tech.versegroup.SchoolVerseUITests;
				PRODUCT_NAME = "$(TARGET_NAME)";
				SWIFT_EMIT_LOC_STRINGS = NO;
				SWIFT_VERSION = 5.0;
				TARGETED_DEVICE_FAMILY = "1,2";
				TEST_TARGET_NAME = SchoolVerse;
			};
			name = "Release (Production)";
		};
/* End XCBuildConfiguration section */

/* Begin XCConfigurationList section */
		1674C2C628C00FC400D92969 /* Build configuration list for PBXProject "SchoolVerse" */ = {
			isa = XCConfigurationList;
			buildConfigurations = (
				1674C2ED28C00FC500D92969 /* Debug (Production) */,
				163715F128C0328300DF15D4 /* Debug (Development) */,
				1674C2EE28C00FC500D92969 /* Release (Production) */,
				163715F528C0328C00DF15D4 /* Release (Development) */,
			);
			defaultConfigurationIsVisible = 0;
			defaultConfigurationName = "Release (Production)";
		};
		1674C2EF28C00FC500D92969 /* Build configuration list for PBXNativeTarget "SchoolVerse" */ = {
			isa = XCConfigurationList;
			buildConfigurations = (
				1674C2F028C00FC500D92969 /* Debug (Production) */,
				163715F228C0328300DF15D4 /* Debug (Development) */,
				1674C2F128C00FC500D92969 /* Release (Production) */,
				163715F628C0328C00DF15D4 /* Release (Development) */,
			);
			defaultConfigurationIsVisible = 0;
			defaultConfigurationName = "Release (Production)";
		};
		1674C2F228C00FC500D92969 /* Build configuration list for PBXNativeTarget "SchoolVerseTests" */ = {
			isa = XCConfigurationList;
			buildConfigurations = (
				1674C2F328C00FC500D92969 /* Debug (Production) */,
				163715F328C0328300DF15D4 /* Debug (Development) */,
				1674C2F428C00FC500D92969 /* Release (Production) */,
				163715F728C0328C00DF15D4 /* Release (Development) */,
			);
			defaultConfigurationIsVisible = 0;
			defaultConfigurationName = "Release (Production)";
		};
		1674C2F528C00FC500D92969 /* Build configuration list for PBXNativeTarget "SchoolVerseUITests" */ = {
			isa = XCConfigurationList;
			buildConfigurations = (
				1674C2F628C00FC500D92969 /* Debug (Production) */,
				163715F428C0328300DF15D4 /* Debug (Development) */,
				1674C2F728C00FC500D92969 /* Release (Production) */,
				163715F828C0328C00DF15D4 /* Release (Development) */,
			);
			defaultConfigurationIsVisible = 0;
			defaultConfigurationName = "Release (Production)";
		};
/* End XCConfigurationList section */

/* Begin XCRemoteSwiftPackageReference section */
		1618018A28D90926006B5291 /* XCRemoteSwiftPackageReference "Popovers" */ = {
			isa = XCRemoteSwiftPackageReference;
			repositoryURL = "https://github.com/aheze/Popovers";
			requirement = {
				kind = upToNextMinorVersion;
				minimumVersion = 1.3.2;
			};
		};
		1637160528C0405C00DF15D4 /* XCRemoteSwiftPackageReference "firebase-ios-sdk" */ = {
			isa = XCRemoteSwiftPackageReference;
			repositoryURL = "https://github.com/firebase/firebase-ios-sdk";
			requirement = {
				kind = upToNextMajorVersion;
				minimumVersion = 9.5.0;
			};
		};
		1637161D28C0514B00DF15D4 /* XCRemoteSwiftPackageReference "Resolver" */ = {
			isa = XCRemoteSwiftPackageReference;
			repositoryURL = "https://github.com/hmlongco/Resolver";
			requirement = {
				kind = upToNextMajorVersion;
				minimumVersion = 1.5.0;
			};
		};
/* End XCRemoteSwiftPackageReference section */

/* Begin XCSwiftPackageProductDependency section */
		1618018B28D90926006B5291 /* Popovers */ = {
			isa = XCSwiftPackageProductDependency;
			package = 1618018A28D90926006B5291 /* XCRemoteSwiftPackageReference "Popovers" */;
			productName = Popovers;
		};
		1637160628C0405C00DF15D4 /* FirebaseAuth */ = {
			isa = XCSwiftPackageProductDependency;
			package = 1637160528C0405C00DF15D4 /* XCRemoteSwiftPackageReference "firebase-ios-sdk" */;
			productName = FirebaseAuth;
		};
		1637160828C0405C00DF15D4 /* FirebaseAuthCombine-Community */ = {
			isa = XCSwiftPackageProductDependency;
			package = 1637160528C0405C00DF15D4 /* XCRemoteSwiftPackageReference "firebase-ios-sdk" */;
			productName = "FirebaseAuthCombine-Community";
		};
		1637160A28C0405C00DF15D4 /* FirebaseFirestore */ = {
			isa = XCSwiftPackageProductDependency;
			package = 1637160528C0405C00DF15D4 /* XCRemoteSwiftPackageReference "firebase-ios-sdk" */;
			productName = FirebaseFirestore;
		};
		1637160C28C0405C00DF15D4 /* FirebaseFirestoreCombine-Community */ = {
			isa = XCSwiftPackageProductDependency;
			package = 1637160528C0405C00DF15D4 /* XCRemoteSwiftPackageReference "firebase-ios-sdk" */;
			productName = "FirebaseFirestoreCombine-Community";
		};
		1637160E28C0405C00DF15D4 /* FirebaseFirestoreSwift */ = {
			isa = XCSwiftPackageProductDependency;
			package = 1637160528C0405C00DF15D4 /* XCRemoteSwiftPackageReference "firebase-ios-sdk" */;
			productName = FirebaseFirestoreSwift;
		};
		1637161028C0405C00DF15D4 /* FirebaseFunctions */ = {
			isa = XCSwiftPackageProductDependency;
			package = 1637160528C0405C00DF15D4 /* XCRemoteSwiftPackageReference "firebase-ios-sdk" */;
			productName = FirebaseFunctions;
		};
		1637161228C0405C00DF15D4 /* FirebaseFunctionsCombine-Community */ = {
			isa = XCSwiftPackageProductDependency;
			package = 1637160528C0405C00DF15D4 /* XCRemoteSwiftPackageReference "firebase-ios-sdk" */;
			productName = "FirebaseFunctionsCombine-Community";
		};
		1637161E28C0514B00DF15D4 /* Resolver */ = {
			isa = XCSwiftPackageProductDependency;
			package = 1637161D28C0514B00DF15D4 /* XCRemoteSwiftPackageReference "Resolver" */;
			productName = Resolver;
		};
/* End XCSwiftPackageProductDependency section */
	};
	rootObject = 1674C2C328C00FC400D92969 /* Project object */;
}
